{"version":4,"terraform_version":"1.11.5","serial":13,"lineage":"a47b7ac2-ec32-a5c5-08a1-dbf537b9ba0f","outputs":{},"resources":[{"mode":"data","type":"archive_file","name":"lambda_package","provider":"provider[\"registry.opentofu.org/hashicorp/archive\"]","instances":[{"schema_version":0,"attributes":{"exclude_symlink_directories":null,"excludes":null,"id":"732322a5748e8c58adc28aacf8fc39107aaf42d7","output_base64sha256":"Swis0pW7ZD8KOy06jg1RDFYKolUzOPtHyOLvuiZm9FE=","output_base64sha512":"4ZQXsO8p6McAbBa9LCKFhUGuuaxjUsa4JcyH3ruhDi5CkZ4ZOUpVn8C5tOyfThMmCiR5dvLQMCMxAdUkkZ7y6g==","output_file_mode":null,"output_md5":"a98942c85aaea75c604bd563140394c6","output_path":"./builds/main.zip","output_sha":"732322a5748e8c58adc28aacf8fc39107aaf42d7","output_sha256":"4b08acd295bb643f0a3b2d3a8e0d510c560aa2553338fb47c8e2efba2666f451","output_sha512":"e19417b0ef29e8c7006c16bd2c22858541aeb9ac6352c6b825cc87debba10e2e42919e19394a559fc0b9b4ec9f4e13260a247976f2d030233101d524919ef2ea","output_size":571,"source":[],"source_content":null,"source_content_filename":null,"source_dir":null,"source_file":"./test-package/main.py","type":"zip"},"sensitive_attributes":[]}]},{"mode":"managed","type":"aws_s3_bucket","name":"data","provider":"provider[\"registry.opentofu.org/hashicorp/aws\"]","instances":[{"schema_version":0,"attributes":{"acceleration_status":"","acl":null,"arn":"arn:aws:s3:::ts-test-lambda-data","bucket":"ts-test-lambda-data","bucket_domain_name":"ts-test-lambda-data.s3.amazonaws.com","bucket_namespace":"global","bucket_prefix":"","bucket_region":"us-east-1","bucket_regional_domain_name":"ts-test-lambda-data.s3.us-east-1.amazonaws.com","cors_rule":[],"force_destroy":false,"grant":[{"id":"ac6a8f53167518da914d2d596ad22d566934f7c710c1a34fd5f8b7785f251a1f","permissions":["FULL_CONTROL"],"type":"CanonicalUser","uri":""}],"hosted_zone_id":"Z3AQBSTGFYJSTF","id":"ts-test-lambda-data","lifecycle_rule":[],"logging":[],"object_lock_configuration":[],"object_lock_enabled":false,"policy":"","region":"us-east-1","replication_configuration":[],"request_payer":"BucketOwner","server_side_encryption_configuration":[{"rule":[{"apply_server_side_encryption_by_default":[{"kms_master_key_id":"","sse_algorithm":"AES256"}],"bucket_key_enabled":false}]}],"tags":{},"tags_all":{},"timeouts":null,"versioning":[{"enabled":false,"mfa_delete":false}],"website":[],"website_domain":null,"website_endpoint":null},"sensitive_attributes":[],"private":"eyJlMmJmYjczMC1lY2FhLTExZTYtOGY4OC0zNDM2M2JjN2M0YzAiOnsiY3JlYXRlIjoxMjAwMDAwMDAwMDAwLCJkZWxldGUiOjM2MDAwMDAwMDAwMDAsInJlYWQiOjEyMDAwMDAwMDAwMDAsInVwZGF0ZSI6MTIwMDAwMDAwMDAwMH19","create_before_destroy":true}]},{"mode":"managed","type":"aws_s3_bucket","name":"lambda_artifacts","provider":"provider[\"registry.opentofu.org/hashicorp/aws\"]","instances":[{"schema_version":0,"attributes":{"acceleration_status":"","acl":null,"arn":"arn:aws:s3:::ts-test-lambda-artifacts","bucket":"ts-test-lambda-artifacts","bucket_domain_name":"ts-test-lambda-artifacts.s3.amazonaws.com","bucket_namespace":"global","bucket_prefix":"","bucket_region":"us-east-1","bucket_regional_domain_name":"ts-test-lambda-artifacts.s3.us-east-1.amazonaws.com","cors_rule":[],"force_destroy":false,"grant":[{"id":"ac6a8f53167518da914d2d596ad22d566934f7c710c1a34fd5f8b7785f251a1f","permissions":["FULL_CONTROL"],"type":"CanonicalUser","uri":""}],"hosted_zone_id":"Z3AQBSTGFYJSTF","id":"ts-test-lambda-artifacts","lifecycle_rule":[],"logging":[],"object_lock_configuration":[],"object_lock_enabled":false,"policy":"","region":"us-east-1","replication_configuration":[],"request_payer":"BucketOwner","server_side_encryption_configuration":[{"rule":[{"apply_server_side_encryption_by_default":[{"kms_master_key_id":"","sse_algorithm":"AES256"}],"bucket_key_enabled":false}]}],"tags":{"visual":"ignore"},"tags_all":{"visual":"ignore"},"timeouts":null,"versioning":[{"enabled":false,"mfa_delete":false}],"website":[],"website_domain":null,"website_endpoint":null},"sensitive_attributes":[],"private":"eyJlMmJmYjczMC1lY2FhLTExZTYtOGY4OC0zNDM2M2JjN2M0YzAiOnsiY3JlYXRlIjoxMjAwMDAwMDAwMDAwLCJkZWxldGUiOjM2MDAwMDAwMDAwMDAsInJlYWQiOjEyMDAwMDAwMDAwMDAsInVwZGF0ZSI6MTIwMDAwMDAwMDAwMH19","create_before_destroy":true}]},{"mode":"managed","type":"aws_s3_object","name":"lambda_zip","provider":"provider[\"registry.opentofu.org/hashicorp/aws\"]","instances":[{"schema_version":0,"attributes":{"acl":null,"arn":"arn:aws:s3:::ts-test-lambda-artifacts/main.zip","bucket":"ts-test-lambda-artifacts","bucket_key_enabled":false,"cache_control":"","checksum_algorithm":null,"checksum_crc32":"","checksum_crc32c":"","checksum_crc64nvme":"","checksum_sha1":"","checksum_sha256":"","content":null,"content_base64":null,"content_disposition":"","content_encoding":"","content_language":"","content_type":"application/octet-stream","etag":"a98942c85aaea75c604bd563140394c6","force_destroy":false,"id":"ts-test-lambda-artifacts/main.zip","key":"main.zip","kms_key_id":null,"metadata":null,"object_lock_legal_hold_status":"","object_lock_mode":"","object_lock_retain_until_date":"","override_provider":[],"region":"us-east-1","server_side_encryption":"AES256","source":"./builds/main.zip","source_hash":null,"storage_class":"STANDARD","tags":{"visual":"ignore"},"tags_all":{"visual":"ignore"},"version_id":"","website_redirect":""},"sensitive_attributes":[],"private":"bnVsbA==","dependencies":["aws_s3_bucket.lambda_artifacts","data.archive_file.lambda_package"],"create_before_destroy":true}]},{"mode":"managed","type":"aws_sqs_queue","name":"data","provider":"provider[\"registry.opentofu.org/hashicorp/aws\"]","instances":[{"schema_version":0,"attributes":{"arn":"arn:aws:sqs:us-east-1:992382747916:ts-test-lambda-queue","content_based_deduplication":false,"deduplication_scope":"","delay_seconds":0,"fifo_queue":false,"fifo_throughput_limit":"","id":"https://sqs.us-east-1.amazonaws.com/992382747916/ts-test-lambda-queue","kms_data_key_reuse_period_seconds":300,"kms_master_key_id":"","max_message_size":262144,"message_retention_seconds":345600,"name":"ts-test-lambda-queue","name_prefix":"","policy":"","receive_wait_time_seconds":0,"redrive_allow_policy":"","redrive_policy":"","region":"us-east-1","sqs_managed_sse_enabled":true,"tags":{},"tags_all":{},"timeouts":null,"url":"https://sqs.us-east-1.amazonaws.com/992382747916/ts-test-lambda-queue","visibility_timeout_seconds":30},"sensitive_attributes":[],"private":"eyJlMmJmYjczMC1lY2FhLTExZTYtOGY4OC0zNDM2M2JjN2M0YzAiOnsiY3JlYXRlIjoxODAwMDAwMDAwMDAsImRlbGV0ZSI6MTgwMDAwMDAwMDAwLCJ1cGRhdGUiOjE4MDAwMDAwMDAwMH19","create_before_destroy":true}]},{"module":"module.lambda-writer","mode":"data","type":"aws_caller_identity","name":"current","provider":"provider[\"registry.opentofu.org/hashicorp/aws\"]","instances":[{"schema_version":0,"attributes":{"account_id":"992382747916","arn":"arn:aws:iam::992382747916:user/admin","id":"992382747916","user_id":"AIDA6ODU7AUGKEV3B6AL4"},"sensitive_attributes":[]}]},{"module":"module.lambda-writer","mode":"data","type":"aws_iam_policy_document","name":"additional_inline","provider":"provider[\"registry.opentofu.org/hashicorp/aws\"]","instances":[{"index_key":0,"schema_version":0,"attributes":{"id":"1919108742","json":"{\n  \"Version\": \"2012-10-17\",\n  \"Statement\": [\n    {\n      \"Sid\": \"s3write\",\n      \"Effect\": \"Allow\",\n      \"Action\": \"s3:PutObject\",\n      \"Resource\": \"arn:aws:s3:::ts-test-lambda-data/*\"\n    },\n    {\n      \"Sid\": \"sqssend\",\n      \"Effect\": \"Allow\",\n      \"Action\": \"sqs:SendMessage\",\n      \"Resource\": \"arn:aws:sqs:us-east-1:992382747916:ts-test-lambda-queue\"\n    }\n  ]\n}","minified_json":"{\"Version\":\"2012-10-17\",\"Statement\":[{\"Sid\":\"s3write\",\"Effect\":\"Allow\",\"Action\":\"s3:PutObject\",\"Resource\":\"arn:aws:s3:::ts-test-lambda-data/*\"},{\"Sid\":\"sqssend\",\"Effect\":\"Allow\",\"Action\":\"sqs:SendMessage\",\"Resource\":\"arn:aws:sqs:us-east-1:992382747916:ts-test-lambda-queue\"}]}","override_json":null,"override_policy_documents":null,"policy_id":null,"source_json":null,"source_policy_documents":null,"statement":[{"actions":["s3:PutObject"],"condition":[],"effect":"Allow","not_actions":[],"not_principals":[],"not_resources":[],"principals":[],"resources":["arn:aws:s3:::ts-test-lambda-data/*"],"sid":"s3write"},{"actions":["sqs:SendMessage"],"condition":[],"effect":"Allow","not_actions":[],"not_principals":[],"not_resources":[],"principals":[],"resources":["arn:aws:sqs:us-east-1:992382747916:ts-test-lambda-queue"],"sid":"sqssend"}],"version":"2012-10-17"},"sensitive_attributes":[]}]},{"module":"module.lambda-writer","mode":"data","type":"aws_iam_policy_document","name":"assume_role","provider":"provider[\"registry.opentofu.org/hashicorp/aws\"]","instances":[{"index_key":0,"schema_version":0,"attributes":{"id":"2690255455","json":"{\n  \"Version\": \"2012-10-17\",\n  \"Statement\": [\n    {\n      \"Effect\": \"Allow\",\n      \"Action\": \"sts:AssumeRole\",\n      \"Principal\": {\n        \"Service\": \"lambda.amazonaws.com\"\n      }\n    }\n  ]\n}","minified_json":"{\"Version\":\"2012-10-17\",\"Statement\":[{\"Effect\":\"Allow\",\"Action\":\"sts:AssumeRole\",\"Principal\":{\"Service\":\"lambda.amazonaws.com\"}}]}","override_json":null,"override_policy_documents":null,"policy_id":null,"source_json":null,"source_policy_documents":null,"statement":[{"actions":["sts:AssumeRole"],"condition":[],"effect":"Allow","not_actions":[],"not_principals":[],"not_resources":[],"principals":[{"identifiers":["lambda.amazonaws.com"],"type":"Service"}],"resources":[],"sid":""}],"version":"2012-10-17"},"sensitive_attributes":[]}]},{"module":"module.lambda-writer","mode":"data","type":"aws_iam_policy_document","name":"logs","provider":"provider[\"registry.opentofu.org/hashicorp/aws\"]","instances":[{"index_key":0,"schema_version":0,"attributes":{"id":"3824637931","json":"{\n  \"Version\": \"2012-10-17\",\n  \"Statement\": [\n    {\n      \"Effect\": \"Allow\",\n      \"Action\": [\n        \"logs:PutLogEvents\",\n        \"logs:CreateLogStream\",\n        \"logs:CreateLogGroup\"\n      ],\n      \"Resource\": [\n        \"arn:aws:logs:us-east-1:992382747916:log-group:/aws/lambda/test-writer:*:*\",\n        \"arn:aws:logs:us-east-1:992382747916:log-group:/aws/lambda/test-writer:*\"\n      ]\n    }\n  ]\n}","minified_json":"{\"Version\":\"2012-10-17\",\"Statement\":[{\"Effect\":\"Allow\",\"Action\":[\"logs:PutLogEvents\",\"logs:CreateLogStream\",\"logs:CreateLogGroup\"],\"Resource\":[\"arn:aws:logs:us-east-1:992382747916:log-group:/aws/lambda/test-writer:*:*\",\"arn:aws:logs:us-east-1:992382747916:log-group:/aws/lambda/test-writer:*\"]}]}","override_json":null,"override_policy_documents":null,"policy_id":null,"source_json":null,"source_policy_documents":null,"statement":[{"actions":["logs:CreateLogGroup","logs:CreateLogStream","logs:PutLogEvents"],"condition":[],"effect":"Allow","not_actions":[],"not_principals":[],"not_resources":[],"principals":[],"resources":["arn:aws:logs:us-east-1:992382747916:log-group:/aws/lambda/test-writer:*","arn:aws:logs:us-east-1:992382747916:log-group:/aws/lambda/test-writer:*:*"],"sid":""}],"version":"2012-10-17"},"sensitive_attributes":[]}]},{"module":"module.lambda-writer","mode":"data","type":"aws_partition","name":"current","provider":"provider[\"registry.opentofu.org/hashicorp/aws\"]","instances":[{"schema_version":0,"attributes":{"dns_suffix":"amazonaws.com","id":"aws","partition":"aws","reverse_dns_prefix":"com.amazonaws"},"sensitive_attributes":[]}]},{"module":"module.lambda-writer","mode":"data","type":"aws_region","name":"current","provider":"provider[\"registry.opentofu.org/hashicorp/aws\"]","instances":[{"schema_version":0,"attributes":{"description":"US East (N. Virginia)","endpoint":"ec2.us-east-1.amazonaws.com","id":"us-east-1","name":"us-east-1","region":"us-east-1"},"sensitive_attributes":[]}]},{"module":"module.lambda-writer","mode":"managed","type":"aws_cloudwatch_log_group","name":"lambda","provider":"provider[\"registry.opentofu.org/hashicorp/aws\"]","instances":[{"index_key":0,"schema_version":0,"attributes":{"arn":"arn:aws:logs:us-east-1:992382747916:log-group:/aws/lambda/test-writer","deletion_protection_enabled":false,"id":"/aws/lambda/test-writer","kms_key_id":"","log_group_class":"STANDARD","name":"/aws/lambda/test-writer","name_prefix":"","region":"us-east-1","retention_in_days":0,"skip_destroy":false,"tags":{},"tags_all":{}},"sensitive_attributes":[],"private":"bnVsbA==","create_before_destroy":true}]},{"module":"module.lambda-writer","mode":"managed","type":"aws_iam_role","name":"lambda","provider":"provider[\"registry.opentofu.org/hashicorp/aws\"]","instances":[{"index_key":0,"schema_version":0,"attributes":{"arn":"arn:aws:iam::992382747916:role/test-writer","assume_role_policy":"{\"Statement\":[{\"Action\":\"sts:AssumeRole\",\"Effect\":\"Allow\",\"Principal\":{\"Service\":\"lambda.amazonaws.com\"}}],\"Version\":\"2012-10-17\"}","create_date":"2026-04-22T14:48:30Z","description":"","force_detach_policies":true,"id":"test-writer","inline_policy":[{"name":"test-writer-inline","policy":"{\"Version\":\"2012-10-17\",\"Statement\":[{\"Action\":\"s3:PutObject\",\"Effect\":\"Allow\",\"Resource\":\"arn:aws:s3:::ts-test-lambda-data/*\",\"Sid\":\"s3write\"},{\"Action\":\"sqs:SendMessage\",\"Effect\":\"Allow\",\"Resource\":\"arn:aws:sqs:us-east-1:992382747916:ts-test-lambda-queue\",\"Sid\":\"sqssend\"}]}"},{"name":"test-writer-logs","policy":"{\"Version\":\"2012-10-17\",\"Statement\":[{\"Action\":[\"logs:PutLogEvents\",\"logs:CreateLogStream\",\"logs:CreateLogGroup\"],\"Effect\":\"Allow\",\"Resource\":[\"arn:aws:logs:us-east-1:992382747916:log-group:/aws/lambda/test-writer:*:*\",\"arn:aws:logs:us-east-1:992382747916:log-group:/aws/lambda/test-writer:*\"]}]}"}],"managed_policy_arns":[],"max_session_duration":3600,"name":"test-writer","name_prefix":"","path":"/","permissions_boundary":"","tags":{},"tags_all":{},"unique_id":"AROA6ODU7AUGBEGIKVY5T"},"sensitive_attributes":[],"private":"bnVsbA==","dependencies":["module.lambda-writer.data.aws_iam_policy_document.assume_role"],"create_before_destroy":true}]},{"module":"module.lambda-writer","mode":"managed","type":"aws_iam_role_policy","name":"additional_inline","provider":"provider[\"registry.opentofu.org/hashicorp/aws\"]","instances":[{"index_key":0,"schema_version":0,"attributes":{"id":"test-writer:test-writer-inline","name":"test-writer-inline","name_prefix":"","policy":"{\"Version\":\"2012-10-17\",\"Statement\":[{\"Action\":\"s3:PutObject\",\"Effect\":\"Allow\",\"Resource\":\"arn:aws:s3:::ts-test-lambda-data/*\",\"Sid\":\"s3write\"},{\"Action\":\"sqs:SendMessage\",\"Effect\":\"Allow\",\"Resource\":\"arn:aws:sqs:us-east-1:992382747916:ts-test-lambda-queue\",\"Sid\":\"sqssend\"}]}","role":"test-writer"},"sensitive_attributes":[],"private":"bnVsbA==","dependencies":["aws_s3_bucket.data","aws_sqs_queue.data","module.lambda-writer.aws_iam_role.lambda","module.lambda-writer.data.aws_iam_policy_document.additional_inline","module.lambda-writer.data.aws_iam_policy_document.assume_role"],"create_before_destroy":true}]},{"module":"module.lambda-writer","mode":"managed","type":"aws_iam_role_policy","name":"logs","provider":"provider[\"registry.opentofu.org/hashicorp/aws\"]","instances":[{"index_key":0,"schema_version":0,"attributes":{"id":"test-writer:test-writer-logs","name":"test-writer-logs","name_prefix":"","policy":"{\"Version\":\"2012-10-17\",\"Statement\":[{\"Action\":[\"logs:PutLogEvents\",\"logs:CreateLogStream\",\"logs:CreateLogGroup\"],\"Effect\":\"Allow\",\"Resource\":[\"arn:aws:logs:us-east-1:992382747916:log-group:/aws/lambda/test-writer:*:*\",\"arn:aws:logs:us-east-1:992382747916:log-group:/aws/lambda/test-writer:*\"]}]}","role":"test-writer"},"sensitive_attributes":[],"private":"bnVsbA==","dependencies":["module.lambda-writer.aws_cloudwatch_log_group.lambda","module.lambda-writer.aws_iam_role.lambda","module.lambda-writer.data.aws_arn.log_group_arn","module.lambda-writer.data.aws_cloudwatch_log_group.lambda","module.lambda-writer.data.aws_iam_policy_document.assume_role","module.lambda-writer.data.aws_iam_policy_document.logs"],"create_before_destroy":true}]},{"module":"module.lambda-writer","mode":"managed","type":"aws_lambda_function","name":"this","provider":"provider[\"registry.opentofu.org/hashicorp/aws\"]","instances":[{"index_key":0,"schema_version":0,"attributes":{"architectures":["x86_64"],"arn":"arn:aws:lambda:us-east-1:992382747916:function:test-writer","capacity_provider_config":[],"code_sha256":"Swis0pW7ZD8KOy06jg1RDFYKolUzOPtHyOLvuiZm9FE=","code_signing_config_arn":"","dead_letter_config":[],"description":"","durable_config":[],"environment":[{"variables":{"DATA_BUCKET":"ts-test-lambda-data","DATA_QUEUE_URL":"https://sqs.us-east-1.amazonaws.com/992382747916/ts-test-lambda-queue"}}],"ephemeral_storage":[{"size":512}],"file_system_config":[],"filename":null,"function_name":"test-writer","handler":"main.writer_handler","id":"test-writer","image_config":[],"image_uri":"","invoke_arn":"arn:aws:apigateway:us-east-1:lambda:path/2015-03-31/functions/arn:aws:lambda:us-east-1:992382747916:function:test-writer/invocations","kms_key_arn":"","last_modified":"2026-04-23T13:37:08.000+0000","layers":[],"logging_config":[{"application_log_level":"","log_format":"Text","log_group":"/aws/lambda/test-writer","system_log_level":""}],"memory_size":128,"package_type":"Zip","publish":false,"publish_to":null,"qualified_arn":"arn:aws:lambda:us-east-1:992382747916:function:test-writer:$LATEST","qualified_invoke_arn":"arn:aws:apigateway:us-east-1:lambda:path/2015-03-31/functions/arn:aws:lambda:us-east-1:992382747916:function:test-writer:$LATEST/invocations","region":"us-east-1","replace_security_groups_on_destroy":null,"replacement_security_group_ids":null,"reserved_concurrent_executions":-1,"response_streaming_invoke_arn":"arn:aws:apigateway:us-east-1:lambda:path/2021-11-15/functions/arn:aws:lambda:us-east-1:992382747916:function:test-writer/response-streaming-invocations","role":"arn:aws:iam::992382747916:role/test-writer","runtime":"python3.12","s3_bucket":"ts-test-lambda-artifacts","s3_key":"main.zip","s3_object_version":null,"signing_job_arn":"","signing_profile_version_arn":"","skip_destroy":false,"snap_start":[],"source_code_hash":"","source_code_size":571,"source_kms_key_arn":"","tags":{},"tags_all":{},"tenancy_config":[],"timeout":3,"timeouts":null,"tracing_config":[{"mode":"PassThrough"}],"version":"$LATEST","vpc_config":[]},"sensitive_attributes":[],"private":"eyJlMmJmYjczMC1lY2FhLTExZTYtOGY4OC0zNDM2M2JjN2M0YzAiOnsiY3JlYXRlIjo2MDAwMDAwMDAwMDAsImRlbGV0ZSI6NjAwMDAwMDAwMDAwLCJ1cGRhdGUiOjYwMDAwMDAwMDAwMH19","dependencies":["aws_s3_bucket.data","aws_s3_bucket.lambda_artifacts","aws_s3_object.lambda_zip","aws_sqs_queue.data","data.archive_file.lambda_package","module.lambda-writer.aws_cloudwatch_log_group.lambda","module.lambda-writer.aws_iam_role.lambda","module.lambda-writer.aws_iam_role_policy.additional_inline","module.lambda-writer.aws_iam_role_policy.additional_json","module.lambda-writer.aws_iam_role_policy.additional_jsons","module.lambda-writer.aws_iam_role_policy.async","module.lambda-writer.aws_iam_role_policy.dead_letter","module.lambda-writer.aws_iam_role_policy.logs","module.lambda-writer.aws_iam_role_policy.tracing","module.lambda-writer.aws_iam_role_policy.vpc","module.lambda-writer.aws_iam_role_policy_attachment.additional_many","module.lambda-writer.aws_iam_role_policy_attachment.additional_one","module.lambda-writer.aws_s3_object.lambda_package","module.lambda-writer.data.aws_arn.log_group_arn","module.lambda-writer.data.aws_cloudwatch_log_group.lambda","module.lambda-writer.data.aws_iam_policy.tracing","module.lambda-writer.data.aws_iam_policy.vpc","module.lambda-writer.data.aws_iam_policy_document.additional_inline","module.lambda-writer.data.aws_iam_policy_document.assume_role","module.lambda-writer.data.aws_iam_policy_document.async","module.lambda-writer.data.aws_iam_policy_document.dead_letter","module.lambda-writer.data.aws_iam_policy_document.logs","module.lambda-writer.data.aws_partition.current","module.lambda-writer.data.external.archive_prepare","module.lambda-writer.local_file.archive_plan","module.lambda-writer.null_resource.archive","module.lambda-writer.terraform_data.package_filename_for_hash"]}]},{"module":"module.lambda-writer","mode":"managed","type":"terraform_data","name":"package_filename_for_hash","provider":"provider[\"terraform.io/builtin/terraform\"]","instances":[{"index_key":0,"schema_version":0,"attributes":{"id":"a43c4b97-6afc-0a02-4efd-c6b9d79b4392","input":{"value":{"filename":null},"type":["object",{"filename":"string"}]},"output":{"value":{"filename":null},"type":["object",{"filename":"string"}]},"triggers_replace":{"value":[null],"type":["tuple",["string"]]}},"sensitive_attributes":[],"dependencies":["module.lambda-writer.data.external.archive_prepare","module.lambda-writer.local_file.archive_plan","module.lambda-writer.null_resource.archive"],"create_before_destroy":true}]}],"check_results":null}
