{"version":4,"terraform_version":"1.11.5","serial":26,"lineage":"a47b7ac2-ec32-a5c5-08a1-dbf537b9ba0f","outputs":{},"resources":[{"mode":"data","type":"archive_file","name":"lambda_package","provider":"provider[\"registry.opentofu.org/hashicorp/archive\"]","instances":[{"schema_version":0,"attributes":{"exclude_symlink_directories":null,"excludes":null,"id":"732322a5748e8c58adc28aacf8fc39107aaf42d7","output_base64sha256":"Swis0pW7ZD8KOy06jg1RDFYKolUzOPtHyOLvuiZm9FE=","output_base64sha512":"4ZQXsO8p6McAbBa9LCKFhUGuuaxjUsa4JcyH3ruhDi5CkZ4ZOUpVn8C5tOyfThMmCiR5dvLQMCMxAdUkkZ7y6g==","output_file_mode":null,"output_md5":"a98942c85aaea75c604bd563140394c6","output_path":"./builds/main.zip","output_sha":"732322a5748e8c58adc28aacf8fc39107aaf42d7","output_sha256":"4b08acd295bb643f0a3b2d3a8e0d510c560aa2553338fb47c8e2efba2666f451","output_sha512":"e19417b0ef29e8c7006c16bd2c22858541aeb9ac6352c6b825cc87debba10e2e42919e19394a559fc0b9b4ec9f4e13260a247976f2d030233101d524919ef2ea","output_size":571,"source":[],"source_content":null,"source_content_filename":null,"source_dir":null,"source_file":"./test-package/main.py","type":"zip"},"sensitive_attributes":[]}]},{"mode":"data","type":"aws_availability_zones","name":"available","provider":"provider[\"registry.opentofu.org/hashicorp/aws\"]","instances":[{"schema_version":0,"attributes":{"all_availability_zones":null,"exclude_names":null,"exclude_zone_ids":null,"filter":null,"group_names":["us-east-1-zg-1"],"id":"us-east-1","names":["us-east-1a","us-east-1b","us-east-1c","us-east-1d","us-east-1e","us-east-1f"],"region":"us-east-1","state":"available","timeouts":null,"zone_ids":["use1-az4","use1-az6","use1-az1","use1-az2","use1-az3","use1-az5"]},"sensitive_attributes":[]}]},{"mode":"managed","type":"aws_route_table","name":"lambda_private","provider":"provider[\"registry.opentofu.org/hashicorp/aws\"]","instances":[{"schema_version":0,"attributes":{"arn":"arn:aws:ec2:us-east-1:992382747916:route-table/rtb-098e553c1f50d9f15","id":"rtb-098e553c1f50d9f15","owner_id":"992382747916","propagating_vgws":[],"region":"us-east-1","route":[],"tags":null,"tags_all":{},"timeouts":null,"vpc_id":"vpc-0355037a7ea56b3dd"},"sensitive_attributes":[],"private":"eyJlMmJmYjczMC1lY2FhLTExZTYtOGY4OC0zNDM2M2JjN2M0YzAiOnsiY3JlYXRlIjozMDAwMDAwMDAwMDAsImRlbGV0ZSI6MzAwMDAwMDAwMDAwLCJ1cGRhdGUiOjEyMDAwMDAwMDAwMH19","dependencies":["aws_vpc.lambda"]}]},{"mode":"managed","type":"aws_route_table_association","name":"lambda_private","provider":"provider[\"registry.opentofu.org/hashicorp/aws\"]","instances":[{"index_key":"0","schema_version":0,"attributes":{"gateway_id":"","id":"rtbassoc-053bc9501e0fdf56e","region":"us-east-1","route_table_id":"rtb-098e553c1f50d9f15","subnet_id":"subnet-099979681d5892453","timeouts":null},"sensitive_attributes":[],"private":"eyJlMmJmYjczMC1lY2FhLTExZTYtOGY4OC0zNDM2M2JjN2M0YzAiOnsiY3JlYXRlIjozMDAwMDAwMDAwMDAsImRlbGV0ZSI6MzAwMDAwMDAwMDAwLCJ1cGRhdGUiOjEyMDAwMDAwMDAwMH19","dependencies":["aws_route_table.lambda_private","aws_subnet.lambda_private","aws_vpc.lambda","data.aws_availability_zones.available"]},{"index_key":"1","schema_version":0,"attributes":{"gateway_id":"","id":"rtbassoc-06240150c88190ade","region":"us-east-1","route_table_id":"rtb-098e553c1f50d9f15","subnet_id":"subnet-0fb88e5c885ac1e66","timeouts":null},"sensitive_attributes":[],"private":"eyJlMmJmYjczMC1lY2FhLTExZTYtOGY4OC0zNDM2M2JjN2M0YzAiOnsiY3JlYXRlIjozMDAwMDAwMDAwMDAsImRlbGV0ZSI6MzAwMDAwMDAwMDAwLCJ1cGRhdGUiOjEyMDAwMDAwMDAwMH19","dependencies":["aws_route_table.lambda_private","aws_subnet.lambda_private","aws_vpc.lambda","data.aws_availability_zones.available"]}]},{"mode":"managed","type":"aws_s3_bucket","name":"data","provider":"provider[\"registry.opentofu.org/hashicorp/aws\"]","instances":[{"schema_version":0,"attributes":{"acceleration_status":"","acl":null,"arn":"arn:aws:s3:::ts-test-lambda-data","bucket":"ts-test-lambda-data","bucket_domain_name":"ts-test-lambda-data.s3.amazonaws.com","bucket_namespace":"global","bucket_prefix":"","bucket_region":"us-east-1","bucket_regional_domain_name":"ts-test-lambda-data.s3.us-east-1.amazonaws.com","cors_rule":[],"force_destroy":false,"grant":[{"id":"ac6a8f53167518da914d2d596ad22d566934f7c710c1a34fd5f8b7785f251a1f","permissions":["FULL_CONTROL"],"type":"CanonicalUser","uri":""}],"hosted_zone_id":"Z3AQBSTGFYJSTF","id":"ts-test-lambda-data","lifecycle_rule":[],"logging":[],"object_lock_configuration":[],"object_lock_enabled":false,"policy":"","region":"us-east-1","replication_configuration":[],"request_payer":"BucketOwner","server_side_encryption_configuration":[{"rule":[{"apply_server_side_encryption_by_default":[{"kms_master_key_id":"","sse_algorithm":"AES256"}],"bucket_key_enabled":false}]}],"tags":null,"tags_all":{},"timeouts":null,"versioning":[{"enabled":false,"mfa_delete":false}],"website":[],"website_domain":null,"website_endpoint":null},"sensitive_attributes":[],"private":"eyJlMmJmYjczMC1lY2FhLTExZTYtOGY4OC0zNDM2M2JjN2M0YzAiOnsiY3JlYXRlIjoxMjAwMDAwMDAwMDAwLCJkZWxldGUiOjM2MDAwMDAwMDAwMDAsInJlYWQiOjEyMDAwMDAwMDAwMDAsInVwZGF0ZSI6MTIwMDAwMDAwMDAwMH19"}]},{"mode":"managed","type":"aws_s3_bucket","name":"lambda_artifacts","provider":"provider[\"registry.opentofu.org/hashicorp/aws\"]","instances":[{"schema_version":0,"attributes":{"acceleration_status":"","acl":null,"arn":"arn:aws:s3:::ts-test-lambda-artifacts","bucket":"ts-test-lambda-artifacts","bucket_domain_name":"ts-test-lambda-artifacts.s3.amazonaws.com","bucket_namespace":"global","bucket_prefix":"","bucket_region":"us-east-1","bucket_regional_domain_name":"ts-test-lambda-artifacts.s3.us-east-1.amazonaws.com","cors_rule":[],"force_destroy":false,"grant":[{"id":"ac6a8f53167518da914d2d596ad22d566934f7c710c1a34fd5f8b7785f251a1f","permissions":["FULL_CONTROL"],"type":"CanonicalUser","uri":""}],"hosted_zone_id":"Z3AQBSTGFYJSTF","id":"ts-test-lambda-artifacts","lifecycle_rule":[],"logging":[],"object_lock_configuration":[],"object_lock_enabled":false,"policy":"","region":"us-east-1","replication_configuration":[],"request_payer":"BucketOwner","server_side_encryption_configuration":[{"rule":[{"apply_server_side_encryption_by_default":[{"kms_master_key_id":"","sse_algorithm":"AES256"}],"bucket_key_enabled":false}]}],"tags":{"visual":"ignore"},"tags_all":{"visual":"ignore"},"timeouts":null,"versioning":[{"enabled":false,"mfa_delete":false}],"website":[],"website_domain":null,"website_endpoint":null},"sensitive_attributes":[],"private":"eyJlMmJmYjczMC1lY2FhLTExZTYtOGY4OC0zNDM2M2JjN2M0YzAiOnsiY3JlYXRlIjoxMjAwMDAwMDAwMDAwLCJkZWxldGUiOjM2MDAwMDAwMDAwMDAsInJlYWQiOjEyMDAwMDAwMDAwMDAsInVwZGF0ZSI6MTIwMDAwMDAwMDAwMH19","create_before_destroy":true}]},{"mode":"managed","type":"aws_s3_object","name":"lambda_zip","provider":"provider[\"registry.opentofu.org/hashicorp/aws\"]","instances":[{"schema_version":0,"attributes":{"acl":null,"arn":"arn:aws:s3:::ts-test-lambda-artifacts/main.zip","bucket":"ts-test-lambda-artifacts","bucket_key_enabled":false,"cache_control":"","checksum_algorithm":null,"checksum_crc32":"","checksum_crc32c":"","checksum_crc64nvme":"","checksum_sha1":"","checksum_sha256":"","content":null,"content_base64":null,"content_disposition":"","content_encoding":"","content_language":"","content_type":"application/octet-stream","etag":"a98942c85aaea75c604bd563140394c6","force_destroy":false,"id":"ts-test-lambda-artifacts/main.zip","key":"main.zip","kms_key_id":null,"metadata":{},"object_lock_legal_hold_status":"","object_lock_mode":"","object_lock_retain_until_date":"","override_provider":[],"region":"us-east-1","server_side_encryption":"AES256","source":"./builds/main.zip","source_hash":null,"storage_class":"STANDARD","tags":{"visual":"ignore"},"tags_all":{"visual":"ignore"},"version_id":"","website_redirect":""},"sensitive_attributes":[],"private":"bnVsbA==","dependencies":["aws_s3_bucket.lambda_artifacts","data.archive_file.lambda_package"],"create_before_destroy":true}]},{"mode":"managed","type":"aws_security_group","name":"lambda","provider":"provider[\"registry.opentofu.org/hashicorp/aws\"]","instances":[{"schema_version":1,"attributes":{"arn":"arn:aws:ec2:us-east-1:992382747916:security-group/sg-083cc8f3bde83b4fd","description":"Security group for Lambda functions in VPC","egress":[{"cidr_blocks":["0.0.0.0/0"],"description":"","from_port":0,"ipv6_cidr_blocks":[],"prefix_list_ids":[],"protocol":"-1","security_groups":[],"self":false,"to_port":0}],"id":"sg-083cc8f3bde83b4fd","ingress":[],"name":"ts-test-lambda-sg","name_prefix":"","owner_id":"992382747916","region":"us-east-1","revoke_rules_on_delete":false,"tags":null,"tags_all":{},"timeouts":null,"vpc_id":"vpc-0355037a7ea56b3dd"},"sensitive_attributes":[],"private":"eyJlMmJmYjczMC1lY2FhLTExZTYtOGY4OC0zNDM2M2JjN2M0YzAiOnsiY3JlYXRlIjo2MDAwMDAwMDAwMDAsImRlbGV0ZSI6OTAwMDAwMDAwMDAwfSwic2NoZW1hX3ZlcnNpb24iOiIxIn0=","dependencies":["aws_vpc.lambda"]}]},{"mode":"managed","type":"aws_sqs_queue","name":"data","provider":"provider[\"registry.opentofu.org/hashicorp/aws\"]","instances":[{"schema_version":0,"attributes":{"arn":"arn:aws:sqs:us-east-1:992382747916:ts-test-lambda-queue","content_based_deduplication":false,"deduplication_scope":"","delay_seconds":0,"fifo_queue":false,"fifo_throughput_limit":"","id":"https://sqs.us-east-1.amazonaws.com/992382747916/ts-test-lambda-queue","kms_data_key_reuse_period_seconds":300,"kms_master_key_id":"","max_message_size":262144,"message_retention_seconds":345600,"name":"ts-test-lambda-queue","name_prefix":"","policy":"","receive_wait_time_seconds":0,"redrive_allow_policy":"","redrive_policy":"","region":"us-east-1","sqs_managed_sse_enabled":true,"tags":null,"tags_all":{},"timeouts":null,"url":"https://sqs.us-east-1.amazonaws.com/992382747916/ts-test-lambda-queue","visibility_timeout_seconds":30},"sensitive_attributes":[],"private":"eyJlMmJmYjczMC1lY2FhLTExZTYtOGY4OC0zNDM2M2JjN2M0YzAiOnsiY3JlYXRlIjoxODAwMDAwMDAwMDAsImRlbGV0ZSI6MTgwMDAwMDAwMDAwLCJ1cGRhdGUiOjE4MDAwMDAwMDAwMH19"}]},{"mode":"managed","type":"aws_subnet","name":"lambda_private","provider":"provider[\"registry.opentofu.org/hashicorp/aws\"]","instances":[{"index_key":"0","schema_version":1,"attributes":{"arn":"arn:aws:ec2:us-east-1:992382747916:subnet/subnet-099979681d5892453","assign_ipv6_address_on_creation":false,"availability_zone":"us-east-1a","availability_zone_id":"use1-az4","cidr_block":"10.42.1.0/24","customer_owned_ipv4_pool":"","enable_dns64":false,"enable_lni_at_device_index":0,"enable_resource_name_dns_a_record_on_launch":false,"enable_resource_name_dns_aaaa_record_on_launch":false,"id":"subnet-099979681d5892453","ipv4_ipam_pool_id":null,"ipv4_netmask_length":null,"ipv6_cidr_block":"","ipv6_cidr_block_association_id":"","ipv6_ipam_pool_id":null,"ipv6_native":false,"ipv6_netmask_length":null,"map_customer_owned_ip_on_launch":false,"map_public_ip_on_launch":false,"outpost_arn":"","owner_id":"992382747916","private_dns_hostname_type_on_launch":"ip-name","region":"us-east-1","tags":null,"tags_all":{},"timeouts":null,"vpc_id":"vpc-0355037a7ea56b3dd"},"sensitive_attributes":[],"private":"eyJlMmJmYjczMC1lY2FhLTExZTYtOGY4OC0zNDM2M2JjN2M0YzAiOnsiY3JlYXRlIjo2MDAwMDAwMDAwMDAsImRlbGV0ZSI6MTIwMDAwMDAwMDAwMH0sInNjaGVtYV92ZXJzaW9uIjoiMSJ9","dependencies":["aws_vpc.lambda","data.aws_availability_zones.available"]},{"index_key":"1","schema_version":1,"attributes":{"arn":"arn:aws:ec2:us-east-1:992382747916:subnet/subnet-0fb88e5c885ac1e66","assign_ipv6_address_on_creation":false,"availability_zone":"us-east-1b","availability_zone_id":"use1-az6","cidr_block":"10.42.2.0/24","customer_owned_ipv4_pool":"","enable_dns64":false,"enable_lni_at_device_index":0,"enable_resource_name_dns_a_record_on_launch":false,"enable_resource_name_dns_aaaa_record_on_launch":false,"id":"subnet-0fb88e5c885ac1e66","ipv4_ipam_pool_id":null,"ipv4_netmask_length":null,"ipv6_cidr_block":"","ipv6_cidr_block_association_id":"","ipv6_ipam_pool_id":null,"ipv6_native":false,"ipv6_netmask_length":null,"map_customer_owned_ip_on_launch":false,"map_public_ip_on_launch":false,"outpost_arn":"","owner_id":"992382747916","private_dns_hostname_type_on_launch":"ip-name","region":"us-east-1","tags":null,"tags_all":{},"timeouts":null,"vpc_id":"vpc-0355037a7ea56b3dd"},"sensitive_attributes":[],"private":"eyJlMmJmYjczMC1lY2FhLTExZTYtOGY4OC0zNDM2M2JjN2M0YzAiOnsiY3JlYXRlIjo2MDAwMDAwMDAwMDAsImRlbGV0ZSI6MTIwMDAwMDAwMDAwMH0sInNjaGVtYV92ZXJzaW9uIjoiMSJ9","dependencies":["aws_vpc.lambda","data.aws_availability_zones.available"]}]},{"mode":"managed","type":"aws_vpc","name":"lambda","provider":"provider[\"registry.opentofu.org/hashicorp/aws\"]","instances":[{"schema_version":1,"attributes":{"arn":"arn:aws:ec2:us-east-1:992382747916:vpc/vpc-0355037a7ea56b3dd","assign_generated_ipv6_cidr_block":false,"cidr_block":"10.42.0.0/16","default_network_acl_id":"acl-045d0ba8ed5c60bd4","default_route_table_id":"rtb-0c478006224b1ee8f","default_security_group_id":"sg-08fc0bfc47f9ded75","dhcp_options_id":"dopt-09abedca800e18f36","enable_dns_hostnames":true,"enable_dns_support":true,"enable_network_address_usage_metrics":false,"id":"vpc-0355037a7ea56b3dd","instance_tenancy":"default","ipv4_ipam_pool_id":null,"ipv4_netmask_length":null,"ipv6_association_id":"","ipv6_cidr_block":"","ipv6_cidr_block_network_border_group":"","ipv6_ipam_pool_id":"","ipv6_netmask_length":0,"main_route_table_id":"rtb-0c478006224b1ee8f","owner_id":"992382747916","region":"us-east-1","tags":null,"tags_all":{}},"sensitive_attributes":[],"private":"eyJzY2hlbWFfdmVyc2lvbiI6IjEifQ=="}]},{"module":"module.lambda-writer","mode":"data","type":"aws_caller_identity","name":"current","provider":"provider[\"registry.opentofu.org/hashicorp/aws\"]","instances":[{"schema_version":0,"attributes":{"account_id":"992382747916","arn":"arn:aws:iam::992382747916:user/admin","id":"992382747916","user_id":"AIDA6ODU7AUGKEV3B6AL4"},"sensitive_attributes":[]}]},{"module":"module.lambda-writer","mode":"data","type":"aws_iam_policy_document","name":"additional_inline","provider":"provider[\"registry.opentofu.org/hashicorp/aws\"]","instances":[{"index_key":0,"schema_version":0,"attributes":{"id":"3997116591","json":"{\n  \"Version\": \"2012-10-17\",\n  \"Statement\": [\n    {\n      \"Sid\": \"s3write\",\n      \"Effect\": \"Allow\",\n      \"Action\": \"s3:PutObject\",\n      \"Resource\": \"arn:aws:s3:::ts-test-lambda-data/*\"\n    },\n    {\n      \"Sid\": \"sqssend\",\n      \"Effect\": \"Allow\",\n      \"Action\": \"sqs:SendMessage\",\n      \"Resource\": \"arn:aws:sqs:us-east-1:992382747916:ts-test-lambda-queue\"\n    },\n    {\n      \"Sid\": \"vpcnetwork\",\n      \"Effect\": \"Allow\",\n      \"Action\": [\n        \"ec2:UnassignPrivateIpAddresses\",\n        \"ec2:DescribeNetworkInterfaces\",\n        \"ec2:DeleteNetworkInterface\",\n        \"ec2:CreateNetworkInterface\",\n        \"ec2:AssignPrivateIpAddresses\"\n      ],\n      \"Resource\": \"*\"\n    }\n  ]\n}","minified_json":"{\"Version\":\"2012-10-17\",\"Statement\":[{\"Sid\":\"s3write\",\"Effect\":\"Allow\",\"Action\":\"s3:PutObject\",\"Resource\":\"arn:aws:s3:::ts-test-lambda-data/*\"},{\"Sid\":\"sqssend\",\"Effect\":\"Allow\",\"Action\":\"sqs:SendMessage\",\"Resource\":\"arn:aws:sqs:us-east-1:992382747916:ts-test-lambda-queue\"},{\"Sid\":\"vpcnetwork\",\"Effect\":\"Allow\",\"Action\":[\"ec2:UnassignPrivateIpAddresses\",\"ec2:DescribeNetworkInterfaces\",\"ec2:DeleteNetworkInterface\",\"ec2:CreateNetworkInterface\",\"ec2:AssignPrivateIpAddresses\"],\"Resource\":\"*\"}]}","override_json":null,"override_policy_documents":null,"policy_id":null,"source_json":null,"source_policy_documents":null,"statement":[{"actions":["s3:PutObject"],"condition":[],"effect":"Allow","not_actions":[],"not_principals":[],"not_resources":[],"principals":[],"resources":["arn:aws:s3:::ts-test-lambda-data/*"],"sid":"s3write"},{"actions":["sqs:SendMessage"],"condition":[],"effect":"Allow","not_actions":[],"not_principals":[],"not_resources":[],"principals":[],"resources":["arn:aws:sqs:us-east-1:992382747916:ts-test-lambda-queue"],"sid":"sqssend"},{"actions":["ec2:AssignPrivateIpAddresses","ec2:CreateNetworkInterface","ec2:DeleteNetworkInterface","ec2:DescribeNetworkInterfaces","ec2:UnassignPrivateIpAddresses"],"condition":[],"effect":"Allow","not_actions":[],"not_principals":[],"not_resources":[],"principals":[],"resources":["*"],"sid":"vpcnetwork"}],"version":"2012-10-17"},"sensitive_attributes":[]}]},{"module":"module.lambda-writer","mode":"data","type":"aws_iam_policy_document","name":"assume_role","provider":"provider[\"registry.opentofu.org/hashicorp/aws\"]","instances":[{"index_key":0,"schema_version":0,"attributes":{"id":"2690255455","json":"{\n  \"Version\": \"2012-10-17\",\n  \"Statement\": [\n    {\n      \"Effect\": \"Allow\",\n      \"Action\": \"sts:AssumeRole\",\n      \"Principal\": {\n        \"Service\": \"lambda.amazonaws.com\"\n      }\n    }\n  ]\n}","minified_json":"{\"Version\":\"2012-10-17\",\"Statement\":[{\"Effect\":\"Allow\",\"Action\":\"sts:AssumeRole\",\"Principal\":{\"Service\":\"lambda.amazonaws.com\"}}]}","override_json":null,"override_policy_documents":null,"policy_id":null,"source_json":null,"source_policy_documents":null,"statement":[{"actions":["sts:AssumeRole"],"condition":[],"effect":"Allow","not_actions":[],"not_principals":[],"not_resources":[],"principals":[{"identifiers":["lambda.amazonaws.com"],"type":"Service"}],"resources":[],"sid":""}],"version":"2012-10-17"},"sensitive_attributes":[]}]},{"module":"module.lambda-writer","mode":"data","type":"aws_iam_policy_document","name":"logs","provider":"provider[\"registry.opentofu.org/hashicorp/aws\"]","instances":[{"index_key":0,"schema_version":0,"attributes":{"id":"3824637931","json":"{\n  \"Version\": \"2012-10-17\",\n  \"Statement\": [\n    {\n      \"Effect\": \"Allow\",\n      \"Action\": [\n        \"logs:PutLogEvents\",\n        \"logs:CreateLogStream\",\n        \"logs:CreateLogGroup\"\n      ],\n      \"Resource\": [\n        \"arn:aws:logs:us-east-1:992382747916:log-group:/aws/lambda/test-writer:*:*\",\n        \"arn:aws:logs:us-east-1:992382747916:log-group:/aws/lambda/test-writer:*\"\n      ]\n    }\n  ]\n}","minified_json":"{\"Version\":\"2012-10-17\",\"Statement\":[{\"Effect\":\"Allow\",\"Action\":[\"logs:PutLogEvents\",\"logs:CreateLogStream\",\"logs:CreateLogGroup\"],\"Resource\":[\"arn:aws:logs:us-east-1:992382747916:log-group:/aws/lambda/test-writer:*:*\",\"arn:aws:logs:us-east-1:992382747916:log-group:/aws/lambda/test-writer:*\"]}]}","override_json":null,"override_policy_documents":null,"policy_id":null,"source_json":null,"source_policy_documents":null,"statement":[{"actions":["logs:CreateLogGroup","logs:CreateLogStream","logs:PutLogEvents"],"condition":[],"effect":"Allow","not_actions":[],"not_principals":[],"not_resources":[],"principals":[],"resources":["arn:aws:logs:us-east-1:992382747916:log-group:/aws/lambda/test-writer:*","arn:aws:logs:us-east-1:992382747916:log-group:/aws/lambda/test-writer:*:*"],"sid":""}],"version":"2012-10-17"},"sensitive_attributes":[]}]},{"module":"module.lambda-writer","mode":"data","type":"aws_partition","name":"current","provider":"provider[\"registry.opentofu.org/hashicorp/aws\"]","instances":[{"schema_version":0,"attributes":{"dns_suffix":"amazonaws.com","id":"aws","partition":"aws","reverse_dns_prefix":"com.amazonaws"},"sensitive_attributes":[]}]},{"module":"module.lambda-writer","mode":"data","type":"aws_region","name":"current","provider":"provider[\"registry.opentofu.org/hashicorp/aws\"]","instances":[{"schema_version":0,"attributes":{"description":"US East (N. Virginia)","endpoint":"ec2.us-east-1.amazonaws.com","id":"us-east-1","name":"us-east-1","region":"us-east-1"},"sensitive_attributes":[]}]},{"module":"module.lambda-writer","mode":"managed","type":"aws_cloudwatch_log_group","name":"lambda","provider":"provider[\"registry.opentofu.org/hashicorp/aws\"]","instances":[{"index_key":0,"schema_version":0,"attributes":{"arn":"arn:aws:logs:us-east-1:992382747916:log-group:/aws/lambda/test-writer","deletion_protection_enabled":false,"id":"/aws/lambda/test-writer","kms_key_id":"","log_group_class":"STANDARD","name":"/aws/lambda/test-writer","name_prefix":"","region":"us-east-1","retention_in_days":0,"skip_destroy":false,"tags":null,"tags_all":{}},"sensitive_attributes":[],"private":"bnVsbA=="}]},{"module":"module.lambda-writer","mode":"managed","type":"aws_iam_role","name":"lambda","provider":"provider[\"registry.opentofu.org/hashicorp/aws\"]","instances":[{"index_key":0,"schema_version":0,"attributes":{"arn":"arn:aws:iam::992382747916:role/test-writer","assume_role_policy":"{\"Statement\":[{\"Action\":\"sts:AssumeRole\",\"Effect\":\"Allow\",\"Principal\":{\"Service\":\"lambda.amazonaws.com\"}}],\"Version\":\"2012-10-17\"}","create_date":"2026-05-01T13:50:13Z","description":"","force_detach_policies":true,"id":"test-writer","inline_policy":[],"managed_policy_arns":[],"max_session_duration":3600,"name":"test-writer","name_prefix":"","path":"/","permissions_boundary":"","tags":null,"tags_all":{},"unique_id":"AROA6ODU7AUGJPWAWSXOZ"},"sensitive_attributes":[],"private":"bnVsbA==","dependencies":["module.lambda-writer.data.aws_iam_policy_document.assume_role"]}]},{"module":"module.lambda-writer","mode":"managed","type":"aws_iam_role_policy","name":"additional_inline","provider":"provider[\"registry.opentofu.org/hashicorp/aws\"]","instances":[{"index_key":0,"schema_version":0,"attributes":{"id":"test-writer:test-writer-inline","name":"test-writer-inline","name_prefix":"","policy":"{\"Version\":\"2012-10-17\",\"Statement\":[{\"Action\":\"s3:PutObject\",\"Effect\":\"Allow\",\"Resource\":\"arn:aws:s3:::ts-test-lambda-data/*\",\"Sid\":\"s3write\"},{\"Action\":\"sqs:SendMessage\",\"Effect\":\"Allow\",\"Resource\":\"arn:aws:sqs:us-east-1:992382747916:ts-test-lambda-queue\",\"Sid\":\"sqssend\"},{\"Action\":[\"ec2:UnassignPrivateIpAddresses\",\"ec2:DescribeNetworkInterfaces\",\"ec2:DeleteNetworkInterface\",\"ec2:CreateNetworkInterface\",\"ec2:AssignPrivateIpAddresses\"],\"Effect\":\"Allow\",\"Resource\":\"*\",\"Sid\":\"vpcnetwork\"}]}","role":"test-writer"},"sensitive_attributes":[],"private":"bnVsbA==","dependencies":["aws_s3_bucket.data","aws_sqs_queue.data","module.lambda-writer.aws_iam_role.lambda","module.lambda-writer.data.aws_iam_policy_document.additional_inline","module.lambda-writer.data.aws_iam_policy_document.assume_role"]}]},{"module":"module.lambda-writer","mode":"managed","type":"aws_iam_role_policy","name":"logs","provider":"provider[\"registry.opentofu.org/hashicorp/aws\"]","instances":[{"index_key":0,"schema_version":0,"attributes":{"id":"test-writer:test-writer-logs","name":"test-writer-logs","name_prefix":"","policy":"{\"Version\":\"2012-10-17\",\"Statement\":[{\"Action\":[\"logs:PutLogEvents\",\"logs:CreateLogStream\",\"logs:CreateLogGroup\"],\"Effect\":\"Allow\",\"Resource\":[\"arn:aws:logs:us-east-1:992382747916:log-group:/aws/lambda/test-writer:*:*\",\"arn:aws:logs:us-east-1:992382747916:log-group:/aws/lambda/test-writer:*\"]}]}","role":"test-writer"},"sensitive_attributes":[],"private":"bnVsbA==","dependencies":["module.lambda-writer.aws_cloudwatch_log_group.lambda","module.lambda-writer.aws_iam_role.lambda","module.lambda-writer.data.aws_arn.log_group_arn","module.lambda-writer.data.aws_cloudwatch_log_group.lambda","module.lambda-writer.data.aws_iam_policy_document.assume_role","module.lambda-writer.data.aws_iam_policy_document.logs"]}]},{"module":"module.lambda-writer","mode":"managed","type":"aws_lambda_function","name":"this","provider":"provider[\"registry.opentofu.org/hashicorp/aws\"]","instances":[{"index_key":0,"schema_version":0,"attributes":{"architectures":["x86_64"],"arn":"arn:aws:lambda:us-east-1:992382747916:function:test-writer","capacity_provider_config":[],"code_sha256":"Swis0pW7ZD8KOy06jg1RDFYKolUzOPtHyOLvuiZm9FE=","code_signing_config_arn":"","dead_letter_config":[],"description":"","durable_config":[],"environment":[{"variables":{"DATA_BUCKET":"ts-test-lambda-data","DATA_QUEUE_URL":"https://sqs.us-east-1.amazonaws.com/992382747916/ts-test-lambda-queue"}}],"ephemeral_storage":[{"size":512}],"file_system_config":[],"filename":null,"function_name":"test-writer","handler":"main.writer_handler","id":"test-writer","image_config":[],"image_uri":"","invoke_arn":"arn:aws:apigateway:us-east-1:lambda:path/2015-03-31/functions/arn:aws:lambda:us-east-1:992382747916:function:test-writer/invocations","kms_key_arn":"","last_modified":"2026-05-01T13:50:51.669+0000","layers":null,"logging_config":[{"application_log_level":"","log_format":"Text","log_group":"/aws/lambda/test-writer","system_log_level":""}],"memory_size":128,"package_type":"Zip","publish":false,"publish_to":null,"qualified_arn":"arn:aws:lambda:us-east-1:992382747916:function:test-writer:$LATEST","qualified_invoke_arn":"arn:aws:apigateway:us-east-1:lambda:path/2015-03-31/functions/arn:aws:lambda:us-east-1:992382747916:function:test-writer:$LATEST/invocations","region":"us-east-1","replace_security_groups_on_destroy":null,"replacement_security_group_ids":null,"reserved_concurrent_executions":-1,"response_streaming_invoke_arn":"arn:aws:apigateway:us-east-1:lambda:path/2021-11-15/functions/arn:aws:lambda:us-east-1:992382747916:function:test-writer/response-streaming-invocations","role":"arn:aws:iam::992382747916:role/test-writer","runtime":"python3.12","s3_bucket":"ts-test-lambda-artifacts","s3_key":"main.zip","s3_object_version":null,"signing_job_arn":"","signing_profile_version_arn":"","skip_destroy":false,"snap_start":[],"source_code_hash":"","source_code_size":571,"source_kms_key_arn":"","tags":null,"tags_all":{},"tenancy_config":[],"timeout":3,"timeouts":null,"tracing_config":[{"mode":"PassThrough"}],"version":"$LATEST","vpc_config":[{"ipv6_allowed_for_dual_stack":false,"security_group_ids":["sg-083cc8f3bde83b4fd"],"subnet_ids":["subnet-099979681d5892453","subnet-0fb88e5c885ac1e66"],"vpc_id":"vpc-0355037a7ea56b3dd"}]},"sensitive_attributes":[],"private":"eyJlMmJmYjczMC1lY2FhLTExZTYtOGY4OC0zNDM2M2JjN2M0YzAiOnsiY3JlYXRlIjo2MDAwMDAwMDAwMDAsImRlbGV0ZSI6NjAwMDAwMDAwMDAwLCJ1cGRhdGUiOjYwMDAwMDAwMDAwMH19","dependencies":["aws_s3_bucket.data","aws_s3_bucket.lambda_artifacts","aws_s3_object.lambda_zip","aws_security_group.lambda","aws_sqs_queue.data","aws_subnet.lambda_private","aws_vpc.lambda","data.archive_file.lambda_package","data.aws_availability_zones.available","module.lambda-writer.aws_cloudwatch_log_group.lambda","module.lambda-writer.aws_iam_role.lambda","module.lambda-writer.aws_iam_role_policy.additional_inline","module.lambda-writer.aws_iam_role_policy.additional_json","module.lambda-writer.aws_iam_role_policy.additional_jsons","module.lambda-writer.aws_iam_role_policy.async","module.lambda-writer.aws_iam_role_policy.dead_letter","module.lambda-writer.aws_iam_role_policy.logs","module.lambda-writer.aws_iam_role_policy.tracing","module.lambda-writer.aws_iam_role_policy.vpc","module.lambda-writer.aws_iam_role_policy_attachment.additional_many","module.lambda-writer.aws_iam_role_policy_attachment.additional_one","module.lambda-writer.aws_s3_object.lambda_package","module.lambda-writer.data.aws_arn.log_group_arn","module.lambda-writer.data.aws_cloudwatch_log_group.lambda","module.lambda-writer.data.aws_iam_policy.tracing","module.lambda-writer.data.aws_iam_policy.vpc","module.lambda-writer.data.aws_iam_policy_document.additional_inline","module.lambda-writer.data.aws_iam_policy_document.assume_role","module.lambda-writer.data.aws_iam_policy_document.async","module.lambda-writer.data.aws_iam_policy_document.dead_letter","module.lambda-writer.data.aws_iam_policy_document.logs","module.lambda-writer.data.aws_partition.current","module.lambda-writer.data.external.archive_prepare","module.lambda-writer.local_file.archive_plan","module.lambda-writer.null_resource.archive","module.lambda-writer.terraform_data.package_filename_for_hash"]}]},{"module":"module.lambda-writer","mode":"managed","type":"terraform_data","name":"package_filename_for_hash","provider":"provider[\"terraform.io/builtin/terraform\"]","instances":[{"index_key":0,"schema_version":0,"attributes":{"id":"0c9bda21-692c-9b2b-a285-256f4a2ef04f","input":{"value":{"filename":null},"type":["object",{"filename":"string"}]},"output":{"value":{"filename":null},"type":["object",{"filename":"string"}]},"triggers_replace":{"value":[null],"type":["tuple",["string"]]}},"sensitive_attributes":[],"dependencies":["module.lambda-writer.data.external.archive_prepare","module.lambda-writer.local_file.archive_plan","module.lambda-writer.null_resource.archive"]}]}],"check_results":null}
