{
  "version": 4,
  "terraform_version": "1.14.7",
  "serial": 168,
  "lineage": "10dd7d27-8ff1-1dc7-4c8f-a9ddf2c4c8e9",
  "outputs": {
    "aws_account_id": {
      "value": "992382747916",
      "type": "string"
    },
    "database_route_table_ids": {
      "value": [
        "rtb-0c016152f982e4a68"
      ],
      "type": [
        "tuple",
        [
          "string"
        ]
      ]
    },
    "database_subnet_ids": {
      "value": [
        "subnet-0b582d95161603c4f",
        "subnet-0439be88129c0395f"
      ],
      "type": [
        "tuple",
        [
          "string",
          "string"
        ]
      ]
    },
    "east_2_tgw_default_route_table_id": {
      "value": "tgw-rtb-04b59f045d1f40e8f",
      "type": "string"
    },
    "east_2_tgw_id": {
      "value": "tgw-052489305f16a515e",
      "type": "string"
    },
    "execute_api_vpce_id": {
      "value": "vpce-0c27190d9740259ff",
      "type": "string"
    },
    "execute_api_vpce_sg_id": {
      "value": "sg-0756c97874c52a98d",
      "type": "string"
    },
    "intra_route_table_ids": {
      "value": [
        "rtb-0b4d8d0a47b4f4291"
      ],
      "type": [
        "tuple",
        [
          "string"
        ]
      ]
    },
    "intra_subnet_ids": {
      "value": [
        "subnet-0401203eab1aa6c85",
        "subnet-00235d4b2f1a6a408"
      ],
      "type": [
        "tuple",
        [
          "string",
          "string"
        ]
      ]
    },
    "lambda_artifacts_bucket_arn": {
      "value": "arn:aws:s3:::staging-992382747916-east-2-lambda-artifacts",
      "type": "string"
    },
    "lambda_artifacts_bucket_id": {
      "value": "staging-992382747916-east-2-lambda-artifacts",
      "type": "string"
    },
    "private_route_table_ids": {
      "value": [
        "rtb-057c0b19e49ca533b"
      ],
      "type": [
        "tuple",
        [
          "string"
        ]
      ]
    },
    "private_subnet_ids": {
      "value": [
        "subnet-0a194069781cfa5a3",
        "subnet-034b47d3dd3c88f9c"
      ],
      "type": [
        "tuple",
        [
          "string",
          "string"
        ]
      ]
    },
    "public_subnet_ids": {
      "value": [
        "subnet-0b435c258d9c69f90",
        "subnet-09270e1b86471396f"
      ],
      "type": [
        "tuple",
        [
          "string",
          "string"
        ]
      ]
    },
    "tgw_peering_east_attachment_id": {
      "value": "tgw-attach-04838b51c1b7b948f",
      "type": "string"
    },
    "vpc_cidr": {
      "value": "10.65.0.0/16",
      "type": "string"
    },
    "vpc_id": {
      "value": "vpc-0ff01f65820f5040e",
      "type": "string"
    }
  },
  "resources": [
    {
      "mode": "data",
      "type": "aws_caller_identity",
      "name": "current",
      "provider": "provider[\"registry.terraform.io/hashicorp/aws\"].east_2",
      "instances": [
        {
          "schema_version": 0,
          "attributes": {
            "account_id": "992382747916",
            "arn": "arn:aws:sts::992382747916:assumed-role/TerraformDeploy/terraform-staging-east-2-network",
            "id": "992382747916",
            "user_id": "AROA6ODU7AUGLACD2GTWJ:terraform-staging-east-2-network"
          },
          "sensitive_attributes": [],
          "identity_schema_version": 0
        }
      ]
    },
    {
      "mode": "data",
      "type": "aws_ec2_transit_gateway_route_table",
      "name": "west_default",
      "provider": "provider[\"registry.terraform.io/hashicorp/aws\"].west",
      "instances": [
        {
          "schema_version": 0,
          "attributes": {
            "arn": "arn:aws:ec2:us-west-2:992382747916:transit-gateway-route-table/tgw-rtb-09ae87c9157f1b536",
            "default_association_route_table": true,
            "default_propagation_route_table": true,
            "filter": [
              {
                "name": "default-association-route-table",
                "values": [
                  "true"
                ]
              },
              {
                "name": "transit-gateway-id",
                "values": [
                  "tgw-060c8c99a09a5ea5c"
                ]
              }
            ],
            "id": "tgw-rtb-09ae87c9157f1b536",
            "region": "us-west-2",
            "tags": {},
            "timeouts": null,
            "transit_gateway_id": "tgw-060c8c99a09a5ea5c"
          },
          "sensitive_attributes": [],
          "identity_schema_version": 0
        }
      ]
    },
    {
      "mode": "data",
      "type": "aws_iam_policy_document",
      "name": "apigw_assume",
      "provider": "provider[\"registry.terraform.io/hashicorp/aws\"]",
      "instances": [
        {
          "schema_version": 0,
          "attributes": {
            "id": "2699642182",
            "json": "{\n  \"Version\": \"2012-10-17\",\n  \"Statement\": [\n    {\n      \"Effect\": \"Allow\",\n      \"Action\": \"sts:AssumeRole\",\n      \"Principal\": {\n        \"Service\": \"apigateway.amazonaws.com\"\n      }\n    }\n  ]\n}",
            "minified_json": "{\"Version\":\"2012-10-17\",\"Statement\":[{\"Effect\":\"Allow\",\"Action\":\"sts:AssumeRole\",\"Principal\":{\"Service\":\"apigateway.amazonaws.com\"}}]}",
            "override_json": null,
            "override_policy_documents": null,
            "policy_id": null,
            "source_json": null,
            "source_policy_documents": null,
            "statement": [
              {
                "actions": [
                  "sts:AssumeRole"
                ],
                "condition": [],
                "effect": "Allow",
                "not_actions": [],
                "not_principals": [],
                "not_resources": [],
                "principals": [
                  {
                    "identifiers": [
                      "apigateway.amazonaws.com"
                    ],
                    "type": "Service"
                  }
                ],
                "resources": [],
                "sid": ""
              }
            ],
            "version": "2012-10-17"
          },
          "sensitive_attributes": [],
          "identity_schema_version": 0
        }
      ]
    },
    {
      "mode": "data",
      "type": "aws_route_tables",
      "name": "west_hub",
      "provider": "provider[\"registry.terraform.io/hashicorp/aws\"].west",
      "instances": [
        {
          "schema_version": 0,
          "attributes": {
            "filter": null,
            "id": "us-west-2",
            "ids": [
              "rtb-06e757896be02e518",
              "rtb-00d3b989be3ab9de3",
              "rtb-00a469da79c232ca7",
              "rtb-0e63f84de57314631",
              "rtb-0069a4537877e0f49"
            ],
            "region": "us-west-2",
            "tags": null,
            "timeouts": null,
            "vpc_id": "vpc-0a0d65ef48ac1b6e7"
          },
          "sensitive_attributes": [],
          "identity_schema_version": 0
        }
      ]
    },
    {
      "mode": "data",
      "type": "aws_vpc",
      "name": "west_hub",
      "provider": "provider[\"registry.terraform.io/hashicorp/aws\"].west",
      "instances": [
        {
          "schema_version": 0,
          "attributes": {
            "arn": "arn:aws:ec2:us-west-2:992382747916:vpc/vpc-0a0d65ef48ac1b6e7",
            "cidr_block": "10.70.0.0/16",
            "cidr_block_associations": [
              {
                "association_id": "vpc-cidr-assoc-0e9982c900d04470b",
                "cidr_block": "10.70.0.0/16",
                "state": "associated"
              }
            ],
            "default": false,
            "dhcp_options_id": "dopt-098d778f6d54f5ad2",
            "enable_dns_hostnames": true,
            "enable_dns_support": true,
            "enable_network_address_usage_metrics": false,
            "filter": [
              {
                "name": "tag:Name",
                "values": [
                  "staging-west"
                ]
              }
            ],
            "id": "vpc-0a0d65ef48ac1b6e7",
            "instance_tenancy": "default",
            "ipv6_association_id": "",
            "ipv6_cidr_block": "",
            "main_route_table_id": "rtb-00d3b989be3ab9de3",
            "owner_id": "992382747916",
            "region": "us-west-2",
            "state": null,
            "tags": {
              "Name": "staging-west",
              "environment": "staging",
              "managed_by": "terraform",
              "stack": "staging-multi-state",
              "state": "01-west-network"
            },
            "timeouts": null
          },
          "sensitive_attributes": [],
          "identity_schema_version": 0
        }
      ]
    },
    {
      "mode": "data",
      "type": "terraform_remote_state",
      "name": "east_network",
      "provider": "provider[\"terraform.io/builtin/terraform\"]",
      "instances": [
        {
          "schema_version": 0,
          "attributes": {
            "backend": "local",
            "config": {
              "value": {
                "path": "../00-east-network/terraform.tfstate"
              },
              "type": [
                "object",
                {
                  "path": "string"
                }
              ]
            },
            "defaults": null,
            "outputs": {
              "value": {
                "aws_account_id": "992382747916",
                "database_route_table_ids": [
                  "rtb-06c3bd2d67b0bb60a"
                ],
                "database_subnet_ids": [
                  "subnet-018f5073787f3e418",
                  "subnet-0b9f8ead9e0f24a16"
                ],
                "east_tgw_default_route_table_id": "tgw-rtb-0eb4cfd83d9e2600d",
                "east_tgw_id": "tgw-095e7f99bc8e0d02e",
                "east_tgw_vpc_attachment_id": "tgw-attach-00973227edd361344",
                "execute_api_vpce_id": "vpce-00123e9e10e382937",
                "execute_api_vpce_sg_id": "sg-0721c678d168ac31f",
                "intra_route_table_ids": [
                  "rtb-0e93a5d6ac1c54e03"
                ],
                "intra_subnet_ids": [
                  "subnet-08eccd14a38f99d1b",
                  "subnet-033d6797358459515"
                ],
                "lambda_artifacts_bucket_arn": "arn:aws:s3:::staging-992382747916-east-lambda-artifacts",
                "lambda_artifacts_bucket_id": "staging-992382747916-east-lambda-artifacts",
                "private_route_table_ids": [
                  "rtb-0189113c2767b05ac"
                ],
                "private_subnet_ids": [
                  "subnet-003fcfcb843e1fb7e",
                  "subnet-09ac46da407c508b3"
                ],
                "public_subnet_ids": [
                  "subnet-00b3d8865d12ef5d5",
                  "subnet-0df336f36ddc4b684"
                ],
                "vpc_cidr": "10.60.0.0/16",
                "vpc_id": "vpc-07ac1824dc3f8b4e3"
              },
              "type": [
                "object",
                {
                  "aws_account_id": "string",
                  "database_route_table_ids": [
                    "tuple",
                    [
                      "string"
                    ]
                  ],
                  "database_subnet_ids": [
                    "tuple",
                    [
                      "string",
                      "string"
                    ]
                  ],
                  "east_tgw_default_route_table_id": "string",
                  "east_tgw_id": "string",
                  "east_tgw_vpc_attachment_id": "string",
                  "execute_api_vpce_id": "string",
                  "execute_api_vpce_sg_id": "string",
                  "intra_route_table_ids": [
                    "tuple",
                    [
                      "string"
                    ]
                  ],
                  "intra_subnet_ids": [
                    "tuple",
                    [
                      "string",
                      "string"
                    ]
                  ],
                  "lambda_artifacts_bucket_arn": "string",
                  "lambda_artifacts_bucket_id": "string",
                  "private_route_table_ids": [
                    "tuple",
                    [
                      "string"
                    ]
                  ],
                  "private_subnet_ids": [
                    "tuple",
                    [
                      "string",
                      "string"
                    ]
                  ],
                  "public_subnet_ids": [
                    "tuple",
                    [
                      "string",
                      "string"
                    ]
                  ],
                  "vpc_cidr": "string",
                  "vpc_id": "string"
                }
              ]
            },
            "workspace": null
          },
          "sensitive_attributes": [],
          "identity_schema_version": 0
        }
      ]
    },
    {
      "mode": "data",
      "type": "terraform_remote_state",
      "name": "west_network",
      "provider": "provider[\"terraform.io/builtin/terraform\"]",
      "instances": [
        {
          "schema_version": 0,
          "attributes": {
            "backend": "local",
            "config": {
              "value": {
                "path": "../01-west-network/terraform.tfstate"
              },
              "type": [
                "object",
                {
                  "path": "string"
                }
              ]
            },
            "defaults": null,
            "outputs": {
              "value": {
                "aws_account_id": "992382747916",
                "database_route_table_ids": [
                  "rtb-00a469da79c232ca7"
                ],
                "database_subnet_ids": [
                  "subnet-052468b8c55b2da07",
                  "subnet-01759e5dc04d665a1"
                ],
                "execute_api_vpce_id": "vpce-0b33f22e5338d63ac",
                "execute_api_vpce_sg_id": "sg-0def7862c98f3108a",
                "intra_subnet_ids": [
                  "subnet-0aa99796d580e34ad",
                  "subnet-0c6d9f4fbc06dd57d"
                ],
                "lambda_artifacts_bucket_arn": "arn:aws:s3:::staging-992382747916-west-lambda-artifacts",
                "lambda_artifacts_bucket_id": "staging-992382747916-west-lambda-artifacts",
                "private_subnet_ids": [
                  "subnet-0a9825842f7f54ba3",
                  "subnet-08dde197d15c5d813"
                ],
                "public_subnet_ids": [
                  "subnet-0106ae9666d297d20",
                  "subnet-05754539297daffa1"
                ],
                "tgw_peering_attachment_id": "tgw-attach-074d3d3f28642e098",
                "vpc_cidr": "10.70.0.0/16",
                "vpc_id": "vpc-0a0d65ef48ac1b6e7",
                "west_tgw_id": "tgw-060c8c99a09a5ea5c",
                "west_tgw_vpc_attachment_id": "tgw-attach-0f0cd861e14c79aa8"
              },
              "type": [
                "object",
                {
                  "aws_account_id": "string",
                  "database_route_table_ids": [
                    "tuple",
                    [
                      "string"
                    ]
                  ],
                  "database_subnet_ids": [
                    "tuple",
                    [
                      "string",
                      "string"
                    ]
                  ],
                  "execute_api_vpce_id": "string",
                  "execute_api_vpce_sg_id": "string",
                  "intra_subnet_ids": [
                    "tuple",
                    [
                      "string",
                      "string"
                    ]
                  ],
                  "lambda_artifacts_bucket_arn": "string",
                  "lambda_artifacts_bucket_id": "string",
                  "private_subnet_ids": [
                    "tuple",
                    [
                      "string",
                      "string"
                    ]
                  ],
                  "public_subnet_ids": [
                    "tuple",
                    [
                      "string",
                      "string"
                    ]
                  ],
                  "tgw_peering_attachment_id": "string",
                  "vpc_cidr": "string",
                  "vpc_id": "string",
                  "west_tgw_id": "string",
                  "west_tgw_vpc_attachment_id": "string"
                }
              ]
            },
            "workspace": null
          },
          "sensitive_attributes": [],
          "identity_schema_version": 0
        }
      ]
    },
    {
      "mode": "managed",
      "type": "aws_ec2_transit_gateway",
      "name": "east_2",
      "provider": "provider[\"registry.terraform.io/hashicorp/aws\"].east_2",
      "instances": [
        {
          "schema_version": 0,
          "attributes": {
            "amazon_side_asn": 64515,
            "arn": "arn:aws:ec2:us-east-2:992382747916:transit-gateway/tgw-052489305f16a515e",
            "association_default_route_table_id": "tgw-rtb-04b59f045d1f40e8f",
            "auto_accept_shared_attachments": "disable",
            "default_route_table_association": "enable",
            "default_route_table_propagation": "enable",
            "description": "Transit Gateway for us-east-2 staging network",
            "dns_support": "enable",
            "encryption_support": "disable",
            "id": "tgw-052489305f16a515e",
            "multicast_support": "disable",
            "owner_id": "992382747916",
            "propagation_default_route_table_id": "tgw-rtb-04b59f045d1f40e8f",
            "region": "us-east-2",
            "security_group_referencing_support": "disable",
            "tags": {
              "Name": "staging-east-2-tgw",
              "environment": "staging",
              "managed_by": "terraform",
              "stack": "staging-multi-state",
              "state": "05-east-2-network"
            },
            "tags_all": {
              "Name": "staging-east-2-tgw",
              "environment": "staging",
              "managed_by": "terraform",
              "stack": "staging-multi-state",
              "state": "05-east-2-network"
            },
            "timeouts": null,
            "transit_gateway_cidr_blocks": [],
            "vpn_ecmp_support": "enable"
          },
          "sensitive_attributes": [],
          "identity_schema_version": 0,
          "private": "eyJlMmJmYjczMC1lY2FhLTExZTYtOGY4OC0zNDM2M2JjN2M0YzAiOnsiY3JlYXRlIjo2MDAwMDAwMDAwMDAsImRlbGV0ZSI6NjAwMDAwMDAwMDAwLCJ1cGRhdGUiOjYwMDAwMDAwMDAwMH19"
        }
      ]
    },
    {
      "mode": "managed",
      "type": "aws_ec2_transit_gateway_peering_attachment",
      "name": "east_2_to_east",
      "provider": "provider[\"registry.terraform.io/hashicorp/aws\"].east_2",
      "instances": [
        {
          "schema_version": 0,
          "attributes": {
            "arn": "arn:aws:ec2:us-east-2:992382747916:transit-gateway-attachment/tgw-attach-04838b51c1b7b948f",
            "id": "tgw-attach-04838b51c1b7b948f",
            "options": [],
            "peer_account_id": "992382747916",
            "peer_region": "us-east-1",
            "peer_transit_gateway_id": "tgw-095e7f99bc8e0d02e",
            "region": "us-east-2",
            "state": "available",
            "tags": {
              "Name": "staging-east-2-east-peering",
              "environment": "staging",
              "managed_by": "terraform",
              "stack": "staging-multi-state",
              "state": "05-east-2-network"
            },
            "tags_all": {
              "Name": "staging-east-2-east-peering",
              "environment": "staging",
              "managed_by": "terraform",
              "stack": "staging-multi-state",
              "state": "05-east-2-network"
            },
            "transit_gateway_id": "tgw-052489305f16a515e"
          },
          "sensitive_attributes": [],
          "identity_schema_version": 0,
          "private": "bnVsbA==",
          "dependencies": [
            "aws_ec2_transit_gateway.east_2",
            "data.terraform_remote_state.east_network"
          ]
        }
      ]
    },
    {
      "mode": "managed",
      "type": "aws_ec2_transit_gateway_peering_attachment_accepter",
      "name": "east_accept_east_2",
      "provider": "provider[\"registry.terraform.io/hashicorp/aws\"].east",
      "instances": [
        {
          "schema_version": 0,
          "attributes": {
            "id": "tgw-attach-04838b51c1b7b948f",
            "peer_account_id": "992382747916",
            "peer_region": "us-east-2",
            "peer_transit_gateway_id": "tgw-052489305f16a515e",
            "region": "us-east-1",
            "tags": {
              "Name": "staging-east-east-2-peering-accept",
              "environment": "staging",
              "managed_by": "terraform",
              "stack": "staging-multi-state",
              "state": "05-east-2-network"
            },
            "tags_all": {
              "Name": "staging-east-east-2-peering-accept",
              "environment": "staging",
              "managed_by": "terraform",
              "stack": "staging-multi-state",
              "state": "05-east-2-network"
            },
            "transit_gateway_attachment_id": "tgw-attach-04838b51c1b7b948f",
            "transit_gateway_id": "tgw-095e7f99bc8e0d02e"
          },
          "sensitive_attributes": [],
          "identity_schema_version": 0,
          "private": "bnVsbA==",
          "dependencies": [
            "aws_ec2_transit_gateway.east_2",
            "aws_ec2_transit_gateway_peering_attachment.east_2_to_east",
            "data.terraform_remote_state.east_network"
          ]
        }
      ]
    },
    {
      "mode": "managed",
      "type": "aws_route",
      "name": "east_2_db_to_east",
      "provider": "provider[\"registry.terraform.io/hashicorp/aws\"].east_2",
      "instances": [
        {
          "schema_version": 0,
          "attributes": {
            "carrier_gateway_id": "",
            "core_network_arn": "",
            "destination_cidr_block": "10.60.0.0/16",
            "destination_ipv6_cidr_block": "",
            "destination_prefix_list_id": "",
            "egress_only_gateway_id": "",
            "gateway_id": "",
            "id": "r-rtb-0c016152f982e4a682056622336",
            "instance_id": "",
            "instance_owner_id": "",
            "local_gateway_id": "",
            "nat_gateway_id": "",
            "network_interface_id": "",
            "odb_network_arn": "",
            "origin": "CreateRoute",
            "region": "us-east-2",
            "route_table_id": "rtb-0c016152f982e4a68",
            "state": "active",
            "timeouts": null,
            "transit_gateway_id": "tgw-052489305f16a515e",
            "vpc_endpoint_id": "",
            "vpc_peering_connection_id": ""
          },
          "sensitive_attributes": [],
          "identity_schema_version": 0,
          "identity": {
            "account_id": "992382747916",
            "destination_cidr_block": "10.60.0.0/16",
            "destination_ipv6_cidr_block": null,
            "destination_prefix_list_id": null,
            "region": "us-east-2",
            "route_table_id": "rtb-0c016152f982e4a68"
          },
          "private": "eyJlMmJmYjczMC1lY2FhLTExZTYtOGY4OC0zNDM2M2JjN2M0YzAiOnsiY3JlYXRlIjozMDAwMDAwMDAwMDAsImRlbGV0ZSI6MzAwMDAwMDAwMDAwLCJ1cGRhdGUiOjEyMDAwMDAwMDAwMH19",
          "dependencies": [
            "aws_ec2_transit_gateway.east_2",
            "data.terraform_remote_state.east_network",
            "module.east_2_network.data.aws_availability_zones.available",
            "module.east_2_network.module.vpc.aws_route_table.database",
            "module.east_2_network.module.vpc.aws_route_table.private",
            "module.east_2_network.module.vpc.aws_vpc.this",
            "module.east_2_network.module.vpc.aws_vpc_ipv4_cidr_block_association.this"
          ]
        }
      ]
    },
    {
      "mode": "managed",
      "type": "aws_route",
      "name": "east_2_db_to_west",
      "provider": "provider[\"registry.terraform.io/hashicorp/aws\"].east_2",
      "instances": [
        {
          "schema_version": 0,
          "attributes": {
            "carrier_gateway_id": "",
            "core_network_arn": "",
            "destination_cidr_block": "10.70.0.0/16",
            "destination_ipv6_cidr_block": "",
            "destination_prefix_list_id": "",
            "egress_only_gateway_id": "",
            "gateway_id": "",
            "id": "r-rtb-0c016152f982e4a681844348227",
            "instance_id": "",
            "instance_owner_id": "",
            "local_gateway_id": "",
            "nat_gateway_id": "",
            "network_interface_id": "",
            "odb_network_arn": "",
            "origin": "CreateRoute",
            "region": "us-east-2",
            "route_table_id": "rtb-0c016152f982e4a68",
            "state": "active",
            "timeouts": null,
            "transit_gateway_id": "tgw-052489305f16a515e",
            "vpc_endpoint_id": "",
            "vpc_peering_connection_id": ""
          },
          "sensitive_attributes": [],
          "identity_schema_version": 0,
          "identity": {
            "account_id": "992382747916",
            "destination_cidr_block": "10.70.0.0/16",
            "destination_ipv6_cidr_block": null,
            "destination_prefix_list_id": null,
            "region": "us-east-2",
            "route_table_id": "rtb-0c016152f982e4a68"
          },
          "private": "eyJlMmJmYjczMC1lY2FhLTExZTYtOGY4OC0zNDM2M2JjN2M0YzAiOnsiY3JlYXRlIjozMDAwMDAwMDAwMDAsImRlbGV0ZSI6MzAwMDAwMDAwMDAwLCJ1cGRhdGUiOjEyMDAwMDAwMDAwMH19",
          "dependencies": [
            "aws_ec2_transit_gateway.east_2",
            "data.terraform_remote_state.west_network",
            "module.east_2_network.data.aws_availability_zones.available",
            "module.east_2_network.module.vpc.aws_route_table.database",
            "module.east_2_network.module.vpc.aws_route_table.private",
            "module.east_2_network.module.vpc.aws_vpc.this",
            "module.east_2_network.module.vpc.aws_vpc_ipv4_cidr_block_association.this"
          ]
        }
      ]
    },
    {
      "mode": "managed",
      "type": "aws_route",
      "name": "east_2_db_to_west_1",
      "provider": "provider[\"registry.terraform.io/hashicorp/aws\"].east_2",
      "instances": [
        {
          "schema_version": 0,
          "attributes": {
            "carrier_gateway_id": "",
            "core_network_arn": "",
            "destination_cidr_block": "10.80.0.0/16",
            "destination_ipv6_cidr_block": "",
            "destination_prefix_list_id": "",
            "egress_only_gateway_id": "",
            "gateway_id": "",
            "id": "r-rtb-0c016152f982e4a682992065170",
            "instance_id": "",
            "instance_owner_id": "",
            "local_gateway_id": "",
            "nat_gateway_id": "",
            "network_interface_id": "",
            "odb_network_arn": "",
            "origin": "CreateRoute",
            "region": "us-east-2",
            "route_table_id": "rtb-0c016152f982e4a68",
            "state": "active",
            "timeouts": null,
            "transit_gateway_id": "tgw-052489305f16a515e",
            "vpc_endpoint_id": "",
            "vpc_peering_connection_id": ""
          },
          "sensitive_attributes": [],
          "identity_schema_version": 0,
          "identity": {
            "account_id": "992382747916",
            "destination_cidr_block": "10.80.0.0/16",
            "destination_ipv6_cidr_block": null,
            "destination_prefix_list_id": null,
            "region": "us-east-2",
            "route_table_id": "rtb-0c016152f982e4a68"
          },
          "private": "eyJlMmJmYjczMC1lY2FhLTExZTYtOGY4OC0zNDM2M2JjN2M0YzAiOnsiY3JlYXRlIjozMDAwMDAwMDAwMDAsImRlbGV0ZSI6MzAwMDAwMDAwMDAwLCJ1cGRhdGUiOjEyMDAwMDAwMDAwMH19",
          "dependencies": [
            "aws_ec2_transit_gateway.east_2",
            "module.east_2_network.data.aws_availability_zones.available",
            "module.east_2_network.module.vpc.aws_route_table.database",
            "module.east_2_network.module.vpc.aws_route_table.private",
            "module.east_2_network.module.vpc.aws_vpc.this",
            "module.east_2_network.module.vpc.aws_vpc_ipv4_cidr_block_association.this"
          ]
        }
      ]
    },
    {
      "mode": "managed",
      "type": "aws_route",
      "name": "east_2_intra_to_east",
      "provider": "provider[\"registry.terraform.io/hashicorp/aws\"].east_2",
      "instances": [
        {
          "schema_version": 0,
          "attributes": {
            "carrier_gateway_id": "",
            "core_network_arn": "",
            "destination_cidr_block": "10.60.0.0/16",
            "destination_ipv6_cidr_block": "",
            "destination_prefix_list_id": "",
            "egress_only_gateway_id": "",
            "gateway_id": "",
            "id": "r-rtb-0b4d8d0a47b4f42912056622336",
            "instance_id": "",
            "instance_owner_id": "",
            "local_gateway_id": "",
            "nat_gateway_id": "",
            "network_interface_id": "",
            "odb_network_arn": "",
            "origin": "CreateRoute",
            "region": "us-east-2",
            "route_table_id": "rtb-0b4d8d0a47b4f4291",
            "state": "active",
            "timeouts": null,
            "transit_gateway_id": "tgw-052489305f16a515e",
            "vpc_endpoint_id": "",
            "vpc_peering_connection_id": ""
          },
          "sensitive_attributes": [],
          "identity_schema_version": 0,
          "identity": {
            "account_id": "992382747916",
            "destination_cidr_block": "10.60.0.0/16",
            "destination_ipv6_cidr_block": null,
            "destination_prefix_list_id": null,
            "region": "us-east-2",
            "route_table_id": "rtb-0b4d8d0a47b4f4291"
          },
          "private": "eyJlMmJmYjczMC1lY2FhLTExZTYtOGY4OC0zNDM2M2JjN2M0YzAiOnsiY3JlYXRlIjozMDAwMDAwMDAwMDAsImRlbGV0ZSI6MzAwMDAwMDAwMDAwLCJ1cGRhdGUiOjEyMDAwMDAwMDAwMH19",
          "dependencies": [
            "aws_ec2_transit_gateway.east_2",
            "data.terraform_remote_state.east_network",
            "module.east_2_network.data.aws_availability_zones.available",
            "module.east_2_network.module.vpc.aws_route_table.intra",
            "module.east_2_network.module.vpc.aws_vpc.this",
            "module.east_2_network.module.vpc.aws_vpc_ipv4_cidr_block_association.this"
          ]
        }
      ]
    },
    {
      "mode": "managed",
      "type": "aws_route",
      "name": "east_2_intra_to_west",
      "provider": "provider[\"registry.terraform.io/hashicorp/aws\"].east_2",
      "instances": [
        {
          "schema_version": 0,
          "attributes": {
            "carrier_gateway_id": "",
            "core_network_arn": "",
            "destination_cidr_block": "10.70.0.0/16",
            "destination_ipv6_cidr_block": "",
            "destination_prefix_list_id": "",
            "egress_only_gateway_id": "",
            "gateway_id": "",
            "id": "r-rtb-0b4d8d0a47b4f42911844348227",
            "instance_id": "",
            "instance_owner_id": "",
            "local_gateway_id": "",
            "nat_gateway_id": "",
            "network_interface_id": "",
            "odb_network_arn": "",
            "origin": "CreateRoute",
            "region": "us-east-2",
            "route_table_id": "rtb-0b4d8d0a47b4f4291",
            "state": "active",
            "timeouts": null,
            "transit_gateway_id": "tgw-052489305f16a515e",
            "vpc_endpoint_id": "",
            "vpc_peering_connection_id": ""
          },
          "sensitive_attributes": [],
          "identity_schema_version": 0,
          "identity": {
            "account_id": "992382747916",
            "destination_cidr_block": "10.70.0.0/16",
            "destination_ipv6_cidr_block": null,
            "destination_prefix_list_id": null,
            "region": "us-east-2",
            "route_table_id": "rtb-0b4d8d0a47b4f4291"
          },
          "private": "eyJlMmJmYjczMC1lY2FhLTExZTYtOGY4OC0zNDM2M2JjN2M0YzAiOnsiY3JlYXRlIjozMDAwMDAwMDAwMDAsImRlbGV0ZSI6MzAwMDAwMDAwMDAwLCJ1cGRhdGUiOjEyMDAwMDAwMDAwMH19",
          "dependencies": [
            "aws_ec2_transit_gateway.east_2",
            "data.terraform_remote_state.west_network",
            "module.east_2_network.data.aws_availability_zones.available",
            "module.east_2_network.module.vpc.aws_route_table.intra",
            "module.east_2_network.module.vpc.aws_vpc.this",
            "module.east_2_network.module.vpc.aws_vpc_ipv4_cidr_block_association.this"
          ]
        }
      ]
    },
    {
      "mode": "managed",
      "type": "aws_route",
      "name": "east_2_intra_to_west_1",
      "provider": "provider[\"registry.terraform.io/hashicorp/aws\"].east_2",
      "instances": [
        {
          "schema_version": 0,
          "attributes": {
            "carrier_gateway_id": "",
            "core_network_arn": "",
            "destination_cidr_block": "10.80.0.0/16",
            "destination_ipv6_cidr_block": "",
            "destination_prefix_list_id": "",
            "egress_only_gateway_id": "",
            "gateway_id": "",
            "id": "r-rtb-0b4d8d0a47b4f42912992065170",
            "instance_id": "",
            "instance_owner_id": "",
            "local_gateway_id": "",
            "nat_gateway_id": "",
            "network_interface_id": "",
            "odb_network_arn": "",
            "origin": "CreateRoute",
            "region": "us-east-2",
            "route_table_id": "rtb-0b4d8d0a47b4f4291",
            "state": "active",
            "timeouts": null,
            "transit_gateway_id": "tgw-052489305f16a515e",
            "vpc_endpoint_id": "",
            "vpc_peering_connection_id": ""
          },
          "sensitive_attributes": [],
          "identity_schema_version": 0,
          "identity": {
            "account_id": "992382747916",
            "destination_cidr_block": "10.80.0.0/16",
            "destination_ipv6_cidr_block": null,
            "destination_prefix_list_id": null,
            "region": "us-east-2",
            "route_table_id": "rtb-0b4d8d0a47b4f4291"
          },
          "private": "eyJlMmJmYjczMC1lY2FhLTExZTYtOGY4OC0zNDM2M2JjN2M0YzAiOnsiY3JlYXRlIjozMDAwMDAwMDAwMDAsImRlbGV0ZSI6MzAwMDAwMDAwMDAwLCJ1cGRhdGUiOjEyMDAwMDAwMDAwMH19",
          "dependencies": [
            "aws_ec2_transit_gateway.east_2",
            "module.east_2_network.data.aws_availability_zones.available",
            "module.east_2_network.module.vpc.aws_route_table.intra",
            "module.east_2_network.module.vpc.aws_vpc.this",
            "module.east_2_network.module.vpc.aws_vpc_ipv4_cidr_block_association.this"
          ]
        }
      ]
    },
    {
      "mode": "managed",
      "type": "aws_route",
      "name": "east_2_private_to_east",
      "provider": "provider[\"registry.terraform.io/hashicorp/aws\"].east_2",
      "instances": [
        {
          "schema_version": 0,
          "attributes": {
            "carrier_gateway_id": "",
            "core_network_arn": "",
            "destination_cidr_block": "10.60.0.0/16",
            "destination_ipv6_cidr_block": "",
            "destination_prefix_list_id": "",
            "egress_only_gateway_id": "",
            "gateway_id": "",
            "id": "r-rtb-057c0b19e49ca533b2056622336",
            "instance_id": "",
            "instance_owner_id": "",
            "local_gateway_id": "",
            "nat_gateway_id": "",
            "network_interface_id": "",
            "odb_network_arn": "",
            "origin": "CreateRoute",
            "region": "us-east-2",
            "route_table_id": "rtb-057c0b19e49ca533b",
            "state": "active",
            "timeouts": null,
            "transit_gateway_id": "tgw-052489305f16a515e",
            "vpc_endpoint_id": "",
            "vpc_peering_connection_id": ""
          },
          "sensitive_attributes": [],
          "identity_schema_version": 0,
          "identity": {
            "account_id": "992382747916",
            "destination_cidr_block": "10.60.0.0/16",
            "destination_ipv6_cidr_block": null,
            "destination_prefix_list_id": null,
            "region": "us-east-2",
            "route_table_id": "rtb-057c0b19e49ca533b"
          },
          "private": "eyJlMmJmYjczMC1lY2FhLTExZTYtOGY4OC0zNDM2M2JjN2M0YzAiOnsiY3JlYXRlIjozMDAwMDAwMDAwMDAsImRlbGV0ZSI6MzAwMDAwMDAwMDAwLCJ1cGRhdGUiOjEyMDAwMDAwMDAwMH19",
          "dependencies": [
            "aws_ec2_transit_gateway.east_2",
            "data.terraform_remote_state.east_network",
            "module.east_2_network.data.aws_availability_zones.available",
            "module.east_2_network.module.vpc.aws_route_table.private",
            "module.east_2_network.module.vpc.aws_vpc.this",
            "module.east_2_network.module.vpc.aws_vpc_ipv4_cidr_block_association.this"
          ]
        }
      ]
    },
    {
      "mode": "managed",
      "type": "aws_route",
      "name": "east_2_private_to_west",
      "provider": "provider[\"registry.terraform.io/hashicorp/aws\"].east_2",
      "instances": [
        {
          "schema_version": 0,
          "attributes": {
            "carrier_gateway_id": "",
            "core_network_arn": "",
            "destination_cidr_block": "10.70.0.0/16",
            "destination_ipv6_cidr_block": "",
            "destination_prefix_list_id": "",
            "egress_only_gateway_id": "",
            "gateway_id": "",
            "id": "r-rtb-057c0b19e49ca533b1844348227",
            "instance_id": "",
            "instance_owner_id": "",
            "local_gateway_id": "",
            "nat_gateway_id": "",
            "network_interface_id": "",
            "odb_network_arn": "",
            "origin": "CreateRoute",
            "region": "us-east-2",
            "route_table_id": "rtb-057c0b19e49ca533b",
            "state": "active",
            "timeouts": null,
            "transit_gateway_id": "tgw-052489305f16a515e",
            "vpc_endpoint_id": "",
            "vpc_peering_connection_id": ""
          },
          "sensitive_attributes": [],
          "identity_schema_version": 0,
          "identity": {
            "account_id": "992382747916",
            "destination_cidr_block": "10.70.0.0/16",
            "destination_ipv6_cidr_block": null,
            "destination_prefix_list_id": null,
            "region": "us-east-2",
            "route_table_id": "rtb-057c0b19e49ca533b"
          },
          "private": "eyJlMmJmYjczMC1lY2FhLTExZTYtOGY4OC0zNDM2M2JjN2M0YzAiOnsiY3JlYXRlIjozMDAwMDAwMDAwMDAsImRlbGV0ZSI6MzAwMDAwMDAwMDAwLCJ1cGRhdGUiOjEyMDAwMDAwMDAwMH19",
          "dependencies": [
            "aws_ec2_transit_gateway.east_2",
            "data.terraform_remote_state.west_network",
            "module.east_2_network.data.aws_availability_zones.available",
            "module.east_2_network.module.vpc.aws_route_table.private",
            "module.east_2_network.module.vpc.aws_vpc.this",
            "module.east_2_network.module.vpc.aws_vpc_ipv4_cidr_block_association.this"
          ]
        }
      ]
    },
    {
      "mode": "managed",
      "type": "aws_route",
      "name": "east_2_private_to_west_1",
      "provider": "provider[\"registry.terraform.io/hashicorp/aws\"].east_2",
      "instances": [
        {
          "schema_version": 0,
          "attributes": {
            "carrier_gateway_id": "",
            "core_network_arn": "",
            "destination_cidr_block": "10.80.0.0/16",
            "destination_ipv6_cidr_block": "",
            "destination_prefix_list_id": "",
            "egress_only_gateway_id": "",
            "gateway_id": "",
            "id": "r-rtb-057c0b19e49ca533b2992065170",
            "instance_id": "",
            "instance_owner_id": "",
            "local_gateway_id": "",
            "nat_gateway_id": "",
            "network_interface_id": "",
            "odb_network_arn": "",
            "origin": "CreateRoute",
            "region": "us-east-2",
            "route_table_id": "rtb-057c0b19e49ca533b",
            "state": "active",
            "timeouts": null,
            "transit_gateway_id": "tgw-052489305f16a515e",
            "vpc_endpoint_id": "",
            "vpc_peering_connection_id": ""
          },
          "sensitive_attributes": [],
          "identity_schema_version": 0,
          "identity": {
            "account_id": "992382747916",
            "destination_cidr_block": "10.80.0.0/16",
            "destination_ipv6_cidr_block": null,
            "destination_prefix_list_id": null,
            "region": "us-east-2",
            "route_table_id": "rtb-057c0b19e49ca533b"
          },
          "private": "eyJlMmJmYjczMC1lY2FhLTExZTYtOGY4OC0zNDM2M2JjN2M0YzAiOnsiY3JlYXRlIjozMDAwMDAwMDAwMDAsImRlbGV0ZSI6MzAwMDAwMDAwMDAwLCJ1cGRhdGUiOjEyMDAwMDAwMDAwMH19",
          "dependencies": [
            "aws_ec2_transit_gateway.east_2",
            "module.east_2_network.data.aws_availability_zones.available",
            "module.east_2_network.module.vpc.aws_route_table.private",
            "module.east_2_network.module.vpc.aws_vpc.this",
            "module.east_2_network.module.vpc.aws_vpc_ipv4_cidr_block_association.this"
          ]
        }
      ]
    },
    {
      "mode": "managed",
      "type": "aws_route",
      "name": "east_db_to_east_2",
      "provider": "provider[\"registry.terraform.io/hashicorp/aws\"].east",
      "instances": [
        {
          "index_key": "rtb-06c3bd2d67b0bb60a",
          "schema_version": 0,
          "attributes": {
            "carrier_gateway_id": "",
            "core_network_arn": "",
            "destination_cidr_block": "10.65.0.0/16",
            "destination_ipv6_cidr_block": "",
            "destination_prefix_list_id": "",
            "egress_only_gateway_id": "",
            "gateway_id": "",
            "id": "r-rtb-06c3bd2d67b0bb60a846569316",
            "instance_id": "",
            "instance_owner_id": "",
            "local_gateway_id": "",
            "nat_gateway_id": "",
            "network_interface_id": "",
            "odb_network_arn": "",
            "origin": "CreateRoute",
            "region": "us-east-1",
            "route_table_id": "rtb-06c3bd2d67b0bb60a",
            "state": "active",
            "timeouts": null,
            "transit_gateway_id": "tgw-095e7f99bc8e0d02e",
            "vpc_endpoint_id": "",
            "vpc_peering_connection_id": ""
          },
          "sensitive_attributes": [],
          "identity_schema_version": 0,
          "identity": {
            "account_id": "992382747916",
            "destination_cidr_block": "10.65.0.0/16",
            "destination_ipv6_cidr_block": null,
            "destination_prefix_list_id": null,
            "region": "us-east-1",
            "route_table_id": "rtb-06c3bd2d67b0bb60a"
          },
          "private": "eyJlMmJmYjczMC1lY2FhLTExZTYtOGY4OC0zNDM2M2JjN2M0YzAiOnsiY3JlYXRlIjozMDAwMDAwMDAwMDAsImRlbGV0ZSI6MzAwMDAwMDAwMDAwLCJ1cGRhdGUiOjEyMDAwMDAwMDAwMH19",
          "dependencies": [
            "data.terraform_remote_state.east_network",
            "module.east_2_network.module.vpc.aws_vpc.this"
          ]
        }
      ]
    },
    {
      "mode": "managed",
      "type": "aws_route",
      "name": "east_intra_to_east_2",
      "provider": "provider[\"registry.terraform.io/hashicorp/aws\"].east",
      "instances": [
        {
          "index_key": "rtb-0e93a5d6ac1c54e03",
          "schema_version": 0,
          "attributes": {
            "carrier_gateway_id": "",
            "core_network_arn": "",
            "destination_cidr_block": "10.65.0.0/16",
            "destination_ipv6_cidr_block": "",
            "destination_prefix_list_id": "",
            "egress_only_gateway_id": "",
            "gateway_id": "",
            "id": "r-rtb-0e93a5d6ac1c54e03846569316",
            "instance_id": "",
            "instance_owner_id": "",
            "local_gateway_id": "",
            "nat_gateway_id": "",
            "network_interface_id": "",
            "odb_network_arn": "",
            "origin": "CreateRoute",
            "region": "us-east-1",
            "route_table_id": "rtb-0e93a5d6ac1c54e03",
            "state": "active",
            "timeouts": null,
            "transit_gateway_id": "tgw-095e7f99bc8e0d02e",
            "vpc_endpoint_id": "",
            "vpc_peering_connection_id": ""
          },
          "sensitive_attributes": [],
          "identity_schema_version": 0,
          "identity": {
            "account_id": "992382747916",
            "destination_cidr_block": "10.65.0.0/16",
            "destination_ipv6_cidr_block": null,
            "destination_prefix_list_id": null,
            "region": "us-east-1",
            "route_table_id": "rtb-0e93a5d6ac1c54e03"
          },
          "private": "eyJlMmJmYjczMC1lY2FhLTExZTYtOGY4OC0zNDM2M2JjN2M0YzAiOnsiY3JlYXRlIjozMDAwMDAwMDAwMDAsImRlbGV0ZSI6MzAwMDAwMDAwMDAwLCJ1cGRhdGUiOjEyMDAwMDAwMDAwMH19",
          "dependencies": [
            "data.terraform_remote_state.east_network",
            "module.east_2_network.module.vpc.aws_vpc.this"
          ]
        }
      ]
    },
    {
      "mode": "managed",
      "type": "aws_route",
      "name": "east_private_to_east_2",
      "provider": "provider[\"registry.terraform.io/hashicorp/aws\"].east",
      "instances": [
        {
          "index_key": "rtb-0189113c2767b05ac",
          "schema_version": 0,
          "attributes": {
            "carrier_gateway_id": "",
            "core_network_arn": "",
            "destination_cidr_block": "10.65.0.0/16",
            "destination_ipv6_cidr_block": "",
            "destination_prefix_list_id": "",
            "egress_only_gateway_id": "",
            "gateway_id": "",
            "id": "r-rtb-0189113c2767b05ac846569316",
            "instance_id": "",
            "instance_owner_id": "",
            "local_gateway_id": "",
            "nat_gateway_id": "",
            "network_interface_id": "",
            "odb_network_arn": "",
            "origin": "CreateRoute",
            "region": "us-east-1",
            "route_table_id": "rtb-0189113c2767b05ac",
            "state": "active",
            "timeouts": null,
            "transit_gateway_id": "tgw-095e7f99bc8e0d02e",
            "vpc_endpoint_id": "",
            "vpc_peering_connection_id": ""
          },
          "sensitive_attributes": [],
          "identity_schema_version": 0,
          "identity": {
            "account_id": "992382747916",
            "destination_cidr_block": "10.65.0.0/16",
            "destination_ipv6_cidr_block": null,
            "destination_prefix_list_id": null,
            "region": "us-east-1",
            "route_table_id": "rtb-0189113c2767b05ac"
          },
          "private": "eyJlMmJmYjczMC1lY2FhLTExZTYtOGY4OC0zNDM2M2JjN2M0YzAiOnsiY3JlYXRlIjozMDAwMDAwMDAwMDAsImRlbGV0ZSI6MzAwMDAwMDAwMDAwLCJ1cGRhdGUiOjEyMDAwMDAwMDAwMH19",
          "dependencies": [
            "data.terraform_remote_state.east_network",
            "module.east_2_network.module.vpc.aws_vpc.this"
          ]
        }
      ]
    },
    {
      "mode": "managed",
      "type": "aws_route",
      "name": "west_hub_to_east_2",
      "provider": "provider[\"registry.terraform.io/hashicorp/aws\"].west",
      "instances": [
        {
          "index_key": "rtb-0069a4537877e0f49",
          "schema_version": 0,
          "attributes": {
            "carrier_gateway_id": "",
            "core_network_arn": "",
            "destination_cidr_block": "10.65.0.0/16",
            "destination_ipv6_cidr_block": "",
            "destination_prefix_list_id": "",
            "egress_only_gateway_id": "",
            "gateway_id": "",
            "id": "r-rtb-0069a4537877e0f49846569316",
            "instance_id": "",
            "instance_owner_id": "",
            "local_gateway_id": "",
            "nat_gateway_id": "",
            "network_interface_id": "",
            "odb_network_arn": "",
            "origin": "CreateRoute",
            "region": "us-west-2",
            "route_table_id": "rtb-0069a4537877e0f49",
            "state": "active",
            "timeouts": null,
            "transit_gateway_id": "tgw-060c8c99a09a5ea5c",
            "vpc_endpoint_id": "",
            "vpc_peering_connection_id": ""
          },
          "sensitive_attributes": [],
          "identity_schema_version": 0,
          "identity": {
            "account_id": "992382747916",
            "destination_cidr_block": "10.65.0.0/16",
            "destination_ipv6_cidr_block": null,
            "destination_prefix_list_id": null,
            "region": "us-west-2",
            "route_table_id": "rtb-0069a4537877e0f49"
          },
          "private": "eyJlMmJmYjczMC1lY2FhLTExZTYtOGY4OC0zNDM2M2JjN2M0YzAiOnsiY3JlYXRlIjozMDAwMDAwMDAwMDAsImRlbGV0ZSI6MzAwMDAwMDAwMDAwLCJ1cGRhdGUiOjEyMDAwMDAwMDAwMH19",
          "dependencies": [
            "data.aws_route_tables.west_hub",
            "data.aws_vpc.west_hub",
            "data.terraform_remote_state.west_network",
            "module.east_2_network.module.vpc.aws_vpc.this"
          ]
        },
        {
          "index_key": "rtb-00a469da79c232ca7",
          "schema_version": 0,
          "attributes": {
            "carrier_gateway_id": "",
            "core_network_arn": "",
            "destination_cidr_block": "10.65.0.0/16",
            "destination_ipv6_cidr_block": "",
            "destination_prefix_list_id": "",
            "egress_only_gateway_id": "",
            "gateway_id": "",
            "id": "r-rtb-00a469da79c232ca7846569316",
            "instance_id": "",
            "instance_owner_id": "",
            "local_gateway_id": "",
            "nat_gateway_id": "",
            "network_interface_id": "",
            "odb_network_arn": "",
            "origin": "CreateRoute",
            "region": "us-west-2",
            "route_table_id": "rtb-00a469da79c232ca7",
            "state": "active",
            "timeouts": null,
            "transit_gateway_id": "tgw-060c8c99a09a5ea5c",
            "vpc_endpoint_id": "",
            "vpc_peering_connection_id": ""
          },
          "sensitive_attributes": [],
          "identity_schema_version": 0,
          "identity": {
            "account_id": "992382747916",
            "destination_cidr_block": "10.65.0.0/16",
            "destination_ipv6_cidr_block": null,
            "destination_prefix_list_id": null,
            "region": "us-west-2",
            "route_table_id": "rtb-00a469da79c232ca7"
          },
          "private": "eyJlMmJmYjczMC1lY2FhLTExZTYtOGY4OC0zNDM2M2JjN2M0YzAiOnsiY3JlYXRlIjozMDAwMDAwMDAwMDAsImRlbGV0ZSI6MzAwMDAwMDAwMDAwLCJ1cGRhdGUiOjEyMDAwMDAwMDAwMH19",
          "dependencies": [
            "data.aws_route_tables.west_hub",
            "data.aws_vpc.west_hub",
            "data.terraform_remote_state.west_network",
            "module.east_2_network.module.vpc.aws_vpc.this"
          ]
        },
        {
          "index_key": "rtb-00d3b989be3ab9de3",
          "schema_version": 0,
          "attributes": {
            "carrier_gateway_id": "",
            "core_network_arn": "",
            "destination_cidr_block": "10.65.0.0/16",
            "destination_ipv6_cidr_block": "",
            "destination_prefix_list_id": "",
            "egress_only_gateway_id": "",
            "gateway_id": "",
            "id": "r-rtb-00d3b989be3ab9de3846569316",
            "instance_id": "",
            "instance_owner_id": "",
            "local_gateway_id": "",
            "nat_gateway_id": "",
            "network_interface_id": "",
            "odb_network_arn": "",
            "origin": "CreateRoute",
            "region": "us-west-2",
            "route_table_id": "rtb-00d3b989be3ab9de3",
            "state": "active",
            "timeouts": null,
            "transit_gateway_id": "tgw-060c8c99a09a5ea5c",
            "vpc_endpoint_id": "",
            "vpc_peering_connection_id": ""
          },
          "sensitive_attributes": [],
          "identity_schema_version": 0,
          "identity": {
            "account_id": "992382747916",
            "destination_cidr_block": "10.65.0.0/16",
            "destination_ipv6_cidr_block": null,
            "destination_prefix_list_id": null,
            "region": "us-west-2",
            "route_table_id": "rtb-00d3b989be3ab9de3"
          },
          "private": "eyJlMmJmYjczMC1lY2FhLTExZTYtOGY4OC0zNDM2M2JjN2M0YzAiOnsiY3JlYXRlIjozMDAwMDAwMDAwMDAsImRlbGV0ZSI6MzAwMDAwMDAwMDAwLCJ1cGRhdGUiOjEyMDAwMDAwMDAwMH19",
          "dependencies": [
            "data.aws_route_tables.west_hub",
            "data.aws_vpc.west_hub",
            "data.terraform_remote_state.west_network",
            "module.east_2_network.module.vpc.aws_vpc.this"
          ]
        },
        {
          "index_key": "rtb-06e757896be02e518",
          "schema_version": 0,
          "attributes": {
            "carrier_gateway_id": "",
            "core_network_arn": "",
            "destination_cidr_block": "10.65.0.0/16",
            "destination_ipv6_cidr_block": "",
            "destination_prefix_list_id": "",
            "egress_only_gateway_id": "",
            "gateway_id": "",
            "id": "r-rtb-06e757896be02e518846569316",
            "instance_id": "",
            "instance_owner_id": "",
            "local_gateway_id": "",
            "nat_gateway_id": "",
            "network_interface_id": "",
            "odb_network_arn": "",
            "origin": "CreateRoute",
            "region": "us-west-2",
            "route_table_id": "rtb-06e757896be02e518",
            "state": "active",
            "timeouts": null,
            "transit_gateway_id": "tgw-060c8c99a09a5ea5c",
            "vpc_endpoint_id": "",
            "vpc_peering_connection_id": ""
          },
          "sensitive_attributes": [],
          "identity_schema_version": 0,
          "identity": {
            "account_id": "992382747916",
            "destination_cidr_block": "10.65.0.0/16",
            "destination_ipv6_cidr_block": null,
            "destination_prefix_list_id": null,
            "region": "us-west-2",
            "route_table_id": "rtb-06e757896be02e518"
          },
          "private": "eyJlMmJmYjczMC1lY2FhLTExZTYtOGY4OC0zNDM2M2JjN2M0YzAiOnsiY3JlYXRlIjozMDAwMDAwMDAwMDAsImRlbGV0ZSI6MzAwMDAwMDAwMDAwLCJ1cGRhdGUiOjEyMDAwMDAwMDAwMH19",
          "dependencies": [
            "data.aws_route_tables.west_hub",
            "data.aws_vpc.west_hub",
            "data.terraform_remote_state.west_network",
            "module.east_2_network.module.vpc.aws_vpc.this"
          ]
        },
        {
          "index_key": "rtb-0e63f84de57314631",
          "schema_version": 0,
          "attributes": {
            "carrier_gateway_id": "",
            "core_network_arn": "",
            "destination_cidr_block": "10.65.0.0/16",
            "destination_ipv6_cidr_block": "",
            "destination_prefix_list_id": "",
            "egress_only_gateway_id": "",
            "gateway_id": "",
            "id": "r-rtb-0e63f84de57314631846569316",
            "instance_id": "",
            "instance_owner_id": "",
            "local_gateway_id": "",
            "nat_gateway_id": "",
            "network_interface_id": "",
            "odb_network_arn": "",
            "origin": "CreateRoute",
            "region": "us-west-2",
            "route_table_id": "rtb-0e63f84de57314631",
            "state": "active",
            "timeouts": null,
            "transit_gateway_id": "tgw-060c8c99a09a5ea5c",
            "vpc_endpoint_id": "",
            "vpc_peering_connection_id": ""
          },
          "sensitive_attributes": [],
          "identity_schema_version": 0,
          "identity": {
            "account_id": "992382747916",
            "destination_cidr_block": "10.65.0.0/16",
            "destination_ipv6_cidr_block": null,
            "destination_prefix_list_id": null,
            "region": "us-west-2",
            "route_table_id": "rtb-0e63f84de57314631"
          },
          "private": "eyJlMmJmYjczMC1lY2FhLTExZTYtOGY4OC0zNDM2M2JjN2M0YzAiOnsiY3JlYXRlIjozMDAwMDAwMDAwMDAsImRlbGV0ZSI6MzAwMDAwMDAwMDAwLCJ1cGRhdGUiOjEyMDAwMDAwMDAwMH19",
          "dependencies": [
            "data.aws_route_tables.west_hub",
            "data.aws_vpc.west_hub",
            "data.terraform_remote_state.west_network",
            "module.east_2_network.module.vpc.aws_vpc.this"
          ]
        }
      ]
    },
    {
      "mode": "managed",
      "type": "aws_vpc_endpoint",
      "name": "execute_api",
      "provider": "provider[\"registry.terraform.io/hashicorp/aws\"].east_2",
      "instances": [
        {
          "schema_version": 0,
          "attributes": {
            "arn": "arn:aws:ec2:us-east-2:992382747916:vpc-endpoint/vpce-0c27190d9740259ff",
            "auto_accept": null,
            "cidr_blocks": [],
            "dns_entry": [
              {
                "dns_name": "vpce-0c27190d9740259ff-etd6n0sg.execute-api.us-east-2.vpce.amazonaws.com",
                "hosted_zone_id": "ZC8PG0KIFKBRI"
              },
              {
                "dns_name": "vpce-0c27190d9740259ff-etd6n0sg-us-east-2b.execute-api.us-east-2.vpce.amazonaws.com",
                "hosted_zone_id": "ZC8PG0KIFKBRI"
              },
              {
                "dns_name": "vpce-0c27190d9740259ff-etd6n0sg-us-east-2a.execute-api.us-east-2.vpce.amazonaws.com",
                "hosted_zone_id": "ZC8PG0KIFKBRI"
              },
              {
                "dns_name": "execute-api.us-east-2.amazonaws.com",
                "hosted_zone_id": "Z1022322AH4FULM7LOBS"
              },
              {
                "dns_name": "*.execute-api.us-east-2.amazonaws.com",
                "hosted_zone_id": "Z1022322AH4FULM7LOBS"
              }
            ],
            "dns_options": [
              {
                "dns_record_ip_type": "ipv4",
                "private_dns_only_for_inbound_resolver_endpoint": false,
                "private_dns_preference": "",
                "private_dns_specified_domains": []
              }
            ],
            "id": "vpce-0c27190d9740259ff",
            "ip_address_type": "ipv4",
            "network_interface_ids": [
              "eni-01b29aae6e8c41e02",
              "eni-0a6bf2ffb0f7f066e"
            ],
            "owner_id": "992382747916",
            "policy": "{\"Statement\":[{\"Action\":\"*\",\"Effect\":\"Allow\",\"Principal\":\"*\",\"Resource\":\"*\"}]}",
            "prefix_list_id": null,
            "private_dns_enabled": true,
            "region": "us-east-2",
            "requester_managed": false,
            "resource_configuration_arn": "",
            "route_table_ids": [],
            "security_group_ids": [
              "sg-0756c97874c52a98d"
            ],
            "service_name": "com.amazonaws.us-east-2.execute-api",
            "service_network_arn": "",
            "service_region": "us-east-2",
            "state": "available",
            "subnet_configuration": [
              {
                "ipv4": "10.65.20.110",
                "ipv6": "",
                "subnet_id": "subnet-0401203eab1aa6c85"
              },
              {
                "ipv4": "10.65.21.14",
                "ipv6": "",
                "subnet_id": "subnet-00235d4b2f1a6a408"
              }
            ],
            "subnet_ids": [
              "subnet-00235d4b2f1a6a408",
              "subnet-0401203eab1aa6c85"
            ],
            "tags": {
              "Name": "staging-east-2-execute-api-vpce",
              "environment": "staging",
              "managed_by": "terraform",
              "stack": "staging-multi-state",
              "state": "05-east-2-network"
            },
            "tags_all": {
              "Name": "staging-east-2-execute-api-vpce",
              "environment": "staging",
              "managed_by": "terraform",
              "stack": "staging-multi-state",
              "state": "05-east-2-network"
            },
            "timeouts": null,
            "vpc_endpoint_type": "Interface",
            "vpc_id": "vpc-0ff01f65820f5040e"
          },
          "sensitive_attributes": [],
          "identity_schema_version": 0,
          "identity": {
            "account_id": "992382747916",
            "id": "vpce-0c27190d9740259ff",
            "region": "us-east-2"
          },
          "private": "eyJlMmJmYjczMC1lY2FhLTExZTYtOGY4OC0zNDM2M2JjN2M0YzAiOnsiY3JlYXRlIjo2MDAwMDAwMDAwMDAsImRlbGV0ZSI6NjAwMDAwMDAwMDAwLCJ1cGRhdGUiOjYwMDAwMDAwMDAwMH19",
          "dependencies": [
            "module.east_2_network.data.aws_availability_zones.available",
            "module.east_2_network.module.interface_endpoint_security_group.aws_security_group.this",
            "module.east_2_network.module.interface_endpoint_security_group.aws_security_group.this_name_prefix",
            "module.east_2_network.module.vpc.aws_subnet.intra",
            "module.east_2_network.module.vpc.aws_vpc.this",
            "module.east_2_network.module.vpc.aws_vpc_ipv4_cidr_block_association.this"
          ]
        }
      ]
    },
    {
      "module": "module.east_2_network",
      "mode": "data",
      "type": "aws_availability_zones",
      "name": "available",
      "provider": "provider[\"registry.terraform.io/hashicorp/aws\"].east_2",
      "instances": [
        {
          "schema_version": 0,
          "attributes": {
            "all_availability_zones": null,
            "exclude_names": null,
            "exclude_zone_ids": null,
            "filter": null,
            "group_names": [
              "us-east-2-zg-1"
            ],
            "id": "us-east-2",
            "names": [
              "us-east-2a",
              "us-east-2b",
              "us-east-2c"
            ],
            "region": "us-east-2",
            "state": "available",
            "timeouts": null,
            "zone_ids": [
              "use2-az1",
              "use2-az2",
              "use2-az3"
            ]
          },
          "sensitive_attributes": [],
          "identity_schema_version": 0
        }
      ]
    },
    {
      "module": "module.east_2_network.module.interface_endpoint_security_group",
      "mode": "managed",
      "type": "aws_security_group",
      "name": "this",
      "provider": "provider[\"registry.terraform.io/hashicorp/aws\"].east_2",
      "instances": []
    },
    {
      "module": "module.east_2_network.module.interface_endpoint_security_group",
      "mode": "managed",
      "type": "aws_security_group",
      "name": "this_name_prefix",
      "provider": "provider[\"registry.terraform.io/hashicorp/aws\"].east_2",
      "instances": [
        {
          "index_key": 0,
          "schema_version": 1,
          "attributes": {
            "arn": "arn:aws:ec2:us-east-2:992382747916:security-group/sg-0756c97874c52a98d",
            "description": "Allows HTTPS from VPC workloads to interface VPC endpoints",
            "egress": [
              {
                "cidr_blocks": [
                  "10.65.0.0/16"
                ],
                "description": "VPC only (stateful SG handles return path)",
                "from_port": 0,
                "ipv6_cidr_blocks": [],
                "prefix_list_ids": [],
                "protocol": "-1",
                "security_groups": [],
                "self": false,
                "to_port": 0
              }
            ],
            "id": "sg-0756c97874c52a98d",
            "ingress": [
              {
                "cidr_blocks": [
                  "10.65.0.0/16"
                ],
                "description": "HTTPS from VPC workloads (interface endpoints)",
                "from_port": 443,
                "ipv6_cidr_blocks": [],
                "prefix_list_ids": [],
                "protocol": "tcp",
                "security_groups": [],
                "self": false,
                "to_port": 443
              }
            ],
            "name": "staging-east-2-vpce-sg-20260531205905837800000003",
            "name_prefix": "staging-east-2-vpce-sg-",
            "owner_id": "992382747916",
            "region": "us-east-2",
            "revoke_rules_on_delete": false,
            "tags": {
              "Name": "staging-east-2-vpce-sg",
              "environment": "staging",
              "managed_by": "terraform",
              "stack": "staging-multi-state",
              "state": "05-east-2-network"
            },
            "tags_all": {
              "Name": "staging-east-2-vpce-sg",
              "environment": "staging",
              "managed_by": "terraform",
              "stack": "staging-multi-state",
              "state": "05-east-2-network"
            },
            "timeouts": {
              "create": "10m",
              "delete": "15m"
            },
            "vpc_id": "vpc-0ff01f65820f5040e"
          },
          "sensitive_attributes": [],
          "identity_schema_version": 0,
          "identity": {
            "account_id": "992382747916",
            "id": "sg-0756c97874c52a98d",
            "region": "us-east-2"
          },
          "private": "eyJlMmJmYjczMC1lY2FhLTExZTYtOGY4OC0zNDM2M2JjN2M0YzAiOnsiY3JlYXRlIjo2MDAwMDAwMDAwMDAsImRlbGV0ZSI6OTAwMDAwMDAwMDAwfSwic2NoZW1hX3ZlcnNpb24iOiIxIn0=",
          "dependencies": [
            "module.east_2_network.module.vpc.aws_vpc.this"
          ],
          "create_before_destroy": true
        }
      ]
    },
    {
      "module": "module.east_2_network.module.interface_endpoint_security_group",
      "mode": "managed",
      "type": "aws_security_group_rule",
      "name": "computed_egress_rules",
      "provider": "provider[\"registry.terraform.io/hashicorp/aws\"].east_2",
      "instances": []
    },
    {
      "module": "module.east_2_network.module.interface_endpoint_security_group",
      "mode": "managed",
      "type": "aws_security_group_rule",
      "name": "computed_egress_with_cidr_blocks",
      "provider": "provider[\"registry.terraform.io/hashicorp/aws\"].east_2",
      "instances": []
    },
    {
      "module": "module.east_2_network.module.interface_endpoint_security_group",
      "mode": "managed",
      "type": "aws_security_group_rule",
      "name": "computed_egress_with_ipv6_cidr_blocks",
      "provider": "provider[\"registry.terraform.io/hashicorp/aws\"].east_2",
      "instances": []
    },
    {
      "module": "module.east_2_network.module.interface_endpoint_security_group",
      "mode": "managed",
      "type": "aws_security_group_rule",
      "name": "computed_egress_with_prefix_list_ids",
      "provider": "provider[\"registry.terraform.io/hashicorp/aws\"].east_2",
      "instances": []
    },
    {
      "module": "module.east_2_network.module.interface_endpoint_security_group",
      "mode": "managed",
      "type": "aws_security_group_rule",
      "name": "computed_egress_with_self",
      "provider": "provider[\"registry.terraform.io/hashicorp/aws\"].east_2",
      "instances": []
    },
    {
      "module": "module.east_2_network.module.interface_endpoint_security_group",
      "mode": "managed",
      "type": "aws_security_group_rule",
      "name": "computed_egress_with_source_security_group_id",
      "provider": "provider[\"registry.terraform.io/hashicorp/aws\"].east_2",
      "instances": []
    },
    {
      "module": "module.east_2_network.module.interface_endpoint_security_group",
      "mode": "managed",
      "type": "aws_security_group_rule",
      "name": "computed_ingress_rules",
      "provider": "provider[\"registry.terraform.io/hashicorp/aws\"].east_2",
      "instances": []
    },
    {
      "module": "module.east_2_network.module.interface_endpoint_security_group",
      "mode": "managed",
      "type": "aws_security_group_rule",
      "name": "computed_ingress_with_cidr_blocks",
      "provider": "provider[\"registry.terraform.io/hashicorp/aws\"].east_2",
      "instances": []
    },
    {
      "module": "module.east_2_network.module.interface_endpoint_security_group",
      "mode": "managed",
      "type": "aws_security_group_rule",
      "name": "computed_ingress_with_ipv6_cidr_blocks",
      "provider": "provider[\"registry.terraform.io/hashicorp/aws\"].east_2",
      "instances": []
    },
    {
      "module": "module.east_2_network.module.interface_endpoint_security_group",
      "mode": "managed",
      "type": "aws_security_group_rule",
      "name": "computed_ingress_with_prefix_list_ids",
      "provider": "provider[\"registry.terraform.io/hashicorp/aws\"].east_2",
      "instances": []
    },
    {
      "module": "module.east_2_network.module.interface_endpoint_security_group",
      "mode": "managed",
      "type": "aws_security_group_rule",
      "name": "computed_ingress_with_self",
      "provider": "provider[\"registry.terraform.io/hashicorp/aws\"].east_2",
      "instances": []
    },
    {
      "module": "module.east_2_network.module.interface_endpoint_security_group",
      "mode": "managed",
      "type": "aws_security_group_rule",
      "name": "computed_ingress_with_source_security_group_id",
      "provider": "provider[\"registry.terraform.io/hashicorp/aws\"].east_2",
      "instances": []
    },
    {
      "module": "module.east_2_network.module.interface_endpoint_security_group",
      "mode": "managed",
      "type": "aws_security_group_rule",
      "name": "egress_rules",
      "provider": "provider[\"registry.terraform.io/hashicorp/aws\"].east_2",
      "instances": []
    },
    {
      "module": "module.east_2_network.module.interface_endpoint_security_group",
      "mode": "managed",
      "type": "aws_security_group_rule",
      "name": "egress_with_cidr_blocks",
      "provider": "provider[\"registry.terraform.io/hashicorp/aws\"].east_2",
      "instances": [
        {
          "index_key": 0,
          "schema_version": 2,
          "attributes": {
            "cidr_blocks": [
              "10.65.0.0/16"
            ],
            "description": "VPC only (stateful SG handles return path)",
            "from_port": 0,
            "id": "sgrule-2883362149",
            "ipv6_cidr_blocks": null,
            "prefix_list_ids": null,
            "protocol": "-1",
            "region": "us-east-2",
            "security_group_id": "sg-0756c97874c52a98d",
            "security_group_rule_id": "sgr-0e058c8dde09dbeb8",
            "self": false,
            "source_security_group_id": null,
            "timeouts": null,
            "to_port": 0,
            "type": "egress"
          },
          "sensitive_attributes": [],
          "identity_schema_version": 0,
          "private": "eyJlMmJmYjczMC1lY2FhLTExZTYtOGY4OC0zNDM2M2JjN2M0YzAiOnsiY3JlYXRlIjozMDAwMDAwMDAwMDB9LCJzY2hlbWFfdmVyc2lvbiI6IjIifQ==",
          "dependencies": [
            "module.east_2_network.module.interface_endpoint_security_group.aws_security_group.this",
            "module.east_2_network.module.interface_endpoint_security_group.aws_security_group.this_name_prefix",
            "module.east_2_network.module.vpc.aws_vpc.this"
          ]
        }
      ]
    },
    {
      "module": "module.east_2_network.module.interface_endpoint_security_group",
      "mode": "managed",
      "type": "aws_security_group_rule",
      "name": "egress_with_ipv6_cidr_blocks",
      "provider": "provider[\"registry.terraform.io/hashicorp/aws\"].east_2",
      "instances": []
    },
    {
      "module": "module.east_2_network.module.interface_endpoint_security_group",
      "mode": "managed",
      "type": "aws_security_group_rule",
      "name": "egress_with_prefix_list_ids",
      "provider": "provider[\"registry.terraform.io/hashicorp/aws\"].east_2",
      "instances": []
    },
    {
      "module": "module.east_2_network.module.interface_endpoint_security_group",
      "mode": "managed",
      "type": "aws_security_group_rule",
      "name": "egress_with_self",
      "provider": "provider[\"registry.terraform.io/hashicorp/aws\"].east_2",
      "instances": []
    },
    {
      "module": "module.east_2_network.module.interface_endpoint_security_group",
      "mode": "managed",
      "type": "aws_security_group_rule",
      "name": "egress_with_source_security_group_id",
      "provider": "provider[\"registry.terraform.io/hashicorp/aws\"].east_2",
      "instances": []
    },
    {
      "module": "module.east_2_network.module.interface_endpoint_security_group",
      "mode": "managed",
      "type": "aws_security_group_rule",
      "name": "ingress_rules",
      "provider": "provider[\"registry.terraform.io/hashicorp/aws\"].east_2",
      "instances": []
    },
    {
      "module": "module.east_2_network.module.interface_endpoint_security_group",
      "mode": "managed",
      "type": "aws_security_group_rule",
      "name": "ingress_with_cidr_blocks",
      "provider": "provider[\"registry.terraform.io/hashicorp/aws\"].east_2",
      "instances": [
        {
          "index_key": 0,
          "schema_version": 2,
          "attributes": {
            "cidr_blocks": [
              "10.65.0.0/16"
            ],
            "description": "HTTPS from VPC workloads (interface endpoints)",
            "from_port": 443,
            "id": "sgrule-3723372311",
            "ipv6_cidr_blocks": null,
            "prefix_list_ids": null,
            "protocol": "tcp",
            "region": "us-east-2",
            "security_group_id": "sg-0756c97874c52a98d",
            "security_group_rule_id": "sgr-0e48a1cd41dab8139",
            "self": false,
            "source_security_group_id": null,
            "timeouts": null,
            "to_port": 443,
            "type": "ingress"
          },
          "sensitive_attributes": [],
          "identity_schema_version": 0,
          "private": "eyJlMmJmYjczMC1lY2FhLTExZTYtOGY4OC0zNDM2M2JjN2M0YzAiOnsiY3JlYXRlIjozMDAwMDAwMDAwMDB9LCJzY2hlbWFfdmVyc2lvbiI6IjIifQ==",
          "dependencies": [
            "module.east_2_network.module.interface_endpoint_security_group.aws_security_group.this",
            "module.east_2_network.module.interface_endpoint_security_group.aws_security_group.this_name_prefix",
            "module.east_2_network.module.vpc.aws_vpc.this"
          ]
        }
      ]
    },
    {
      "module": "module.east_2_network.module.interface_endpoint_security_group",
      "mode": "managed",
      "type": "aws_security_group_rule",
      "name": "ingress_with_ipv6_cidr_blocks",
      "provider": "provider[\"registry.terraform.io/hashicorp/aws\"].east_2",
      "instances": []
    },
    {
      "module": "module.east_2_network.module.interface_endpoint_security_group",
      "mode": "managed",
      "type": "aws_security_group_rule",
      "name": "ingress_with_prefix_list_ids",
      "provider": "provider[\"registry.terraform.io/hashicorp/aws\"].east_2",
      "instances": []
    },
    {
      "module": "module.east_2_network.module.interface_endpoint_security_group",
      "mode": "managed",
      "type": "aws_security_group_rule",
      "name": "ingress_with_self",
      "provider": "provider[\"registry.terraform.io/hashicorp/aws\"].east_2",
      "instances": []
    },
    {
      "module": "module.east_2_network.module.interface_endpoint_security_group",
      "mode": "managed",
      "type": "aws_security_group_rule",
      "name": "ingress_with_source_security_group_id",
      "provider": "provider[\"registry.terraform.io/hashicorp/aws\"].east_2",
      "instances": []
    },
    {
      "module": "module.east_2_network.module.managed_service_endpoints",
      "mode": "data",
      "type": "aws_vpc_endpoint_service",
      "name": "this",
      "provider": "provider[\"registry.terraform.io/hashicorp/aws\"].east_2",
      "instances": [
        {
          "index_key": "dynamodb",
          "schema_version": 0,
          "attributes": {
            "acceptance_required": false,
            "arn": "arn:aws:ec2:us-east-2:992382747916:vpc-endpoint-service/vpce-svc-0e0098d38c8623924",
            "availability_zones": [
              "us-east-2a",
              "us-east-2b",
              "us-east-2c",
              "us-east-2d"
            ],
            "base_endpoint_dns_names": [
              "dynamodb.us-east-2.amazonaws.com"
            ],
            "filter": [
              {
                "name": "service-type",
                "values": [
                  "Gateway"
                ]
              }
            ],
            "id": "1290575051",
            "manages_vpc_endpoints": false,
            "owner": "amazon",
            "private_dns_name": "",
            "private_dns_names": [],
            "region": "us-east-2",
            "service": "dynamodb",
            "service_id": "vpce-svc-0e0098d38c8623924",
            "service_name": "com.amazonaws.us-east-2.dynamodb",
            "service_region": "us-east-2",
            "service_regions": null,
            "service_type": "Gateway",
            "supported_ip_address_types": [
              "ipv4",
              "ipv6"
            ],
            "tags": {},
            "timeouts": null,
            "vpc_endpoint_policy_supported": true
          },
          "sensitive_attributes": [],
          "identity_schema_version": 0
        },
        {
          "index_key": "logs",
          "schema_version": 0,
          "attributes": {
            "acceptance_required": false,
            "arn": "arn:aws:ec2:us-east-2:992382747916:vpc-endpoint-service/vpce-svc-06a8fd5c6c1de920e",
            "availability_zones": [
              "us-east-2a",
              "us-east-2b",
              "us-east-2c"
            ],
            "base_endpoint_dns_names": [
              "logs.us-east-2.vpce.amazonaws.com"
            ],
            "filter": [
              {
                "name": "service-type",
                "values": [
                  "Interface"
                ]
              }
            ],
            "id": "2691165414",
            "manages_vpc_endpoints": false,
            "owner": "amazon",
            "private_dns_name": "logs.us-east-2.amazonaws.com",
            "private_dns_names": [
              "logs.us-east-2.amazonaws.com",
              "logs.us-east-2.api.aws",
              "streaming-logs.us-east-2.amazonaws.com",
              "streaming-logs.us-east-2.api.aws"
            ],
            "region": "us-east-2",
            "service": "logs",
            "service_id": "vpce-svc-06a8fd5c6c1de920e",
            "service_name": "com.amazonaws.us-east-2.logs",
            "service_region": "us-east-2",
            "service_regions": null,
            "service_type": "Interface",
            "supported_ip_address_types": [
              "ipv4",
              "ipv6"
            ],
            "tags": {},
            "timeouts": null,
            "vpc_endpoint_policy_supported": true
          },
          "sensitive_attributes": [],
          "identity_schema_version": 0
        },
        {
          "index_key": "s3",
          "schema_version": 0,
          "attributes": {
            "acceptance_required": false,
            "arn": "arn:aws:ec2:us-east-2:992382747916:vpc-endpoint-service/vpce-svc-0a2c88e104dd8b17b",
            "availability_zones": [
              "us-east-2a",
              "us-east-2b",
              "us-east-2c",
              "us-east-2d"
            ],
            "base_endpoint_dns_names": [
              "s3.us-east-2.amazonaws.com"
            ],
            "filter": [
              {
                "name": "service-type",
                "values": [
                  "Gateway"
                ]
              }
            ],
            "id": "421398876",
            "manages_vpc_endpoints": false,
            "owner": "amazon",
            "private_dns_name": "",
            "private_dns_names": [],
            "region": "us-east-2",
            "service": "s3",
            "service_id": "vpce-svc-0a2c88e104dd8b17b",
            "service_name": "com.amazonaws.us-east-2.s3",
            "service_region": "us-east-2",
            "service_regions": null,
            "service_type": "Gateway",
            "supported_ip_address_types": [
              "ipv4",
              "ipv6"
            ],
            "tags": {},
            "timeouts": null,
            "vpc_endpoint_policy_supported": true
          },
          "sensitive_attributes": [],
          "identity_schema_version": 0
        },
        {
          "index_key": "secretsmanager",
          "schema_version": 0,
          "attributes": {
            "acceptance_required": false,
            "arn": "arn:aws:ec2:us-east-2:992382747916:vpc-endpoint-service/vpce-svc-01c4484a3d9f6641b",
            "availability_zones": [
              "us-east-2a",
              "us-east-2b",
              "us-east-2c"
            ],
            "base_endpoint_dns_names": [
              "secretsmanager.us-east-2.vpce.amazonaws.com"
            ],
            "filter": [
              {
                "name": "service-type",
                "values": [
                  "Interface"
                ]
              }
            ],
            "id": "2400593449",
            "manages_vpc_endpoints": false,
            "owner": "amazon",
            "private_dns_name": "secretsmanager.us-east-2.amazonaws.com",
            "private_dns_names": [
              "secretsmanager.us-east-2.amazonaws.com"
            ],
            "region": "us-east-2",
            "service": "secretsmanager",
            "service_id": "vpce-svc-01c4484a3d9f6641b",
            "service_name": "com.amazonaws.us-east-2.secretsmanager",
            "service_region": "us-east-2",
            "service_regions": null,
            "service_type": "Interface",
            "supported_ip_address_types": [
              "ipv4",
              "ipv6"
            ],
            "tags": {},
            "timeouts": null,
            "vpc_endpoint_policy_supported": true
          },
          "sensitive_attributes": [],
          "identity_schema_version": 0
        },
        {
          "index_key": "sqs",
          "schema_version": 0,
          "attributes": {
            "acceptance_required": false,
            "arn": "arn:aws:ec2:us-east-2:992382747916:vpc-endpoint-service/vpce-svc-0ae5c1762383436c9",
            "availability_zones": [
              "us-east-2a",
              "us-east-2b",
              "us-east-2c"
            ],
            "base_endpoint_dns_names": [
              "sqs.us-east-2.vpce.amazonaws.com"
            ],
            "filter": [
              {
                "name": "service-type",
                "values": [
                  "Interface"
                ]
              }
            ],
            "id": "3146113370",
            "manages_vpc_endpoints": false,
            "owner": "amazon",
            "private_dns_name": "sqs.us-east-2.amazonaws.com",
            "private_dns_names": [
              "sqs.us-east-2.amazonaws.com",
              "sqs.us-east-2.api.aws"
            ],
            "region": "us-east-2",
            "service": "sqs",
            "service_id": "vpce-svc-0ae5c1762383436c9",
            "service_name": "com.amazonaws.us-east-2.sqs",
            "service_region": "us-east-2",
            "service_regions": null,
            "service_type": "Interface",
            "supported_ip_address_types": [
              "ipv4",
              "ipv6"
            ],
            "tags": {},
            "timeouts": null,
            "vpc_endpoint_policy_supported": true
          },
          "sensitive_attributes": [],
          "identity_schema_version": 0
        },
        {
          "index_key": "xray",
          "schema_version": 0,
          "attributes": {
            "acceptance_required": false,
            "arn": "arn:aws:ec2:us-east-2:992382747916:vpc-endpoint-service/vpce-svc-0d1ce9338231d003a",
            "availability_zones": [
              "us-east-2a",
              "us-east-2b",
              "us-east-2c"
            ],
            "base_endpoint_dns_names": [
              "xray.us-east-2.vpce.amazonaws.com"
            ],
            "filter": [
              {
                "name": "service-type",
                "values": [
                  "Interface"
                ]
              }
            ],
            "id": "3714929301",
            "manages_vpc_endpoints": false,
            "owner": "amazon",
            "private_dns_name": "xray.us-east-2.amazonaws.com",
            "private_dns_names": [
              "xray.us-east-2.amazonaws.com",
              "xray.us-east-2.api.aws"
            ],
            "region": "us-east-2",
            "service": "xray",
            "service_id": "vpce-svc-0d1ce9338231d003a",
            "service_name": "com.amazonaws.us-east-2.xray",
            "service_region": "us-east-2",
            "service_regions": null,
            "service_type": "Interface",
            "supported_ip_address_types": [
              "ipv4",
              "ipv6"
            ],
            "tags": {},
            "timeouts": null,
            "vpc_endpoint_policy_supported": true
          },
          "sensitive_attributes": [],
          "identity_schema_version": 0
        }
      ]
    },
    {
      "module": "module.east_2_network.module.managed_service_endpoints",
      "mode": "managed",
      "type": "aws_security_group",
      "name": "this",
      "provider": "provider[\"registry.terraform.io/hashicorp/aws\"].east_2",
      "instances": []
    },
    {
      "module": "module.east_2_network.module.managed_service_endpoints",
      "mode": "managed",
      "type": "aws_security_group_rule",
      "name": "this",
      "provider": "provider[\"registry.terraform.io/hashicorp/aws\"].east_2",
      "instances": []
    },
    {
      "module": "module.east_2_network.module.managed_service_endpoints",
      "mode": "managed",
      "type": "aws_vpc_endpoint",
      "name": "this",
      "provider": "provider[\"registry.terraform.io/hashicorp/aws\"].east_2",
      "instances": [
        {
          "index_key": "dynamodb",
          "schema_version": 0,
          "attributes": {
            "arn": "arn:aws:ec2:us-east-2:992382747916:vpc-endpoint/vpce-062d7f5a181674b3c",
            "auto_accept": null,
            "cidr_blocks": [
              "35.71.102.128/26",
              "35.71.102.0/25",
              "52.94.4.0/24"
            ],
            "dns_entry": [],
            "dns_options": [
              {
                "dns_record_ip_type": "service-defined",
                "private_dns_only_for_inbound_resolver_endpoint": false,
                "private_dns_preference": "",
                "private_dns_specified_domains": []
              }
            ],
            "id": "vpce-062d7f5a181674b3c",
            "ip_address_type": "ipv4",
            "network_interface_ids": [],
            "owner_id": "992382747916",
            "policy": "{\"Statement\":[{\"Action\":\"*\",\"Effect\":\"Allow\",\"Principal\":\"*\",\"Resource\":\"*\"}],\"Version\":\"2008-10-17\"}",
            "prefix_list_id": "pl-4ca54025",
            "private_dns_enabled": false,
            "region": "us-east-2",
            "requester_managed": false,
            "resource_configuration_arn": "",
            "route_table_ids": [
              "rtb-057c0b19e49ca533b",
              "rtb-0b4d8d0a47b4f4291",
              "rtb-0c016152f982e4a68"
            ],
            "security_group_ids": [],
            "service_name": "com.amazonaws.us-east-2.dynamodb",
            "service_network_arn": "",
            "service_region": "us-east-2",
            "state": "available",
            "subnet_configuration": [],
            "subnet_ids": [],
            "tags": {
              "Name": "dynamodb",
              "environment": "staging",
              "managed_by": "terraform",
              "stack": "staging-multi-state",
              "state": "05-east-2-network"
            },
            "tags_all": {
              "Name": "dynamodb",
              "environment": "staging",
              "managed_by": "terraform",
              "stack": "staging-multi-state",
              "state": "05-east-2-network"
            },
            "timeouts": {
              "create": "10m",
              "delete": "10m",
              "update": "10m"
            },
            "vpc_endpoint_type": "Gateway",
            "vpc_id": "vpc-0ff01f65820f5040e"
          },
          "sensitive_attributes": [],
          "identity_schema_version": 0,
          "identity": {
            "account_id": "992382747916",
            "id": "vpce-062d7f5a181674b3c",
            "region": "us-east-2"
          },
          "private": "eyJlMmJmYjczMC1lY2FhLTExZTYtOGY4OC0zNDM2M2JjN2M0YzAiOnsiY3JlYXRlIjo2MDAwMDAwMDAwMDAsImRlbGV0ZSI6NjAwMDAwMDAwMDAwLCJ1cGRhdGUiOjYwMDAwMDAwMDAwMH19",
          "dependencies": [
            "module.east_2_network.data.aws_availability_zones.available",
            "module.east_2_network.module.interface_endpoint_security_group.aws_security_group.this",
            "module.east_2_network.module.interface_endpoint_security_group.aws_security_group.this_name_prefix",
            "module.east_2_network.module.managed_service_endpoints.aws_security_group.this",
            "module.east_2_network.module.managed_service_endpoints.data.aws_vpc_endpoint_service.this",
            "module.east_2_network.module.vpc.aws_route_table.database",
            "module.east_2_network.module.vpc.aws_route_table.intra",
            "module.east_2_network.module.vpc.aws_route_table.private",
            "module.east_2_network.module.vpc.aws_subnet.intra",
            "module.east_2_network.module.vpc.aws_vpc.this",
            "module.east_2_network.module.vpc.aws_vpc_ipv4_cidr_block_association.this"
          ]
        },
        {
          "index_key": "logs",
          "schema_version": 0,
          "attributes": {
            "arn": "arn:aws:ec2:us-east-2:992382747916:vpc-endpoint/vpce-04b861c5e0d3b701a",
            "auto_accept": null,
            "cidr_blocks": [],
            "dns_entry": [
              {
                "dns_name": "vpce-04b861c5e0d3b701a-2sifbfbb.logs.us-east-2.vpce.amazonaws.com",
                "hosted_zone_id": "ZC8PG0KIFKBRI"
              },
              {
                "dns_name": "vpce-04b861c5e0d3b701a-2sifbfbb-us-east-2a.logs.us-east-2.vpce.amazonaws.com",
                "hosted_zone_id": "ZC8PG0KIFKBRI"
              },
              {
                "dns_name": "vpce-04b861c5e0d3b701a-2sifbfbb-us-east-2b.logs.us-east-2.vpce.amazonaws.com",
                "hosted_zone_id": "ZC8PG0KIFKBRI"
              },
              {
                "dns_name": "logs.us-east-2.amazonaws.com",
                "hosted_zone_id": "Z10216112IL0BHUJDV55Z"
              },
              {
                "dns_name": "logs.us-east-2.api.aws",
                "hosted_zone_id": "Z0644829ATQ4PQZPEDYL"
              },
              {
                "dns_name": "streaming-logs.us-east-2.api.aws",
                "hosted_zone_id": "Z1022857LCALAQWLV5PE"
              },
              {
                "dns_name": "streaming-logs.us-east-2.amazonaws.com",
                "hosted_zone_id": "Z10228562DW3IVIKG8L3U"
              }
            ],
            "dns_options": [
              {
                "dns_record_ip_type": "ipv4",
                "private_dns_only_for_inbound_resolver_endpoint": false,
                "private_dns_preference": "",
                "private_dns_specified_domains": []
              }
            ],
            "id": "vpce-04b861c5e0d3b701a",
            "ip_address_type": "ipv4",
            "network_interface_ids": [
              "eni-040ef792b0a0fe612",
              "eni-0a666727bee9e2cc5"
            ],
            "owner_id": "992382747916",
            "policy": "{\"Statement\":[{\"Action\":\"*\",\"Effect\":\"Allow\",\"Principal\":\"*\",\"Resource\":\"*\"}]}",
            "prefix_list_id": null,
            "private_dns_enabled": true,
            "region": "us-east-2",
            "requester_managed": false,
            "resource_configuration_arn": "",
            "route_table_ids": [],
            "security_group_ids": [
              "sg-0756c97874c52a98d"
            ],
            "service_name": "com.amazonaws.us-east-2.logs",
            "service_network_arn": "",
            "service_region": "us-east-2",
            "state": "available",
            "subnet_configuration": [
              {
                "ipv4": "10.65.20.175",
                "ipv6": "",
                "subnet_id": "subnet-0401203eab1aa6c85"
              },
              {
                "ipv4": "10.65.21.216",
                "ipv6": "",
                "subnet_id": "subnet-00235d4b2f1a6a408"
              }
            ],
            "subnet_ids": [
              "subnet-00235d4b2f1a6a408",
              "subnet-0401203eab1aa6c85"
            ],
            "tags": {
              "Name": "logs",
              "environment": "staging",
              "managed_by": "terraform",
              "stack": "staging-multi-state",
              "state": "05-east-2-network"
            },
            "tags_all": {
              "Name": "logs",
              "environment": "staging",
              "managed_by": "terraform",
              "stack": "staging-multi-state",
              "state": "05-east-2-network"
            },
            "timeouts": {
              "create": "10m",
              "delete": "10m",
              "update": "10m"
            },
            "vpc_endpoint_type": "Interface",
            "vpc_id": "vpc-0ff01f65820f5040e"
          },
          "sensitive_attributes": [],
          "identity_schema_version": 0,
          "identity": {
            "account_id": "992382747916",
            "id": "vpce-04b861c5e0d3b701a",
            "region": "us-east-2"
          },
          "private": "eyJlMmJmYjczMC1lY2FhLTExZTYtOGY4OC0zNDM2M2JjN2M0YzAiOnsiY3JlYXRlIjo2MDAwMDAwMDAwMDAsImRlbGV0ZSI6NjAwMDAwMDAwMDAwLCJ1cGRhdGUiOjYwMDAwMDAwMDAwMH19",
          "dependencies": [
            "module.east_2_network.data.aws_availability_zones.available",
            "module.east_2_network.module.interface_endpoint_security_group.aws_security_group.this",
            "module.east_2_network.module.interface_endpoint_security_group.aws_security_group.this_name_prefix",
            "module.east_2_network.module.managed_service_endpoints.aws_security_group.this",
            "module.east_2_network.module.managed_service_endpoints.data.aws_vpc_endpoint_service.this",
            "module.east_2_network.module.vpc.aws_route_table.database",
            "module.east_2_network.module.vpc.aws_route_table.intra",
            "module.east_2_network.module.vpc.aws_route_table.private",
            "module.east_2_network.module.vpc.aws_subnet.intra",
            "module.east_2_network.module.vpc.aws_vpc.this",
            "module.east_2_network.module.vpc.aws_vpc_ipv4_cidr_block_association.this"
          ]
        },
        {
          "index_key": "s3",
          "schema_version": 0,
          "attributes": {
            "arn": "arn:aws:ec2:us-east-2:992382747916:vpc-endpoint/vpce-07a7d99288f19ee6c",
            "auto_accept": null,
            "cidr_blocks": [
              "18.34.252.0/22",
              "52.219.141.0/24",
              "18.34.72.0/21",
              "52.219.96.0/20",
              "52.219.224.0/21",
              "16.12.60.0/22",
              "52.219.232.0/22",
              "52.219.80.0/20",
              "3.5.128.0/22",
              "52.219.142.0/23",
              "3.5.132.0/23",
              "3.5.92.0/23",
              "3.5.88.0/22",
              "16.12.64.0/22",
              "52.219.212.0/22",
              "52.219.176.0/22"
            ],
            "dns_entry": [],
            "dns_options": [
              {
                "dns_record_ip_type": "service-defined",
                "private_dns_only_for_inbound_resolver_endpoint": false,
                "private_dns_preference": "",
                "private_dns_specified_domains": []
              }
            ],
            "id": "vpce-07a7d99288f19ee6c",
            "ip_address_type": "ipv4",
            "network_interface_ids": [],
            "owner_id": "992382747916",
            "policy": "{\"Statement\":[{\"Action\":\"*\",\"Effect\":\"Allow\",\"Principal\":\"*\",\"Resource\":\"*\"}],\"Version\":\"2008-10-17\"}",
            "prefix_list_id": "pl-7ba54012",
            "private_dns_enabled": false,
            "region": "us-east-2",
            "requester_managed": false,
            "resource_configuration_arn": "",
            "route_table_ids": [
              "rtb-057c0b19e49ca533b",
              "rtb-0b4d8d0a47b4f4291",
              "rtb-0c016152f982e4a68"
            ],
            "security_group_ids": [],
            "service_name": "com.amazonaws.us-east-2.s3",
            "service_network_arn": "",
            "service_region": "us-east-2",
            "state": "available",
            "subnet_configuration": [],
            "subnet_ids": [],
            "tags": {
              "Name": "s3",
              "environment": "staging",
              "managed_by": "terraform",
              "stack": "staging-multi-state",
              "state": "05-east-2-network"
            },
            "tags_all": {
              "Name": "s3",
              "environment": "staging",
              "managed_by": "terraform",
              "stack": "staging-multi-state",
              "state": "05-east-2-network"
            },
            "timeouts": {
              "create": "10m",
              "delete": "10m",
              "update": "10m"
            },
            "vpc_endpoint_type": "Gateway",
            "vpc_id": "vpc-0ff01f65820f5040e"
          },
          "sensitive_attributes": [],
          "identity_schema_version": 0,
          "identity": {
            "account_id": "992382747916",
            "id": "vpce-07a7d99288f19ee6c",
            "region": "us-east-2"
          },
          "private": "eyJlMmJmYjczMC1lY2FhLTExZTYtOGY4OC0zNDM2M2JjN2M0YzAiOnsiY3JlYXRlIjo2MDAwMDAwMDAwMDAsImRlbGV0ZSI6NjAwMDAwMDAwMDAwLCJ1cGRhdGUiOjYwMDAwMDAwMDAwMH19",
          "dependencies": [
            "module.east_2_network.data.aws_availability_zones.available",
            "module.east_2_network.module.interface_endpoint_security_group.aws_security_group.this",
            "module.east_2_network.module.interface_endpoint_security_group.aws_security_group.this_name_prefix",
            "module.east_2_network.module.managed_service_endpoints.aws_security_group.this",
            "module.east_2_network.module.managed_service_endpoints.data.aws_vpc_endpoint_service.this",
            "module.east_2_network.module.vpc.aws_route_table.database",
            "module.east_2_network.module.vpc.aws_route_table.intra",
            "module.east_2_network.module.vpc.aws_route_table.private",
            "module.east_2_network.module.vpc.aws_subnet.intra",
            "module.east_2_network.module.vpc.aws_vpc.this",
            "module.east_2_network.module.vpc.aws_vpc_ipv4_cidr_block_association.this"
          ]
        },
        {
          "index_key": "secretsmanager",
          "schema_version": 0,
          "attributes": {
            "arn": "arn:aws:ec2:us-east-2:992382747916:vpc-endpoint/vpce-0cd125ac7e479421e",
            "auto_accept": null,
            "cidr_blocks": [],
            "dns_entry": [
              {
                "dns_name": "vpce-0cd125ac7e479421e-y0rcbsgf.secretsmanager.us-east-2.vpce.amazonaws.com",
                "hosted_zone_id": "ZC8PG0KIFKBRI"
              },
              {
                "dns_name": "vpce-0cd125ac7e479421e-y0rcbsgf-us-east-2b.secretsmanager.us-east-2.vpce.amazonaws.com",
                "hosted_zone_id": "ZC8PG0KIFKBRI"
              },
              {
                "dns_name": "vpce-0cd125ac7e479421e-y0rcbsgf-us-east-2a.secretsmanager.us-east-2.vpce.amazonaws.com",
                "hosted_zone_id": "ZC8PG0KIFKBRI"
              },
              {
                "dns_name": "secretsmanager.us-east-2.amazonaws.com",
                "hosted_zone_id": "Z10159893E2PCMO6IQEXB"
              }
            ],
            "dns_options": [
              {
                "dns_record_ip_type": "ipv4",
                "private_dns_only_for_inbound_resolver_endpoint": false,
                "private_dns_preference": "",
                "private_dns_specified_domains": []
              }
            ],
            "id": "vpce-0cd125ac7e479421e",
            "ip_address_type": "ipv4",
            "network_interface_ids": [
              "eni-0a97376520f056155",
              "eni-0e4c1f905ce0e752c"
            ],
            "owner_id": "992382747916",
            "policy": "{\"Statement\":[{\"Action\":\"*\",\"Effect\":\"Allow\",\"Principal\":\"*\",\"Resource\":\"*\"}]}",
            "prefix_list_id": null,
            "private_dns_enabled": true,
            "region": "us-east-2",
            "requester_managed": false,
            "resource_configuration_arn": "",
            "route_table_ids": [],
            "security_group_ids": [
              "sg-0756c97874c52a98d"
            ],
            "service_name": "com.amazonaws.us-east-2.secretsmanager",
            "service_network_arn": "",
            "service_region": "us-east-2",
            "state": "available",
            "subnet_configuration": [
              {
                "ipv4": "10.65.20.59",
                "ipv6": "",
                "subnet_id": "subnet-0401203eab1aa6c85"
              },
              {
                "ipv4": "10.65.21.132",
                "ipv6": "",
                "subnet_id": "subnet-00235d4b2f1a6a408"
              }
            ],
            "subnet_ids": [
              "subnet-00235d4b2f1a6a408",
              "subnet-0401203eab1aa6c85"
            ],
            "tags": {
              "Name": "secretsmanager",
              "environment": "staging",
              "managed_by": "terraform",
              "stack": "staging-multi-state",
              "state": "05-east-2-network"
            },
            "tags_all": {
              "Name": "secretsmanager",
              "environment": "staging",
              "managed_by": "terraform",
              "stack": "staging-multi-state",
              "state": "05-east-2-network"
            },
            "timeouts": {
              "create": "10m",
              "delete": "10m",
              "update": "10m"
            },
            "vpc_endpoint_type": "Interface",
            "vpc_id": "vpc-0ff01f65820f5040e"
          },
          "sensitive_attributes": [],
          "identity_schema_version": 0,
          "identity": {
            "account_id": "992382747916",
            "id": "vpce-0cd125ac7e479421e",
            "region": "us-east-2"
          },
          "private": "eyJlMmJmYjczMC1lY2FhLTExZTYtOGY4OC0zNDM2M2JjN2M0YzAiOnsiY3JlYXRlIjo2MDAwMDAwMDAwMDAsImRlbGV0ZSI6NjAwMDAwMDAwMDAwLCJ1cGRhdGUiOjYwMDAwMDAwMDAwMH19",
          "dependencies": [
            "module.east_2_network.data.aws_availability_zones.available",
            "module.east_2_network.module.interface_endpoint_security_group.aws_security_group.this",
            "module.east_2_network.module.interface_endpoint_security_group.aws_security_group.this_name_prefix",
            "module.east_2_network.module.managed_service_endpoints.aws_security_group.this",
            "module.east_2_network.module.managed_service_endpoints.data.aws_vpc_endpoint_service.this",
            "module.east_2_network.module.vpc.aws_route_table.database",
            "module.east_2_network.module.vpc.aws_route_table.intra",
            "module.east_2_network.module.vpc.aws_route_table.private",
            "module.east_2_network.module.vpc.aws_subnet.intra",
            "module.east_2_network.module.vpc.aws_vpc.this",
            "module.east_2_network.module.vpc.aws_vpc_ipv4_cidr_block_association.this"
          ]
        },
        {
          "index_key": "sqs",
          "schema_version": 0,
          "attributes": {
            "arn": "arn:aws:ec2:us-east-2:992382747916:vpc-endpoint/vpce-09257490475358528",
            "auto_accept": null,
            "cidr_blocks": [],
            "dns_entry": [
              {
                "dns_name": "vpce-09257490475358528-ua65dsoz.sqs.us-east-2.vpce.amazonaws.com",
                "hosted_zone_id": "ZC8PG0KIFKBRI"
              },
              {
                "dns_name": "vpce-09257490475358528-ua65dsoz-us-east-2b.sqs.us-east-2.vpce.amazonaws.com",
                "hosted_zone_id": "ZC8PG0KIFKBRI"
              },
              {
                "dns_name": "vpce-09257490475358528-ua65dsoz-us-east-2a.sqs.us-east-2.vpce.amazonaws.com",
                "hosted_zone_id": "ZC8PG0KIFKBRI"
              },
              {
                "dns_name": "sqs.us-east-2.amazonaws.com",
                "hosted_zone_id": "Z0611494GT8Q7LFFT2WG"
              },
              {
                "dns_name": "sqs.us-east-2.api.aws",
                "hosted_zone_id": "Z1022907GGCQ0G5WCV2N"
              }
            ],
            "dns_options": [
              {
                "dns_record_ip_type": "ipv4",
                "private_dns_only_for_inbound_resolver_endpoint": false,
                "private_dns_preference": "",
                "private_dns_specified_domains": []
              }
            ],
            "id": "vpce-09257490475358528",
            "ip_address_type": "ipv4",
            "network_interface_ids": [
              "eni-0273c958cb1a9ba0c",
              "eni-041596279c91dd5bd"
            ],
            "owner_id": "992382747916",
            "policy": "{\"Statement\":[{\"Action\":\"*\",\"Effect\":\"Allow\",\"Principal\":\"*\",\"Resource\":\"*\"}]}",
            "prefix_list_id": null,
            "private_dns_enabled": true,
            "region": "us-east-2",
            "requester_managed": false,
            "resource_configuration_arn": "",
            "route_table_ids": [],
            "security_group_ids": [
              "sg-0756c97874c52a98d"
            ],
            "service_name": "com.amazonaws.us-east-2.sqs",
            "service_network_arn": "",
            "service_region": "us-east-2",
            "state": "available",
            "subnet_configuration": [
              {
                "ipv4": "10.65.20.152",
                "ipv6": "",
                "subnet_id": "subnet-0401203eab1aa6c85"
              },
              {
                "ipv4": "10.65.21.204",
                "ipv6": "",
                "subnet_id": "subnet-00235d4b2f1a6a408"
              }
            ],
            "subnet_ids": [
              "subnet-00235d4b2f1a6a408",
              "subnet-0401203eab1aa6c85"
            ],
            "tags": {
              "Name": "sqs",
              "environment": "staging",
              "managed_by": "terraform",
              "stack": "staging-multi-state",
              "state": "05-east-2-network"
            },
            "tags_all": {
              "Name": "sqs",
              "environment": "staging",
              "managed_by": "terraform",
              "stack": "staging-multi-state",
              "state": "05-east-2-network"
            },
            "timeouts": {
              "create": "10m",
              "delete": "10m",
              "update": "10m"
            },
            "vpc_endpoint_type": "Interface",
            "vpc_id": "vpc-0ff01f65820f5040e"
          },
          "sensitive_attributes": [],
          "identity_schema_version": 0,
          "identity": {
            "account_id": "992382747916",
            "id": "vpce-09257490475358528",
            "region": "us-east-2"
          },
          "private": "eyJlMmJmYjczMC1lY2FhLTExZTYtOGY4OC0zNDM2M2JjN2M0YzAiOnsiY3JlYXRlIjo2MDAwMDAwMDAwMDAsImRlbGV0ZSI6NjAwMDAwMDAwMDAwLCJ1cGRhdGUiOjYwMDAwMDAwMDAwMH19",
          "dependencies": [
            "module.east_2_network.data.aws_availability_zones.available",
            "module.east_2_network.module.interface_endpoint_security_group.aws_security_group.this",
            "module.east_2_network.module.interface_endpoint_security_group.aws_security_group.this_name_prefix",
            "module.east_2_network.module.managed_service_endpoints.aws_security_group.this",
            "module.east_2_network.module.managed_service_endpoints.data.aws_vpc_endpoint_service.this",
            "module.east_2_network.module.vpc.aws_route_table.database",
            "module.east_2_network.module.vpc.aws_route_table.intra",
            "module.east_2_network.module.vpc.aws_route_table.private",
            "module.east_2_network.module.vpc.aws_subnet.intra",
            "module.east_2_network.module.vpc.aws_vpc.this",
            "module.east_2_network.module.vpc.aws_vpc_ipv4_cidr_block_association.this"
          ]
        },
        {
          "index_key": "xray",
          "schema_version": 0,
          "attributes": {
            "arn": "arn:aws:ec2:us-east-2:992382747916:vpc-endpoint/vpce-07004454d37c6b254",
            "auto_accept": null,
            "cidr_blocks": [],
            "dns_entry": [
              {
                "dns_name": "vpce-07004454d37c6b254-13bltxwo.xray.us-east-2.vpce.amazonaws.com",
                "hosted_zone_id": "ZC8PG0KIFKBRI"
              },
              {
                "dns_name": "vpce-07004454d37c6b254-13bltxwo-us-east-2a.xray.us-east-2.vpce.amazonaws.com",
                "hosted_zone_id": "ZC8PG0KIFKBRI"
              },
              {
                "dns_name": "vpce-07004454d37c6b254-13bltxwo-us-east-2b.xray.us-east-2.vpce.amazonaws.com",
                "hosted_zone_id": "ZC8PG0KIFKBRI"
              },
              {
                "dns_name": "xray.us-east-2.amazonaws.com",
                "hosted_zone_id": "Z061345718DK2C69V51H3"
              },
              {
                "dns_name": "xray.us-east-2.api.aws",
                "hosted_zone_id": "Z06103993HLSF227MSIC0"
              }
            ],
            "dns_options": [
              {
                "dns_record_ip_type": "ipv4",
                "private_dns_only_for_inbound_resolver_endpoint": false,
                "private_dns_preference": "",
                "private_dns_specified_domains": []
              }
            ],
            "id": "vpce-07004454d37c6b254",
            "ip_address_type": "ipv4",
            "network_interface_ids": [
              "eni-05b3c6ba36fbd5ae4",
              "eni-06cbc4466ea980fa5"
            ],
            "owner_id": "992382747916",
            "policy": "{\"Statement\":[{\"Action\":\"*\",\"Effect\":\"Allow\",\"Principal\":\"*\",\"Resource\":\"*\"}]}",
            "prefix_list_id": null,
            "private_dns_enabled": true,
            "region": "us-east-2",
            "requester_managed": false,
            "resource_configuration_arn": "",
            "route_table_ids": [],
            "security_group_ids": [
              "sg-0756c97874c52a98d"
            ],
            "service_name": "com.amazonaws.us-east-2.xray",
            "service_network_arn": "",
            "service_region": "us-east-2",
            "state": "available",
            "subnet_configuration": [
              {
                "ipv4": "10.65.20.92",
                "ipv6": "",
                "subnet_id": "subnet-0401203eab1aa6c85"
              },
              {
                "ipv4": "10.65.21.139",
                "ipv6": "",
                "subnet_id": "subnet-00235d4b2f1a6a408"
              }
            ],
            "subnet_ids": [
              "subnet-00235d4b2f1a6a408",
              "subnet-0401203eab1aa6c85"
            ],
            "tags": {
              "Name": "xray",
              "environment": "staging",
              "managed_by": "terraform",
              "stack": "staging-multi-state",
              "state": "05-east-2-network"
            },
            "tags_all": {
              "Name": "xray",
              "environment": "staging",
              "managed_by": "terraform",
              "stack": "staging-multi-state",
              "state": "05-east-2-network"
            },
            "timeouts": {
              "create": "10m",
              "delete": "10m",
              "update": "10m"
            },
            "vpc_endpoint_type": "Interface",
            "vpc_id": "vpc-0ff01f65820f5040e"
          },
          "sensitive_attributes": [],
          "identity_schema_version": 0,
          "identity": {
            "account_id": "992382747916",
            "id": "vpce-07004454d37c6b254",
            "region": "us-east-2"
          },
          "private": "eyJlMmJmYjczMC1lY2FhLTExZTYtOGY4OC0zNDM2M2JjN2M0YzAiOnsiY3JlYXRlIjo2MDAwMDAwMDAwMDAsImRlbGV0ZSI6NjAwMDAwMDAwMDAwLCJ1cGRhdGUiOjYwMDAwMDAwMDAwMH19",
          "dependencies": [
            "module.east_2_network.data.aws_availability_zones.available",
            "module.east_2_network.module.interface_endpoint_security_group.aws_security_group.this",
            "module.east_2_network.module.interface_endpoint_security_group.aws_security_group.this_name_prefix",
            "module.east_2_network.module.managed_service_endpoints.aws_security_group.this",
            "module.east_2_network.module.managed_service_endpoints.data.aws_vpc_endpoint_service.this",
            "module.east_2_network.module.vpc.aws_route_table.database",
            "module.east_2_network.module.vpc.aws_route_table.intra",
            "module.east_2_network.module.vpc.aws_route_table.private",
            "module.east_2_network.module.vpc.aws_subnet.intra",
            "module.east_2_network.module.vpc.aws_vpc.this",
            "module.east_2_network.module.vpc.aws_vpc_ipv4_cidr_block_association.this"
          ]
        }
      ]
    },
    {
      "module": "module.east_2_network.module.vpc",
      "mode": "data",
      "type": "aws_caller_identity",
      "name": "current",
      "provider": "provider[\"registry.terraform.io/hashicorp/aws\"].east_2",
      "instances": []
    },
    {
      "module": "module.east_2_network.module.vpc",
      "mode": "data",
      "type": "aws_iam_policy_document",
      "name": "flow_log_cloudwatch_assume_role",
      "provider": "provider[\"registry.terraform.io/hashicorp/aws\"].east_2",
      "instances": []
    },
    {
      "module": "module.east_2_network.module.vpc",
      "mode": "data",
      "type": "aws_iam_policy_document",
      "name": "vpc_flow_log_cloudwatch",
      "provider": "provider[\"registry.terraform.io/hashicorp/aws\"].east_2",
      "instances": []
    },
    {
      "module": "module.east_2_network.module.vpc",
      "mode": "data",
      "type": "aws_partition",
      "name": "current",
      "provider": "provider[\"registry.terraform.io/hashicorp/aws\"].east_2",
      "instances": []
    },
    {
      "module": "module.east_2_network.module.vpc",
      "mode": "data",
      "type": "aws_region",
      "name": "current",
      "provider": "provider[\"registry.terraform.io/hashicorp/aws\"].east_2",
      "instances": []
    },
    {
      "module": "module.east_2_network.module.vpc",
      "mode": "managed",
      "type": "aws_cloudwatch_log_group",
      "name": "flow_log",
      "provider": "provider[\"registry.terraform.io/hashicorp/aws\"].east_2",
      "instances": []
    },
    {
      "module": "module.east_2_network.module.vpc",
      "mode": "managed",
      "type": "aws_customer_gateway",
      "name": "this",
      "provider": "provider[\"registry.terraform.io/hashicorp/aws\"].east_2",
      "instances": []
    },
    {
      "module": "module.east_2_network.module.vpc",
      "mode": "managed",
      "type": "aws_default_network_acl",
      "name": "this",
      "provider": "provider[\"registry.terraform.io/hashicorp/aws\"].east_2",
      "instances": [
        {
          "index_key": 0,
          "schema_version": 0,
          "attributes": {
            "arn": "arn:aws:ec2:us-east-2:992382747916:network-acl/acl-092aca80c61964624",
            "default_network_acl_id": "acl-092aca80c61964624",
            "egress": [
              {
                "action": "allow",
                "cidr_block": "",
                "from_port": 0,
                "icmp_code": 0,
                "icmp_type": 0,
                "ipv6_cidr_block": "::/0",
                "protocol": "-1",
                "rule_no": 101,
                "to_port": 0
              },
              {
                "action": "allow",
                "cidr_block": "0.0.0.0/0",
                "from_port": 0,
                "icmp_code": 0,
                "icmp_type": 0,
                "ipv6_cidr_block": "",
                "protocol": "-1",
                "rule_no": 100,
                "to_port": 0
              }
            ],
            "id": "acl-092aca80c61964624",
            "ingress": [
              {
                "action": "allow",
                "cidr_block": "",
                "from_port": 0,
                "icmp_code": 0,
                "icmp_type": 0,
                "ipv6_cidr_block": "::/0",
                "protocol": "-1",
                "rule_no": 101,
                "to_port": 0
              },
              {
                "action": "allow",
                "cidr_block": "0.0.0.0/0",
                "from_port": 0,
                "icmp_code": 0,
                "icmp_type": 0,
                "ipv6_cidr_block": "",
                "protocol": "-1",
                "rule_no": 100,
                "to_port": 0
              }
            ],
            "owner_id": "992382747916",
            "region": "us-east-2",
            "subnet_ids": [
              "subnet-00235d4b2f1a6a408",
              "subnet-034b47d3dd3c88f9c",
              "subnet-0401203eab1aa6c85",
              "subnet-0439be88129c0395f",
              "subnet-09270e1b86471396f",
              "subnet-0a194069781cfa5a3",
              "subnet-0b435c258d9c69f90",
              "subnet-0b582d95161603c4f"
            ],
            "tags": {
              "Name": "staging-east-2-default",
              "environment": "staging",
              "managed_by": "terraform",
              "stack": "staging-multi-state",
              "state": "05-east-2-network"
            },
            "tags_all": {
              "Name": "staging-east-2-default",
              "environment": "staging",
              "managed_by": "terraform",
              "stack": "staging-multi-state",
              "state": "05-east-2-network"
            },
            "vpc_id": "vpc-0ff01f65820f5040e"
          },
          "sensitive_attributes": [],
          "identity_schema_version": 0,
          "private": "bnVsbA==",
          "dependencies": [
            "module.east_2_network.module.vpc.aws_vpc.this"
          ]
        }
      ]
    },
    {
      "module": "module.east_2_network.module.vpc",
      "mode": "managed",
      "type": "aws_default_route_table",
      "name": "default",
      "provider": "provider[\"registry.terraform.io/hashicorp/aws\"].east_2",
      "instances": [
        {
          "index_key": 0,
          "schema_version": 0,
          "attributes": {
            "arn": "arn:aws:ec2:us-east-2:992382747916:route-table/rtb-07b122d9b1b567801",
            "default_route_table_id": "rtb-07b122d9b1b567801",
            "id": "rtb-07b122d9b1b567801",
            "owner_id": "992382747916",
            "propagating_vgws": [],
            "region": "us-east-2",
            "route": [],
            "tags": {
              "Name": "staging-east-2-default",
              "environment": "staging",
              "managed_by": "terraform",
              "stack": "staging-multi-state",
              "state": "05-east-2-network"
            },
            "tags_all": {
              "Name": "staging-east-2-default",
              "environment": "staging",
              "managed_by": "terraform",
              "stack": "staging-multi-state",
              "state": "05-east-2-network"
            },
            "timeouts": {
              "create": "5m",
              "update": "5m"
            },
            "vpc_id": "vpc-0ff01f65820f5040e"
          },
          "sensitive_attributes": [],
          "identity_schema_version": 0,
          "private": "eyJlMmJmYjczMC1lY2FhLTExZTYtOGY4OC0zNDM2M2JjN2M0YzAiOnsiY3JlYXRlIjozMDAwMDAwMDAwMDAsInVwZGF0ZSI6MzAwMDAwMDAwMDAwfX0=",
          "dependencies": [
            "module.east_2_network.module.vpc.aws_vpc.this"
          ]
        }
      ]
    },
    {
      "module": "module.east_2_network.module.vpc",
      "mode": "managed",
      "type": "aws_default_security_group",
      "name": "this",
      "provider": "provider[\"registry.terraform.io/hashicorp/aws\"].east_2",
      "instances": [
        {
          "index_key": 0,
          "schema_version": 1,
          "attributes": {
            "arn": "arn:aws:ec2:us-east-2:992382747916:security-group/sg-07a9806e81f723865",
            "description": "default VPC security group",
            "egress": [],
            "id": "sg-07a9806e81f723865",
            "ingress": [],
            "name": "default",
            "name_prefix": "",
            "owner_id": "992382747916",
            "region": "us-east-2",
            "revoke_rules_on_delete": false,
            "tags": {
              "Name": "staging-east-2-default",
              "environment": "staging",
              "managed_by": "terraform",
              "stack": "staging-multi-state",
              "state": "05-east-2-network"
            },
            "tags_all": {
              "Name": "staging-east-2-default",
              "environment": "staging",
              "managed_by": "terraform",
              "stack": "staging-multi-state",
              "state": "05-east-2-network"
            },
            "vpc_id": "vpc-0ff01f65820f5040e"
          },
          "sensitive_attributes": [],
          "identity_schema_version": 0,
          "private": "eyJzY2hlbWFfdmVyc2lvbiI6IjEifQ==",
          "dependencies": [
            "module.east_2_network.module.vpc.aws_vpc.this"
          ]
        }
      ]
    },
    {
      "module": "module.east_2_network.module.vpc",
      "mode": "managed",
      "type": "aws_default_vpc",
      "name": "this",
      "provider": "provider[\"registry.terraform.io/hashicorp/aws\"].east_2",
      "instances": []
    },
    {
      "module": "module.east_2_network.module.vpc",
      "mode": "managed",
      "type": "aws_egress_only_internet_gateway",
      "name": "this",
      "provider": "provider[\"registry.terraform.io/hashicorp/aws\"].east_2",
      "instances": []
    },
    {
      "module": "module.east_2_network.module.vpc",
      "mode": "managed",
      "type": "aws_eip",
      "name": "nat",
      "provider": "provider[\"registry.terraform.io/hashicorp/aws\"].east_2",
      "instances": [
        {
          "index_key": 0,
          "schema_version": 0,
          "attributes": {
            "address": null,
            "allocation_id": "eipalloc-09faa378eda494a2c",
            "arn": "arn:aws:ec2:us-east-2:992382747916:elastic-ip/eipalloc-09faa378eda494a2c",
            "associate_with_private_ip": null,
            "association_id": "eipassoc-0090bb219b8c188e7",
            "carrier_ip": "",
            "customer_owned_ip": "",
            "customer_owned_ipv4_pool": "",
            "domain": "vpc",
            "id": "eipalloc-09faa378eda494a2c",
            "instance": "",
            "ipam_pool_id": "",
            "network_border_group": "us-east-2",
            "network_interface": "eni-05417505a1000fe5f",
            "private_dns": "ip-10-65-0-39.us-east-2.compute.internal",
            "private_ip": "10.65.0.39",
            "ptr_record": "",
            "public_dns": "ec2-18-190-35-59.us-east-2.compute.amazonaws.com",
            "public_ip": "18.190.35.59",
            "public_ipv4_pool": "amazon",
            "region": "us-east-2",
            "tags": {
              "Name": "staging-east-2-us-east-2a",
              "environment": "staging",
              "managed_by": "terraform",
              "stack": "staging-multi-state",
              "state": "05-east-2-network"
            },
            "tags_all": {
              "Name": "staging-east-2-us-east-2a",
              "environment": "staging",
              "managed_by": "terraform",
              "stack": "staging-multi-state",
              "state": "05-east-2-network"
            },
            "timeouts": null
          },
          "sensitive_attributes": [],
          "identity_schema_version": 0,
          "identity": {
            "account_id": "992382747916",
            "id": "eipalloc-09faa378eda494a2c",
            "region": "us-east-2"
          },
          "private": "eyJlMmJmYjczMC1lY2FhLTExZTYtOGY4OC0zNDM2M2JjN2M0YzAiOnsiZGVsZXRlIjoxODAwMDAwMDAwMDAsInJlYWQiOjkwMDAwMDAwMDAwMCwidXBkYXRlIjozMDAwMDAwMDAwMDB9fQ==",
          "dependencies": [
            "module.east_2_network.data.aws_availability_zones.available",
            "module.east_2_network.module.vpc.aws_internet_gateway.this",
            "module.east_2_network.module.vpc.aws_vpc.this",
            "module.east_2_network.module.vpc.aws_vpc_ipv4_cidr_block_association.this"
          ]
        }
      ]
    },
    {
      "module": "module.east_2_network.module.vpc",
      "mode": "managed",
      "type": "aws_elasticache_subnet_group",
      "name": "elasticache",
      "provider": "provider[\"registry.terraform.io/hashicorp/aws\"].east_2",
      "instances": []
    },
    {
      "module": "module.east_2_network.module.vpc",
      "mode": "managed",
      "type": "aws_flow_log",
      "name": "this",
      "provider": "provider[\"registry.terraform.io/hashicorp/aws\"].east_2",
      "instances": []
    },
    {
      "module": "module.east_2_network.module.vpc",
      "mode": "managed",
      "type": "aws_iam_policy",
      "name": "vpc_flow_log_cloudwatch",
      "provider": "provider[\"registry.terraform.io/hashicorp/aws\"].east_2",
      "instances": []
    },
    {
      "module": "module.east_2_network.module.vpc",
      "mode": "managed",
      "type": "aws_iam_role",
      "name": "vpc_flow_log_cloudwatch",
      "provider": "provider[\"registry.terraform.io/hashicorp/aws\"].east_2",
      "instances": []
    },
    {
      "module": "module.east_2_network.module.vpc",
      "mode": "managed",
      "type": "aws_iam_role_policy_attachment",
      "name": "vpc_flow_log_cloudwatch",
      "provider": "provider[\"registry.terraform.io/hashicorp/aws\"].east_2",
      "instances": []
    },
    {
      "module": "module.east_2_network.module.vpc",
      "mode": "managed",
      "type": "aws_internet_gateway",
      "name": "this",
      "provider": "provider[\"registry.terraform.io/hashicorp/aws\"].east_2",
      "instances": [
        {
          "index_key": 0,
          "schema_version": 0,
          "attributes": {
            "arn": "arn:aws:ec2:us-east-2:992382747916:internet-gateway/igw-0748f8aa57e3b61b3",
            "id": "igw-0748f8aa57e3b61b3",
            "owner_id": "992382747916",
            "region": "us-east-2",
            "tags": {
              "Name": "staging-east-2",
              "environment": "staging",
              "managed_by": "terraform",
              "stack": "staging-multi-state",
              "state": "05-east-2-network"
            },
            "tags_all": {
              "Name": "staging-east-2",
              "environment": "staging",
              "managed_by": "terraform",
              "stack": "staging-multi-state",
              "state": "05-east-2-network"
            },
            "timeouts": null,
            "vpc_id": "vpc-0ff01f65820f5040e"
          },
          "sensitive_attributes": [],
          "identity_schema_version": 0,
          "identity": {
            "account_id": "992382747916",
            "id": "igw-0748f8aa57e3b61b3",
            "region": "us-east-2"
          },
          "private": "eyJlMmJmYjczMC1lY2FhLTExZTYtOGY4OC0zNDM2M2JjN2M0YzAiOnsiY3JlYXRlIjoxMjAwMDAwMDAwMDAwLCJkZWxldGUiOjEyMDAwMDAwMDAwMDAsInVwZGF0ZSI6MTIwMDAwMDAwMDAwMH19",
          "dependencies": [
            "module.east_2_network.module.vpc.aws_vpc.this",
            "module.east_2_network.module.vpc.aws_vpc_ipv4_cidr_block_association.this"
          ]
        }
      ]
    },
    {
      "module": "module.east_2_network.module.vpc",
      "mode": "managed",
      "type": "aws_nat_gateway",
      "name": "this",
      "provider": "provider[\"registry.terraform.io/hashicorp/aws\"].east_2",
      "instances": [
        {
          "index_key": 0,
          "status": "tainted",
          "schema_version": 0,
          "attributes": {
            "allocation_id": "eipalloc-09faa378eda494a2c",
            "association_id": null,
            "auto_provision_zones": null,
            "auto_scaling_ips": null,
            "availability_mode": null,
            "availability_zone_address": [],
            "connectivity_type": "public",
            "id": "nat-0d6b8343a4a3720eb",
            "network_interface_id": null,
            "private_ip": null,
            "public_ip": null,
            "region": "us-east-2",
            "regional_nat_gateway_address": [],
            "regional_nat_gateway_auto_mode": null,
            "route_table_id": null,
            "secondary_allocation_ids": [],
            "secondary_private_ip_address_count": null,
            "secondary_private_ip_addresses": [],
            "subnet_id": "subnet-0b435c258d9c69f90",
            "tags": {
              "Name": "staging-east-2-us-east-2a",
              "environment": "staging",
              "managed_by": "terraform",
              "stack": "staging-multi-state",
              "state": "05-east-2-network"
            },
            "tags_all": {
              "Name": "staging-east-2-us-east-2a",
              "environment": "staging",
              "managed_by": "terraform",
              "stack": "staging-multi-state",
              "state": "05-east-2-network"
            },
            "timeouts": null,
            "vpc_id": null
          },
          "sensitive_attributes": [],
          "identity_schema_version": 0,
          "private": "eyJlMmJmYjczMC1lY2FhLTExZTYtOGY4OC0zNDM2M2JjN2M0YzAiOnsiY3JlYXRlIjo2MDAwMDAwMDAwMDAsImRlbGV0ZSI6MTgwMDAwMDAwMDAwMCwidXBkYXRlIjo2MDAwMDAwMDAwMDB9fQ==",
          "dependencies": [
            "module.east_2_network.data.aws_availability_zones.available",
            "module.east_2_network.module.vpc.aws_eip.nat",
            "module.east_2_network.module.vpc.aws_internet_gateway.this",
            "module.east_2_network.module.vpc.aws_subnet.public",
            "module.east_2_network.module.vpc.aws_vpc.this",
            "module.east_2_network.module.vpc.aws_vpc_ipv4_cidr_block_association.this"
          ]
        }
      ]
    },
    {
      "module": "module.east_2_network.module.vpc",
      "mode": "managed",
      "type": "aws_network_acl",
      "name": "database",
      "provider": "provider[\"registry.terraform.io/hashicorp/aws\"].east_2",
      "instances": []
    },
    {
      "module": "module.east_2_network.module.vpc",
      "mode": "managed",
      "type": "aws_network_acl",
      "name": "elasticache",
      "provider": "provider[\"registry.terraform.io/hashicorp/aws\"].east_2",
      "instances": []
    },
    {
      "module": "module.east_2_network.module.vpc",
      "mode": "managed",
      "type": "aws_network_acl",
      "name": "intra",
      "provider": "provider[\"registry.terraform.io/hashicorp/aws\"].east_2",
      "instances": []
    },
    {
      "module": "module.east_2_network.module.vpc",
      "mode": "managed",
      "type": "aws_network_acl",
      "name": "outpost",
      "provider": "provider[\"registry.terraform.io/hashicorp/aws\"].east_2",
      "instances": []
    },
    {
      "module": "module.east_2_network.module.vpc",
      "mode": "managed",
      "type": "aws_network_acl",
      "name": "private",
      "provider": "provider[\"registry.terraform.io/hashicorp/aws\"].east_2",
      "instances": []
    },
    {
      "module": "module.east_2_network.module.vpc",
      "mode": "managed",
      "type": "aws_network_acl",
      "name": "public",
      "provider": "provider[\"registry.terraform.io/hashicorp/aws\"].east_2",
      "instances": []
    },
    {
      "module": "module.east_2_network.module.vpc",
      "mode": "managed",
      "type": "aws_network_acl",
      "name": "redshift",
      "provider": "provider[\"registry.terraform.io/hashicorp/aws\"].east_2",
      "instances": []
    },
    {
      "module": "module.east_2_network.module.vpc",
      "mode": "managed",
      "type": "aws_network_acl_rule",
      "name": "database_inbound",
      "provider": "provider[\"registry.terraform.io/hashicorp/aws\"].east_2",
      "instances": []
    },
    {
      "module": "module.east_2_network.module.vpc",
      "mode": "managed",
      "type": "aws_network_acl_rule",
      "name": "database_outbound",
      "provider": "provider[\"registry.terraform.io/hashicorp/aws\"].east_2",
      "instances": []
    },
    {
      "module": "module.east_2_network.module.vpc",
      "mode": "managed",
      "type": "aws_network_acl_rule",
      "name": "elasticache_inbound",
      "provider": "provider[\"registry.terraform.io/hashicorp/aws\"].east_2",
      "instances": []
    },
    {
      "module": "module.east_2_network.module.vpc",
      "mode": "managed",
      "type": "aws_network_acl_rule",
      "name": "elasticache_outbound",
      "provider": "provider[\"registry.terraform.io/hashicorp/aws\"].east_2",
      "instances": []
    },
    {
      "module": "module.east_2_network.module.vpc",
      "mode": "managed",
      "type": "aws_network_acl_rule",
      "name": "intra_inbound",
      "provider": "provider[\"registry.terraform.io/hashicorp/aws\"].east_2",
      "instances": []
    },
    {
      "module": "module.east_2_network.module.vpc",
      "mode": "managed",
      "type": "aws_network_acl_rule",
      "name": "intra_outbound",
      "provider": "provider[\"registry.terraform.io/hashicorp/aws\"].east_2",
      "instances": []
    },
    {
      "module": "module.east_2_network.module.vpc",
      "mode": "managed",
      "type": "aws_network_acl_rule",
      "name": "outpost_inbound",
      "provider": "provider[\"registry.terraform.io/hashicorp/aws\"].east_2",
      "instances": []
    },
    {
      "module": "module.east_2_network.module.vpc",
      "mode": "managed",
      "type": "aws_network_acl_rule",
      "name": "outpost_outbound",
      "provider": "provider[\"registry.terraform.io/hashicorp/aws\"].east_2",
      "instances": []
    },
    {
      "module": "module.east_2_network.module.vpc",
      "mode": "managed",
      "type": "aws_network_acl_rule",
      "name": "private_inbound",
      "provider": "provider[\"registry.terraform.io/hashicorp/aws\"].east_2",
      "instances": []
    },
    {
      "module": "module.east_2_network.module.vpc",
      "mode": "managed",
      "type": "aws_network_acl_rule",
      "name": "private_outbound",
      "provider": "provider[\"registry.terraform.io/hashicorp/aws\"].east_2",
      "instances": []
    },
    {
      "module": "module.east_2_network.module.vpc",
      "mode": "managed",
      "type": "aws_network_acl_rule",
      "name": "public_inbound",
      "provider": "provider[\"registry.terraform.io/hashicorp/aws\"].east_2",
      "instances": []
    },
    {
      "module": "module.east_2_network.module.vpc",
      "mode": "managed",
      "type": "aws_network_acl_rule",
      "name": "public_outbound",
      "provider": "provider[\"registry.terraform.io/hashicorp/aws\"].east_2",
      "instances": []
    },
    {
      "module": "module.east_2_network.module.vpc",
      "mode": "managed",
      "type": "aws_network_acl_rule",
      "name": "redshift_inbound",
      "provider": "provider[\"registry.terraform.io/hashicorp/aws\"].east_2",
      "instances": []
    },
    {
      "module": "module.east_2_network.module.vpc",
      "mode": "managed",
      "type": "aws_network_acl_rule",
      "name": "redshift_outbound",
      "provider": "provider[\"registry.terraform.io/hashicorp/aws\"].east_2",
      "instances": []
    },
    {
      "module": "module.east_2_network.module.vpc",
      "mode": "managed",
      "type": "aws_redshift_subnet_group",
      "name": "redshift",
      "provider": "provider[\"registry.terraform.io/hashicorp/aws\"].east_2",
      "instances": []
    },
    {
      "module": "module.east_2_network.module.vpc",
      "mode": "managed",
      "type": "aws_route",
      "name": "database_internet_gateway",
      "provider": "provider[\"registry.terraform.io/hashicorp/aws\"].east_2",
      "instances": []
    },
    {
      "module": "module.east_2_network.module.vpc",
      "mode": "managed",
      "type": "aws_route",
      "name": "database_ipv6_egress",
      "provider": "provider[\"registry.terraform.io/hashicorp/aws\"].east_2",
      "instances": []
    },
    {
      "module": "module.east_2_network.module.vpc",
      "mode": "managed",
      "type": "aws_route",
      "name": "private_ipv6_egress",
      "provider": "provider[\"registry.terraform.io/hashicorp/aws\"].east_2",
      "instances": []
    },
    {
      "module": "module.east_2_network.module.vpc",
      "mode": "managed",
      "type": "aws_route",
      "name": "public_internet_gateway",
      "provider": "provider[\"registry.terraform.io/hashicorp/aws\"].east_2",
      "instances": [
        {
          "index_key": 0,
          "schema_version": 0,
          "attributes": {
            "carrier_gateway_id": "",
            "core_network_arn": "",
            "destination_cidr_block": "0.0.0.0/0",
            "destination_ipv6_cidr_block": "",
            "destination_prefix_list_id": "",
            "egress_only_gateway_id": "",
            "gateway_id": "igw-0748f8aa57e3b61b3",
            "id": "r-rtb-0e804efaddcac91e41080289494",
            "instance_id": "",
            "instance_owner_id": "",
            "local_gateway_id": "",
            "nat_gateway_id": "",
            "network_interface_id": "",
            "odb_network_arn": "",
            "origin": "CreateRoute",
            "region": "us-east-2",
            "route_table_id": "rtb-0e804efaddcac91e4",
            "state": "active",
            "timeouts": {
              "create": "5m",
              "delete": null,
              "update": null
            },
            "transit_gateway_id": "",
            "vpc_endpoint_id": "",
            "vpc_peering_connection_id": ""
          },
          "sensitive_attributes": [],
          "identity_schema_version": 0,
          "identity": {
            "account_id": "992382747916",
            "destination_cidr_block": "0.0.0.0/0",
            "destination_ipv6_cidr_block": null,
            "destination_prefix_list_id": null,
            "region": "us-east-2",
            "route_table_id": "rtb-0e804efaddcac91e4"
          },
          "private": "eyJlMmJmYjczMC1lY2FhLTExZTYtOGY4OC0zNDM2M2JjN2M0YzAiOnsiY3JlYXRlIjozMDAwMDAwMDAwMDAsImRlbGV0ZSI6MzAwMDAwMDAwMDAwLCJ1cGRhdGUiOjEyMDAwMDAwMDAwMH19",
          "dependencies": [
            "module.east_2_network.data.aws_availability_zones.available",
            "module.east_2_network.module.vpc.aws_internet_gateway.this",
            "module.east_2_network.module.vpc.aws_route_table.public",
            "module.east_2_network.module.vpc.aws_vpc.this",
            "module.east_2_network.module.vpc.aws_vpc_ipv4_cidr_block_association.this"
          ]
        }
      ]
    },
    {
      "module": "module.east_2_network.module.vpc",
      "mode": "managed",
      "type": "aws_route",
      "name": "public_internet_gateway_ipv6",
      "provider": "provider[\"registry.terraform.io/hashicorp/aws\"].east_2",
      "instances": []
    },
    {
      "module": "module.east_2_network.module.vpc",
      "mode": "managed",
      "type": "aws_route_table",
      "name": "database",
      "provider": "provider[\"registry.terraform.io/hashicorp/aws\"].east_2",
      "instances": [
        {
          "index_key": 0,
          "schema_version": 0,
          "attributes": {
            "arn": "arn:aws:ec2:us-east-2:992382747916:route-table/rtb-0c016152f982e4a68",
            "id": "rtb-0c016152f982e4a68",
            "owner_id": "992382747916",
            "propagating_vgws": [],
            "region": "us-east-2",
            "route": [
              {
                "carrier_gateway_id": "",
                "cidr_block": "10.60.0.0/16",
                "core_network_arn": "",
                "destination_prefix_list_id": "",
                "egress_only_gateway_id": "",
                "gateway_id": "",
                "ipv6_cidr_block": "",
                "local_gateway_id": "",
                "nat_gateway_id": "",
                "network_interface_id": "",
                "odb_network_arn": "",
                "transit_gateway_id": "tgw-052489305f16a515e",
                "vpc_endpoint_id": "",
                "vpc_peering_connection_id": ""
              },
              {
                "carrier_gateway_id": "",
                "cidr_block": "10.70.0.0/16",
                "core_network_arn": "",
                "destination_prefix_list_id": "",
                "egress_only_gateway_id": "",
                "gateway_id": "",
                "ipv6_cidr_block": "",
                "local_gateway_id": "",
                "nat_gateway_id": "",
                "network_interface_id": "",
                "odb_network_arn": "",
                "transit_gateway_id": "tgw-052489305f16a515e",
                "vpc_endpoint_id": "",
                "vpc_peering_connection_id": ""
              },
              {
                "carrier_gateway_id": "",
                "cidr_block": "10.80.0.0/16",
                "core_network_arn": "",
                "destination_prefix_list_id": "",
                "egress_only_gateway_id": "",
                "gateway_id": "",
                "ipv6_cidr_block": "",
                "local_gateway_id": "",
                "nat_gateway_id": "",
                "network_interface_id": "",
                "odb_network_arn": "",
                "transit_gateway_id": "tgw-052489305f16a515e",
                "vpc_endpoint_id": "",
                "vpc_peering_connection_id": ""
              }
            ],
            "tags": {
              "Name": "staging-east-2-db",
              "environment": "staging",
              "managed_by": "terraform",
              "stack": "staging-multi-state",
              "state": "05-east-2-network"
            },
            "tags_all": {
              "Name": "staging-east-2-db",
              "environment": "staging",
              "managed_by": "terraform",
              "stack": "staging-multi-state",
              "state": "05-east-2-network"
            },
            "timeouts": null,
            "vpc_id": "vpc-0ff01f65820f5040e"
          },
          "sensitive_attributes": [],
          "identity_schema_version": 0,
          "identity": {
            "account_id": "992382747916",
            "id": "rtb-0c016152f982e4a68",
            "region": "us-east-2"
          },
          "private": "eyJlMmJmYjczMC1lY2FhLTExZTYtOGY4OC0zNDM2M2JjN2M0YzAiOnsiY3JlYXRlIjozMDAwMDAwMDAwMDAsImRlbGV0ZSI6MzAwMDAwMDAwMDAwLCJ1cGRhdGUiOjEyMDAwMDAwMDAwMH19",
          "dependencies": [
            "module.east_2_network.data.aws_availability_zones.available",
            "module.east_2_network.module.vpc.aws_vpc.this",
            "module.east_2_network.module.vpc.aws_vpc_ipv4_cidr_block_association.this"
          ]
        }
      ]
    },
    {
      "module": "module.east_2_network.module.vpc",
      "mode": "managed",
      "type": "aws_route_table",
      "name": "elasticache",
      "provider": "provider[\"registry.terraform.io/hashicorp/aws\"].east_2",
      "instances": []
    },
    {
      "module": "module.east_2_network.module.vpc",
      "mode": "managed",
      "type": "aws_route_table",
      "name": "intra",
      "provider": "provider[\"registry.terraform.io/hashicorp/aws\"].east_2",
      "instances": [
        {
          "index_key": 0,
          "schema_version": 0,
          "attributes": {
            "arn": "arn:aws:ec2:us-east-2:992382747916:route-table/rtb-0b4d8d0a47b4f4291",
            "id": "rtb-0b4d8d0a47b4f4291",
            "owner_id": "992382747916",
            "propagating_vgws": [],
            "region": "us-east-2",
            "route": [
              {
                "carrier_gateway_id": "",
                "cidr_block": "10.60.0.0/16",
                "core_network_arn": "",
                "destination_prefix_list_id": "",
                "egress_only_gateway_id": "",
                "gateway_id": "",
                "ipv6_cidr_block": "",
                "local_gateway_id": "",
                "nat_gateway_id": "",
                "network_interface_id": "",
                "odb_network_arn": "",
                "transit_gateway_id": "tgw-052489305f16a515e",
                "vpc_endpoint_id": "",
                "vpc_peering_connection_id": ""
              },
              {
                "carrier_gateway_id": "",
                "cidr_block": "10.70.0.0/16",
                "core_network_arn": "",
                "destination_prefix_list_id": "",
                "egress_only_gateway_id": "",
                "gateway_id": "",
                "ipv6_cidr_block": "",
                "local_gateway_id": "",
                "nat_gateway_id": "",
                "network_interface_id": "",
                "odb_network_arn": "",
                "transit_gateway_id": "tgw-052489305f16a515e",
                "vpc_endpoint_id": "",
                "vpc_peering_connection_id": ""
              },
              {
                "carrier_gateway_id": "",
                "cidr_block": "10.80.0.0/16",
                "core_network_arn": "",
                "destination_prefix_list_id": "",
                "egress_only_gateway_id": "",
                "gateway_id": "",
                "ipv6_cidr_block": "",
                "local_gateway_id": "",
                "nat_gateway_id": "",
                "network_interface_id": "",
                "odb_network_arn": "",
                "transit_gateway_id": "tgw-052489305f16a515e",
                "vpc_endpoint_id": "",
                "vpc_peering_connection_id": ""
              }
            ],
            "tags": {
              "Name": "staging-east-2-intra",
              "environment": "staging",
              "managed_by": "terraform",
              "stack": "staging-multi-state",
              "state": "05-east-2-network"
            },
            "tags_all": {
              "Name": "staging-east-2-intra",
              "environment": "staging",
              "managed_by": "terraform",
              "stack": "staging-multi-state",
              "state": "05-east-2-network"
            },
            "timeouts": null,
            "vpc_id": "vpc-0ff01f65820f5040e"
          },
          "sensitive_attributes": [],
          "identity_schema_version": 0,
          "identity": {
            "account_id": "992382747916",
            "id": "rtb-0b4d8d0a47b4f4291",
            "region": "us-east-2"
          },
          "private": "eyJlMmJmYjczMC1lY2FhLTExZTYtOGY4OC0zNDM2M2JjN2M0YzAiOnsiY3JlYXRlIjozMDAwMDAwMDAwMDAsImRlbGV0ZSI6MzAwMDAwMDAwMDAwLCJ1cGRhdGUiOjEyMDAwMDAwMDAwMH19",
          "dependencies": [
            "module.east_2_network.data.aws_availability_zones.available",
            "module.east_2_network.module.vpc.aws_vpc.this",
            "module.east_2_network.module.vpc.aws_vpc_ipv4_cidr_block_association.this"
          ]
        }
      ]
    },
    {
      "module": "module.east_2_network.module.vpc",
      "mode": "managed",
      "type": "aws_route_table",
      "name": "private",
      "provider": "provider[\"registry.terraform.io/hashicorp/aws\"].east_2",
      "instances": [
        {
          "index_key": 0,
          "schema_version": 0,
          "attributes": {
            "arn": "arn:aws:ec2:us-east-2:992382747916:route-table/rtb-057c0b19e49ca533b",
            "id": "rtb-057c0b19e49ca533b",
            "owner_id": "992382747916",
            "propagating_vgws": [],
            "region": "us-east-2",
            "route": [
              {
                "carrier_gateway_id": "",
                "cidr_block": "10.60.0.0/16",
                "core_network_arn": "",
                "destination_prefix_list_id": "",
                "egress_only_gateway_id": "",
                "gateway_id": "",
                "ipv6_cidr_block": "",
                "local_gateway_id": "",
                "nat_gateway_id": "",
                "network_interface_id": "",
                "odb_network_arn": "",
                "transit_gateway_id": "tgw-052489305f16a515e",
                "vpc_endpoint_id": "",
                "vpc_peering_connection_id": ""
              },
              {
                "carrier_gateway_id": "",
                "cidr_block": "10.70.0.0/16",
                "core_network_arn": "",
                "destination_prefix_list_id": "",
                "egress_only_gateway_id": "",
                "gateway_id": "",
                "ipv6_cidr_block": "",
                "local_gateway_id": "",
                "nat_gateway_id": "",
                "network_interface_id": "",
                "odb_network_arn": "",
                "transit_gateway_id": "tgw-052489305f16a515e",
                "vpc_endpoint_id": "",
                "vpc_peering_connection_id": ""
              },
              {
                "carrier_gateway_id": "",
                "cidr_block": "10.80.0.0/16",
                "core_network_arn": "",
                "destination_prefix_list_id": "",
                "egress_only_gateway_id": "",
                "gateway_id": "",
                "ipv6_cidr_block": "",
                "local_gateway_id": "",
                "nat_gateway_id": "",
                "network_interface_id": "",
                "odb_network_arn": "",
                "transit_gateway_id": "tgw-052489305f16a515e",
                "vpc_endpoint_id": "",
                "vpc_peering_connection_id": ""
              }
            ],
            "tags": {
              "Name": "staging-east-2-private",
              "environment": "staging",
              "managed_by": "terraform",
              "stack": "staging-multi-state",
              "state": "05-east-2-network"
            },
            "tags_all": {
              "Name": "staging-east-2-private",
              "environment": "staging",
              "managed_by": "terraform",
              "stack": "staging-multi-state",
              "state": "05-east-2-network"
            },
            "timeouts": null,
            "vpc_id": "vpc-0ff01f65820f5040e"
          },
          "sensitive_attributes": [],
          "identity_schema_version": 0,
          "identity": {
            "account_id": "992382747916",
            "id": "rtb-057c0b19e49ca533b",
            "region": "us-east-2"
          },
          "private": "eyJlMmJmYjczMC1lY2FhLTExZTYtOGY4OC0zNDM2M2JjN2M0YzAiOnsiY3JlYXRlIjozMDAwMDAwMDAwMDAsImRlbGV0ZSI6MzAwMDAwMDAwMDAwLCJ1cGRhdGUiOjEyMDAwMDAwMDAwMH19",
          "dependencies": [
            "module.east_2_network.data.aws_availability_zones.available",
            "module.east_2_network.module.vpc.aws_vpc.this",
            "module.east_2_network.module.vpc.aws_vpc_ipv4_cidr_block_association.this"
          ]
        }
      ]
    },
    {
      "module": "module.east_2_network.module.vpc",
      "mode": "managed",
      "type": "aws_route_table",
      "name": "public",
      "provider": "provider[\"registry.terraform.io/hashicorp/aws\"].east_2",
      "instances": [
        {
          "index_key": 0,
          "schema_version": 0,
          "attributes": {
            "arn": "arn:aws:ec2:us-east-2:992382747916:route-table/rtb-0e804efaddcac91e4",
            "id": "rtb-0e804efaddcac91e4",
            "owner_id": "992382747916",
            "propagating_vgws": [],
            "region": "us-east-2",
            "route": [
              {
                "carrier_gateway_id": "",
                "cidr_block": "0.0.0.0/0",
                "core_network_arn": "",
                "destination_prefix_list_id": "",
                "egress_only_gateway_id": "",
                "gateway_id": "igw-0748f8aa57e3b61b3",
                "ipv6_cidr_block": "",
                "local_gateway_id": "",
                "nat_gateway_id": "",
                "network_interface_id": "",
                "odb_network_arn": "",
                "transit_gateway_id": "",
                "vpc_endpoint_id": "",
                "vpc_peering_connection_id": ""
              }
            ],
            "tags": {
              "Name": "staging-east-2-public",
              "environment": "staging",
              "managed_by": "terraform",
              "stack": "staging-multi-state",
              "state": "05-east-2-network"
            },
            "tags_all": {
              "Name": "staging-east-2-public",
              "environment": "staging",
              "managed_by": "terraform",
              "stack": "staging-multi-state",
              "state": "05-east-2-network"
            },
            "timeouts": null,
            "vpc_id": "vpc-0ff01f65820f5040e"
          },
          "sensitive_attributes": [],
          "identity_schema_version": 0,
          "identity": {
            "account_id": "992382747916",
            "id": "rtb-0e804efaddcac91e4",
            "region": "us-east-2"
          },
          "private": "eyJlMmJmYjczMC1lY2FhLTExZTYtOGY4OC0zNDM2M2JjN2M0YzAiOnsiY3JlYXRlIjozMDAwMDAwMDAwMDAsImRlbGV0ZSI6MzAwMDAwMDAwMDAwLCJ1cGRhdGUiOjEyMDAwMDAwMDAwMH19",
          "dependencies": [
            "module.east_2_network.data.aws_availability_zones.available",
            "module.east_2_network.module.vpc.aws_vpc.this",
            "module.east_2_network.module.vpc.aws_vpc_ipv4_cidr_block_association.this"
          ]
        }
      ]
    },
    {
      "module": "module.east_2_network.module.vpc",
      "mode": "managed",
      "type": "aws_route_table",
      "name": "redshift",
      "provider": "provider[\"registry.terraform.io/hashicorp/aws\"].east_2",
      "instances": []
    },
    {
      "module": "module.east_2_network.module.vpc",
      "mode": "managed",
      "type": "aws_route_table_association",
      "name": "database",
      "provider": "provider[\"registry.terraform.io/hashicorp/aws\"].east_2",
      "instances": [
        {
          "index_key": 0,
          "schema_version": 0,
          "attributes": {
            "gateway_id": "",
            "id": "rtbassoc-0c38e47260499a558",
            "region": "us-east-2",
            "route_table_id": "rtb-0c016152f982e4a68",
            "subnet_id": "subnet-0b582d95161603c4f",
            "timeouts": null
          },
          "sensitive_attributes": [],
          "identity_schema_version": 0,
          "identity": {
            "account_id": "992382747916",
            "id": "rtbassoc-0c38e47260499a558",
            "region": "us-east-2"
          },
          "private": "eyJlMmJmYjczMC1lY2FhLTExZTYtOGY4OC0zNDM2M2JjN2M0YzAiOnsiY3JlYXRlIjozMDAwMDAwMDAwMDAsImRlbGV0ZSI6MzAwMDAwMDAwMDAwLCJ1cGRhdGUiOjEyMDAwMDAwMDAwMH19",
          "dependencies": [
            "module.east_2_network.data.aws_availability_zones.available",
            "module.east_2_network.module.vpc.aws_route_table.database",
            "module.east_2_network.module.vpc.aws_route_table.private",
            "module.east_2_network.module.vpc.aws_subnet.database",
            "module.east_2_network.module.vpc.aws_vpc.this",
            "module.east_2_network.module.vpc.aws_vpc_ipv4_cidr_block_association.this"
          ]
        },
        {
          "index_key": 1,
          "schema_version": 0,
          "attributes": {
            "gateway_id": "",
            "id": "rtbassoc-0257b36872c4e77f3",
            "region": "us-east-2",
            "route_table_id": "rtb-0c016152f982e4a68",
            "subnet_id": "subnet-0439be88129c0395f",
            "timeouts": null
          },
          "sensitive_attributes": [],
          "identity_schema_version": 0,
          "identity": {
            "account_id": "992382747916",
            "id": "rtbassoc-0257b36872c4e77f3",
            "region": "us-east-2"
          },
          "private": "eyJlMmJmYjczMC1lY2FhLTExZTYtOGY4OC0zNDM2M2JjN2M0YzAiOnsiY3JlYXRlIjozMDAwMDAwMDAwMDAsImRlbGV0ZSI6MzAwMDAwMDAwMDAwLCJ1cGRhdGUiOjEyMDAwMDAwMDAwMH19",
          "dependencies": [
            "module.east_2_network.data.aws_availability_zones.available",
            "module.east_2_network.module.vpc.aws_route_table.database",
            "module.east_2_network.module.vpc.aws_route_table.private",
            "module.east_2_network.module.vpc.aws_subnet.database",
            "module.east_2_network.module.vpc.aws_vpc.this",
            "module.east_2_network.module.vpc.aws_vpc_ipv4_cidr_block_association.this"
          ]
        }
      ]
    },
    {
      "module": "module.east_2_network.module.vpc",
      "mode": "managed",
      "type": "aws_route_table_association",
      "name": "elasticache",
      "provider": "provider[\"registry.terraform.io/hashicorp/aws\"].east_2",
      "instances": []
    },
    {
      "module": "module.east_2_network.module.vpc",
      "mode": "managed",
      "type": "aws_route_table_association",
      "name": "intra",
      "provider": "provider[\"registry.terraform.io/hashicorp/aws\"].east_2",
      "instances": [
        {
          "index_key": 0,
          "schema_version": 0,
          "attributes": {
            "gateway_id": "",
            "id": "rtbassoc-04c080a034d249ad9",
            "region": "us-east-2",
            "route_table_id": "rtb-0b4d8d0a47b4f4291",
            "subnet_id": "subnet-0401203eab1aa6c85",
            "timeouts": null
          },
          "sensitive_attributes": [],
          "identity_schema_version": 0,
          "identity": {
            "account_id": "992382747916",
            "id": "rtbassoc-04c080a034d249ad9",
            "region": "us-east-2"
          },
          "private": "eyJlMmJmYjczMC1lY2FhLTExZTYtOGY4OC0zNDM2M2JjN2M0YzAiOnsiY3JlYXRlIjozMDAwMDAwMDAwMDAsImRlbGV0ZSI6MzAwMDAwMDAwMDAwLCJ1cGRhdGUiOjEyMDAwMDAwMDAwMH19",
          "dependencies": [
            "module.east_2_network.data.aws_availability_zones.available",
            "module.east_2_network.module.vpc.aws_route_table.intra",
            "module.east_2_network.module.vpc.aws_subnet.intra",
            "module.east_2_network.module.vpc.aws_vpc.this",
            "module.east_2_network.module.vpc.aws_vpc_ipv4_cidr_block_association.this"
          ]
        },
        {
          "index_key": 1,
          "schema_version": 0,
          "attributes": {
            "gateway_id": "",
            "id": "rtbassoc-0fca794eccef48ffa",
            "region": "us-east-2",
            "route_table_id": "rtb-0b4d8d0a47b4f4291",
            "subnet_id": "subnet-00235d4b2f1a6a408",
            "timeouts": null
          },
          "sensitive_attributes": [],
          "identity_schema_version": 0,
          "identity": {
            "account_id": "992382747916",
            "id": "rtbassoc-0fca794eccef48ffa",
            "region": "us-east-2"
          },
          "private": "eyJlMmJmYjczMC1lY2FhLTExZTYtOGY4OC0zNDM2M2JjN2M0YzAiOnsiY3JlYXRlIjozMDAwMDAwMDAwMDAsImRlbGV0ZSI6MzAwMDAwMDAwMDAwLCJ1cGRhdGUiOjEyMDAwMDAwMDAwMH19",
          "dependencies": [
            "module.east_2_network.data.aws_availability_zones.available",
            "module.east_2_network.module.vpc.aws_route_table.intra",
            "module.east_2_network.module.vpc.aws_subnet.intra",
            "module.east_2_network.module.vpc.aws_vpc.this",
            "module.east_2_network.module.vpc.aws_vpc_ipv4_cidr_block_association.this"
          ]
        }
      ]
    },
    {
      "module": "module.east_2_network.module.vpc",
      "mode": "managed",
      "type": "aws_route_table_association",
      "name": "outpost",
      "provider": "provider[\"registry.terraform.io/hashicorp/aws\"].east_2",
      "instances": []
    },
    {
      "module": "module.east_2_network.module.vpc",
      "mode": "managed",
      "type": "aws_route_table_association",
      "name": "private",
      "provider": "provider[\"registry.terraform.io/hashicorp/aws\"].east_2",
      "instances": [
        {
          "index_key": 0,
          "schema_version": 0,
          "attributes": {
            "gateway_id": "",
            "id": "rtbassoc-029853670ca14ea94",
            "region": "us-east-2",
            "route_table_id": "rtb-057c0b19e49ca533b",
            "subnet_id": "subnet-0a194069781cfa5a3",
            "timeouts": null
          },
          "sensitive_attributes": [],
          "identity_schema_version": 0,
          "identity": {
            "account_id": "992382747916",
            "id": "rtbassoc-029853670ca14ea94",
            "region": "us-east-2"
          },
          "private": "eyJlMmJmYjczMC1lY2FhLTExZTYtOGY4OC0zNDM2M2JjN2M0YzAiOnsiY3JlYXRlIjozMDAwMDAwMDAwMDAsImRlbGV0ZSI6MzAwMDAwMDAwMDAwLCJ1cGRhdGUiOjEyMDAwMDAwMDAwMH19",
          "dependencies": [
            "module.east_2_network.data.aws_availability_zones.available",
            "module.east_2_network.module.vpc.aws_route_table.private",
            "module.east_2_network.module.vpc.aws_subnet.private",
            "module.east_2_network.module.vpc.aws_vpc.this",
            "module.east_2_network.module.vpc.aws_vpc_ipv4_cidr_block_association.this"
          ]
        },
        {
          "index_key": 1,
          "schema_version": 0,
          "attributes": {
            "gateway_id": "",
            "id": "rtbassoc-0f04497517127543a",
            "region": "us-east-2",
            "route_table_id": "rtb-057c0b19e49ca533b",
            "subnet_id": "subnet-034b47d3dd3c88f9c",
            "timeouts": null
          },
          "sensitive_attributes": [],
          "identity_schema_version": 0,
          "identity": {
            "account_id": "992382747916",
            "id": "rtbassoc-0f04497517127543a",
            "region": "us-east-2"
          },
          "private": "eyJlMmJmYjczMC1lY2FhLTExZTYtOGY4OC0zNDM2M2JjN2M0YzAiOnsiY3JlYXRlIjozMDAwMDAwMDAwMDAsImRlbGV0ZSI6MzAwMDAwMDAwMDAwLCJ1cGRhdGUiOjEyMDAwMDAwMDAwMH19",
          "dependencies": [
            "module.east_2_network.data.aws_availability_zones.available",
            "module.east_2_network.module.vpc.aws_route_table.private",
            "module.east_2_network.module.vpc.aws_subnet.private",
            "module.east_2_network.module.vpc.aws_vpc.this",
            "module.east_2_network.module.vpc.aws_vpc_ipv4_cidr_block_association.this"
          ]
        }
      ]
    },
    {
      "module": "module.east_2_network.module.vpc",
      "mode": "managed",
      "type": "aws_route_table_association",
      "name": "public",
      "provider": "provider[\"registry.terraform.io/hashicorp/aws\"].east_2",
      "instances": [
        {
          "index_key": 0,
          "schema_version": 0,
          "attributes": {
            "gateway_id": "",
            "id": "rtbassoc-08420d9a0d6b8f533",
            "region": "us-east-2",
            "route_table_id": "rtb-0e804efaddcac91e4",
            "subnet_id": "subnet-0b435c258d9c69f90",
            "timeouts": null
          },
          "sensitive_attributes": [],
          "identity_schema_version": 0,
          "identity": {
            "account_id": "992382747916",
            "id": "rtbassoc-08420d9a0d6b8f533",
            "region": "us-east-2"
          },
          "private": "eyJlMmJmYjczMC1lY2FhLTExZTYtOGY4OC0zNDM2M2JjN2M0YzAiOnsiY3JlYXRlIjozMDAwMDAwMDAwMDAsImRlbGV0ZSI6MzAwMDAwMDAwMDAwLCJ1cGRhdGUiOjEyMDAwMDAwMDAwMH19",
          "dependencies": [
            "module.east_2_network.data.aws_availability_zones.available",
            "module.east_2_network.module.vpc.aws_route_table.public",
            "module.east_2_network.module.vpc.aws_subnet.public",
            "module.east_2_network.module.vpc.aws_vpc.this",
            "module.east_2_network.module.vpc.aws_vpc_ipv4_cidr_block_association.this"
          ]
        },
        {
          "index_key": 1,
          "schema_version": 0,
          "attributes": {
            "gateway_id": "",
            "id": "rtbassoc-0f3581a05fea59c45",
            "region": "us-east-2",
            "route_table_id": "rtb-0e804efaddcac91e4",
            "subnet_id": "subnet-09270e1b86471396f",
            "timeouts": null
          },
          "sensitive_attributes": [],
          "identity_schema_version": 0,
          "identity": {
            "account_id": "992382747916",
            "id": "rtbassoc-0f3581a05fea59c45",
            "region": "us-east-2"
          },
          "private": "eyJlMmJmYjczMC1lY2FhLTExZTYtOGY4OC0zNDM2M2JjN2M0YzAiOnsiY3JlYXRlIjozMDAwMDAwMDAwMDAsImRlbGV0ZSI6MzAwMDAwMDAwMDAwLCJ1cGRhdGUiOjEyMDAwMDAwMDAwMH19",
          "dependencies": [
            "module.east_2_network.data.aws_availability_zones.available",
            "module.east_2_network.module.vpc.aws_route_table.public",
            "module.east_2_network.module.vpc.aws_subnet.public",
            "module.east_2_network.module.vpc.aws_vpc.this",
            "module.east_2_network.module.vpc.aws_vpc_ipv4_cidr_block_association.this"
          ]
        }
      ]
    },
    {
      "module": "module.east_2_network.module.vpc",
      "mode": "managed",
      "type": "aws_route_table_association",
      "name": "redshift",
      "provider": "provider[\"registry.terraform.io/hashicorp/aws\"].east_2",
      "instances": []
    },
    {
      "module": "module.east_2_network.module.vpc",
      "mode": "managed",
      "type": "aws_route_table_association",
      "name": "redshift_public",
      "provider": "provider[\"registry.terraform.io/hashicorp/aws\"].east_2",
      "instances": []
    },
    {
      "module": "module.east_2_network.module.vpc",
      "mode": "managed",
      "type": "aws_subnet",
      "name": "database",
      "provider": "provider[\"registry.terraform.io/hashicorp/aws\"].east_2",
      "instances": [
        {
          "index_key": 0,
          "schema_version": 1,
          "attributes": {
            "arn": "arn:aws:ec2:us-east-2:992382747916:subnet/subnet-0b582d95161603c4f",
            "assign_ipv6_address_on_creation": false,
            "availability_zone": "us-east-2a",
            "availability_zone_id": "use2-az1",
            "cidr_block": "10.65.30.0/24",
            "customer_owned_ipv4_pool": "",
            "enable_dns64": false,
            "enable_lni_at_device_index": 0,
            "enable_resource_name_dns_a_record_on_launch": false,
            "enable_resource_name_dns_aaaa_record_on_launch": false,
            "id": "subnet-0b582d95161603c4f",
            "ipv4_ipam_pool_id": null,
            "ipv4_netmask_length": null,
            "ipv6_cidr_block": "",
            "ipv6_cidr_block_association_id": "",
            "ipv6_ipam_pool_id": null,
            "ipv6_native": false,
            "ipv6_netmask_length": null,
            "map_customer_owned_ip_on_launch": false,
            "map_public_ip_on_launch": false,
            "outpost_arn": "",
            "owner_id": "992382747916",
            "private_dns_hostname_type_on_launch": "ip-name",
            "region": "us-east-2",
            "tags": {
              "Name": "staging-east-2-db-us-east-2a",
              "environment": "staging",
              "managed_by": "terraform",
              "stack": "staging-multi-state",
              "state": "05-east-2-network"
            },
            "tags_all": {
              "Name": "staging-east-2-db-us-east-2a",
              "environment": "staging",
              "managed_by": "terraform",
              "stack": "staging-multi-state",
              "state": "05-east-2-network"
            },
            "timeouts": null,
            "vpc_id": "vpc-0ff01f65820f5040e"
          },
          "sensitive_attributes": [],
          "identity_schema_version": 0,
          "identity": {
            "account_id": "992382747916",
            "id": "subnet-0b582d95161603c4f",
            "region": "us-east-2"
          },
          "private": "eyJlMmJmYjczMC1lY2FhLTExZTYtOGY4OC0zNDM2M2JjN2M0YzAiOnsiY3JlYXRlIjo2MDAwMDAwMDAwMDAsImRlbGV0ZSI6MTIwMDAwMDAwMDAwMH0sInNjaGVtYV92ZXJzaW9uIjoiMSJ9",
          "dependencies": [
            "module.east_2_network.data.aws_availability_zones.available",
            "module.east_2_network.module.vpc.aws_vpc.this",
            "module.east_2_network.module.vpc.aws_vpc_ipv4_cidr_block_association.this"
          ]
        },
        {
          "index_key": 1,
          "schema_version": 1,
          "attributes": {
            "arn": "arn:aws:ec2:us-east-2:992382747916:subnet/subnet-0439be88129c0395f",
            "assign_ipv6_address_on_creation": false,
            "availability_zone": "us-east-2b",
            "availability_zone_id": "use2-az2",
            "cidr_block": "10.65.31.0/24",
            "customer_owned_ipv4_pool": "",
            "enable_dns64": false,
            "enable_lni_at_device_index": 0,
            "enable_resource_name_dns_a_record_on_launch": false,
            "enable_resource_name_dns_aaaa_record_on_launch": false,
            "id": "subnet-0439be88129c0395f",
            "ipv4_ipam_pool_id": null,
            "ipv4_netmask_length": null,
            "ipv6_cidr_block": "",
            "ipv6_cidr_block_association_id": "",
            "ipv6_ipam_pool_id": null,
            "ipv6_native": false,
            "ipv6_netmask_length": null,
            "map_customer_owned_ip_on_launch": false,
            "map_public_ip_on_launch": false,
            "outpost_arn": "",
            "owner_id": "992382747916",
            "private_dns_hostname_type_on_launch": "ip-name",
            "region": "us-east-2",
            "tags": {
              "Name": "staging-east-2-db-us-east-2b",
              "environment": "staging",
              "managed_by": "terraform",
              "stack": "staging-multi-state",
              "state": "05-east-2-network"
            },
            "tags_all": {
              "Name": "staging-east-2-db-us-east-2b",
              "environment": "staging",
              "managed_by": "terraform",
              "stack": "staging-multi-state",
              "state": "05-east-2-network"
            },
            "timeouts": null,
            "vpc_id": "vpc-0ff01f65820f5040e"
          },
          "sensitive_attributes": [],
          "identity_schema_version": 0,
          "identity": {
            "account_id": "992382747916",
            "id": "subnet-0439be88129c0395f",
            "region": "us-east-2"
          },
          "private": "eyJlMmJmYjczMC1lY2FhLTExZTYtOGY4OC0zNDM2M2JjN2M0YzAiOnsiY3JlYXRlIjo2MDAwMDAwMDAwMDAsImRlbGV0ZSI6MTIwMDAwMDAwMDAwMH0sInNjaGVtYV92ZXJzaW9uIjoiMSJ9",
          "dependencies": [
            "module.east_2_network.data.aws_availability_zones.available",
            "module.east_2_network.module.vpc.aws_vpc.this",
            "module.east_2_network.module.vpc.aws_vpc_ipv4_cidr_block_association.this"
          ]
        }
      ]
    },
    {
      "module": "module.east_2_network.module.vpc",
      "mode": "managed",
      "type": "aws_subnet",
      "name": "elasticache",
      "provider": "provider[\"registry.terraform.io/hashicorp/aws\"].east_2",
      "instances": []
    },
    {
      "module": "module.east_2_network.module.vpc",
      "mode": "managed",
      "type": "aws_subnet",
      "name": "intra",
      "provider": "provider[\"registry.terraform.io/hashicorp/aws\"].east_2",
      "instances": [
        {
          "index_key": 0,
          "schema_version": 1,
          "attributes": {
            "arn": "arn:aws:ec2:us-east-2:992382747916:subnet/subnet-0401203eab1aa6c85",
            "assign_ipv6_address_on_creation": false,
            "availability_zone": "us-east-2a",
            "availability_zone_id": "use2-az1",
            "cidr_block": "10.65.20.0/24",
            "customer_owned_ipv4_pool": "",
            "enable_dns64": false,
            "enable_lni_at_device_index": 0,
            "enable_resource_name_dns_a_record_on_launch": false,
            "enable_resource_name_dns_aaaa_record_on_launch": false,
            "id": "subnet-0401203eab1aa6c85",
            "ipv4_ipam_pool_id": null,
            "ipv4_netmask_length": null,
            "ipv6_cidr_block": "",
            "ipv6_cidr_block_association_id": "",
            "ipv6_ipam_pool_id": null,
            "ipv6_native": false,
            "ipv6_netmask_length": null,
            "map_customer_owned_ip_on_launch": false,
            "map_public_ip_on_launch": false,
            "outpost_arn": "",
            "owner_id": "992382747916",
            "private_dns_hostname_type_on_launch": "ip-name",
            "region": "us-east-2",
            "tags": {
              "Name": "staging-east-2-intra-us-east-2a",
              "environment": "staging",
              "managed_by": "terraform",
              "stack": "staging-multi-state",
              "state": "05-east-2-network"
            },
            "tags_all": {
              "Name": "staging-east-2-intra-us-east-2a",
              "environment": "staging",
              "managed_by": "terraform",
              "stack": "staging-multi-state",
              "state": "05-east-2-network"
            },
            "timeouts": null,
            "vpc_id": "vpc-0ff01f65820f5040e"
          },
          "sensitive_attributes": [],
          "identity_schema_version": 0,
          "identity": {
            "account_id": "992382747916",
            "id": "subnet-0401203eab1aa6c85",
            "region": "us-east-2"
          },
          "private": "eyJlMmJmYjczMC1lY2FhLTExZTYtOGY4OC0zNDM2M2JjN2M0YzAiOnsiY3JlYXRlIjo2MDAwMDAwMDAwMDAsImRlbGV0ZSI6MTIwMDAwMDAwMDAwMH0sInNjaGVtYV92ZXJzaW9uIjoiMSJ9",
          "dependencies": [
            "module.east_2_network.data.aws_availability_zones.available",
            "module.east_2_network.module.vpc.aws_vpc.this",
            "module.east_2_network.module.vpc.aws_vpc_ipv4_cidr_block_association.this"
          ]
        },
        {
          "index_key": 1,
          "schema_version": 1,
          "attributes": {
            "arn": "arn:aws:ec2:us-east-2:992382747916:subnet/subnet-00235d4b2f1a6a408",
            "assign_ipv6_address_on_creation": false,
            "availability_zone": "us-east-2b",
            "availability_zone_id": "use2-az2",
            "cidr_block": "10.65.21.0/24",
            "customer_owned_ipv4_pool": "",
            "enable_dns64": false,
            "enable_lni_at_device_index": 0,
            "enable_resource_name_dns_a_record_on_launch": false,
            "enable_resource_name_dns_aaaa_record_on_launch": false,
            "id": "subnet-00235d4b2f1a6a408",
            "ipv4_ipam_pool_id": null,
            "ipv4_netmask_length": null,
            "ipv6_cidr_block": "",
            "ipv6_cidr_block_association_id": "",
            "ipv6_ipam_pool_id": null,
            "ipv6_native": false,
            "ipv6_netmask_length": null,
            "map_customer_owned_ip_on_launch": false,
            "map_public_ip_on_launch": false,
            "outpost_arn": "",
            "owner_id": "992382747916",
            "private_dns_hostname_type_on_launch": "ip-name",
            "region": "us-east-2",
            "tags": {
              "Name": "staging-east-2-intra-us-east-2b",
              "environment": "staging",
              "managed_by": "terraform",
              "stack": "staging-multi-state",
              "state": "05-east-2-network"
            },
            "tags_all": {
              "Name": "staging-east-2-intra-us-east-2b",
              "environment": "staging",
              "managed_by": "terraform",
              "stack": "staging-multi-state",
              "state": "05-east-2-network"
            },
            "timeouts": null,
            "vpc_id": "vpc-0ff01f65820f5040e"
          },
          "sensitive_attributes": [],
          "identity_schema_version": 0,
          "identity": {
            "account_id": "992382747916",
            "id": "subnet-00235d4b2f1a6a408",
            "region": "us-east-2"
          },
          "private": "eyJlMmJmYjczMC1lY2FhLTExZTYtOGY4OC0zNDM2M2JjN2M0YzAiOnsiY3JlYXRlIjo2MDAwMDAwMDAwMDAsImRlbGV0ZSI6MTIwMDAwMDAwMDAwMH0sInNjaGVtYV92ZXJzaW9uIjoiMSJ9",
          "dependencies": [
            "module.east_2_network.data.aws_availability_zones.available",
            "module.east_2_network.module.vpc.aws_vpc.this",
            "module.east_2_network.module.vpc.aws_vpc_ipv4_cidr_block_association.this"
          ]
        }
      ]
    },
    {
      "module": "module.east_2_network.module.vpc",
      "mode": "managed",
      "type": "aws_subnet",
      "name": "outpost",
      "provider": "provider[\"registry.terraform.io/hashicorp/aws\"].east_2",
      "instances": []
    },
    {
      "module": "module.east_2_network.module.vpc",
      "mode": "managed",
      "type": "aws_subnet",
      "name": "private",
      "provider": "provider[\"registry.terraform.io/hashicorp/aws\"].east_2",
      "instances": [
        {
          "index_key": 0,
          "schema_version": 1,
          "attributes": {
            "arn": "arn:aws:ec2:us-east-2:992382747916:subnet/subnet-0a194069781cfa5a3",
            "assign_ipv6_address_on_creation": false,
            "availability_zone": "us-east-2a",
            "availability_zone_id": "use2-az1",
            "cidr_block": "10.65.10.0/24",
            "customer_owned_ipv4_pool": "",
            "enable_dns64": false,
            "enable_lni_at_device_index": 0,
            "enable_resource_name_dns_a_record_on_launch": false,
            "enable_resource_name_dns_aaaa_record_on_launch": false,
            "id": "subnet-0a194069781cfa5a3",
            "ipv4_ipam_pool_id": null,
            "ipv4_netmask_length": null,
            "ipv6_cidr_block": "",
            "ipv6_cidr_block_association_id": "",
            "ipv6_ipam_pool_id": null,
            "ipv6_native": false,
            "ipv6_netmask_length": null,
            "map_customer_owned_ip_on_launch": false,
            "map_public_ip_on_launch": false,
            "outpost_arn": "",
            "owner_id": "992382747916",
            "private_dns_hostname_type_on_launch": "ip-name",
            "region": "us-east-2",
            "tags": {
              "Name": "staging-east-2-private-us-east-2a",
              "environment": "staging",
              "managed_by": "terraform",
              "stack": "staging-multi-state",
              "state": "05-east-2-network"
            },
            "tags_all": {
              "Name": "staging-east-2-private-us-east-2a",
              "environment": "staging",
              "managed_by": "terraform",
              "stack": "staging-multi-state",
              "state": "05-east-2-network"
            },
            "timeouts": null,
            "vpc_id": "vpc-0ff01f65820f5040e"
          },
          "sensitive_attributes": [],
          "identity_schema_version": 0,
          "identity": {
            "account_id": "992382747916",
            "id": "subnet-0a194069781cfa5a3",
            "region": "us-east-2"
          },
          "private": "eyJlMmJmYjczMC1lY2FhLTExZTYtOGY4OC0zNDM2M2JjN2M0YzAiOnsiY3JlYXRlIjo2MDAwMDAwMDAwMDAsImRlbGV0ZSI6MTIwMDAwMDAwMDAwMH0sInNjaGVtYV92ZXJzaW9uIjoiMSJ9",
          "dependencies": [
            "module.east_2_network.data.aws_availability_zones.available",
            "module.east_2_network.module.vpc.aws_vpc.this",
            "module.east_2_network.module.vpc.aws_vpc_ipv4_cidr_block_association.this"
          ]
        },
        {
          "index_key": 1,
          "schema_version": 1,
          "attributes": {
            "arn": "arn:aws:ec2:us-east-2:992382747916:subnet/subnet-034b47d3dd3c88f9c",
            "assign_ipv6_address_on_creation": false,
            "availability_zone": "us-east-2b",
            "availability_zone_id": "use2-az2",
            "cidr_block": "10.65.11.0/24",
            "customer_owned_ipv4_pool": "",
            "enable_dns64": false,
            "enable_lni_at_device_index": 0,
            "enable_resource_name_dns_a_record_on_launch": false,
            "enable_resource_name_dns_aaaa_record_on_launch": false,
            "id": "subnet-034b47d3dd3c88f9c",
            "ipv4_ipam_pool_id": null,
            "ipv4_netmask_length": null,
            "ipv6_cidr_block": "",
            "ipv6_cidr_block_association_id": "",
            "ipv6_ipam_pool_id": null,
            "ipv6_native": false,
            "ipv6_netmask_length": null,
            "map_customer_owned_ip_on_launch": false,
            "map_public_ip_on_launch": false,
            "outpost_arn": "",
            "owner_id": "992382747916",
            "private_dns_hostname_type_on_launch": "ip-name",
            "region": "us-east-2",
            "tags": {
              "Name": "staging-east-2-private-us-east-2b",
              "environment": "staging",
              "managed_by": "terraform",
              "stack": "staging-multi-state",
              "state": "05-east-2-network"
            },
            "tags_all": {
              "Name": "staging-east-2-private-us-east-2b",
              "environment": "staging",
              "managed_by": "terraform",
              "stack": "staging-multi-state",
              "state": "05-east-2-network"
            },
            "timeouts": null,
            "vpc_id": "vpc-0ff01f65820f5040e"
          },
          "sensitive_attributes": [],
          "identity_schema_version": 0,
          "identity": {
            "account_id": "992382747916",
            "id": "subnet-034b47d3dd3c88f9c",
            "region": "us-east-2"
          },
          "private": "eyJlMmJmYjczMC1lY2FhLTExZTYtOGY4OC0zNDM2M2JjN2M0YzAiOnsiY3JlYXRlIjo2MDAwMDAwMDAwMDAsImRlbGV0ZSI6MTIwMDAwMDAwMDAwMH0sInNjaGVtYV92ZXJzaW9uIjoiMSJ9",
          "dependencies": [
            "module.east_2_network.data.aws_availability_zones.available",
            "module.east_2_network.module.vpc.aws_vpc.this",
            "module.east_2_network.module.vpc.aws_vpc_ipv4_cidr_block_association.this"
          ]
        }
      ]
    },
    {
      "module": "module.east_2_network.module.vpc",
      "mode": "managed",
      "type": "aws_subnet",
      "name": "public",
      "provider": "provider[\"registry.terraform.io/hashicorp/aws\"].east_2",
      "instances": [
        {
          "index_key": 0,
          "schema_version": 1,
          "attributes": {
            "arn": "arn:aws:ec2:us-east-2:992382747916:subnet/subnet-0b435c258d9c69f90",
            "assign_ipv6_address_on_creation": false,
            "availability_zone": "us-east-2a",
            "availability_zone_id": "use2-az1",
            "cidr_block": "10.65.0.0/24",
            "customer_owned_ipv4_pool": "",
            "enable_dns64": false,
            "enable_lni_at_device_index": 0,
            "enable_resource_name_dns_a_record_on_launch": false,
            "enable_resource_name_dns_aaaa_record_on_launch": false,
            "id": "subnet-0b435c258d9c69f90",
            "ipv4_ipam_pool_id": null,
            "ipv4_netmask_length": null,
            "ipv6_cidr_block": "",
            "ipv6_cidr_block_association_id": "",
            "ipv6_ipam_pool_id": null,
            "ipv6_native": false,
            "ipv6_netmask_length": null,
            "map_customer_owned_ip_on_launch": false,
            "map_public_ip_on_launch": false,
            "outpost_arn": "",
            "owner_id": "992382747916",
            "private_dns_hostname_type_on_launch": "ip-name",
            "region": "us-east-2",
            "tags": {
              "Name": "staging-east-2-public-us-east-2a",
              "environment": "staging",
              "managed_by": "terraform",
              "stack": "staging-multi-state",
              "state": "05-east-2-network"
            },
            "tags_all": {
              "Name": "staging-east-2-public-us-east-2a",
              "environment": "staging",
              "managed_by": "terraform",
              "stack": "staging-multi-state",
              "state": "05-east-2-network"
            },
            "timeouts": null,
            "vpc_id": "vpc-0ff01f65820f5040e"
          },
          "sensitive_attributes": [],
          "identity_schema_version": 0,
          "identity": {
            "account_id": "992382747916",
            "id": "subnet-0b435c258d9c69f90",
            "region": "us-east-2"
          },
          "private": "eyJlMmJmYjczMC1lY2FhLTExZTYtOGY4OC0zNDM2M2JjN2M0YzAiOnsiY3JlYXRlIjo2MDAwMDAwMDAwMDAsImRlbGV0ZSI6MTIwMDAwMDAwMDAwMH0sInNjaGVtYV92ZXJzaW9uIjoiMSJ9",
          "dependencies": [
            "module.east_2_network.data.aws_availability_zones.available",
            "module.east_2_network.module.vpc.aws_vpc.this",
            "module.east_2_network.module.vpc.aws_vpc_ipv4_cidr_block_association.this"
          ]
        },
        {
          "index_key": 1,
          "schema_version": 1,
          "attributes": {
            "arn": "arn:aws:ec2:us-east-2:992382747916:subnet/subnet-09270e1b86471396f",
            "assign_ipv6_address_on_creation": false,
            "availability_zone": "us-east-2b",
            "availability_zone_id": "use2-az2",
            "cidr_block": "10.65.1.0/24",
            "customer_owned_ipv4_pool": "",
            "enable_dns64": false,
            "enable_lni_at_device_index": 0,
            "enable_resource_name_dns_a_record_on_launch": false,
            "enable_resource_name_dns_aaaa_record_on_launch": false,
            "id": "subnet-09270e1b86471396f",
            "ipv4_ipam_pool_id": null,
            "ipv4_netmask_length": null,
            "ipv6_cidr_block": "",
            "ipv6_cidr_block_association_id": "",
            "ipv6_ipam_pool_id": null,
            "ipv6_native": false,
            "ipv6_netmask_length": null,
            "map_customer_owned_ip_on_launch": false,
            "map_public_ip_on_launch": false,
            "outpost_arn": "",
            "owner_id": "992382747916",
            "private_dns_hostname_type_on_launch": "ip-name",
            "region": "us-east-2",
            "tags": {
              "Name": "staging-east-2-public-us-east-2b",
              "environment": "staging",
              "managed_by": "terraform",
              "stack": "staging-multi-state",
              "state": "05-east-2-network"
            },
            "tags_all": {
              "Name": "staging-east-2-public-us-east-2b",
              "environment": "staging",
              "managed_by": "terraform",
              "stack": "staging-multi-state",
              "state": "05-east-2-network"
            },
            "timeouts": null,
            "vpc_id": "vpc-0ff01f65820f5040e"
          },
          "sensitive_attributes": [],
          "identity_schema_version": 0,
          "identity": {
            "account_id": "992382747916",
            "id": "subnet-09270e1b86471396f",
            "region": "us-east-2"
          },
          "private": "eyJlMmJmYjczMC1lY2FhLTExZTYtOGY4OC0zNDM2M2JjN2M0YzAiOnsiY3JlYXRlIjo2MDAwMDAwMDAwMDAsImRlbGV0ZSI6MTIwMDAwMDAwMDAwMH0sInNjaGVtYV92ZXJzaW9uIjoiMSJ9",
          "dependencies": [
            "module.east_2_network.data.aws_availability_zones.available",
            "module.east_2_network.module.vpc.aws_vpc.this",
            "module.east_2_network.module.vpc.aws_vpc_ipv4_cidr_block_association.this"
          ]
        }
      ]
    },
    {
      "module": "module.east_2_network.module.vpc",
      "mode": "managed",
      "type": "aws_subnet",
      "name": "redshift",
      "provider": "provider[\"registry.terraform.io/hashicorp/aws\"].east_2",
      "instances": []
    },
    {
      "module": "module.east_2_network.module.vpc",
      "mode": "managed",
      "type": "aws_vpc",
      "name": "this",
      "provider": "provider[\"registry.terraform.io/hashicorp/aws\"].east_2",
      "instances": [
        {
          "index_key": 0,
          "schema_version": 1,
          "attributes": {
            "arn": "arn:aws:ec2:us-east-2:992382747916:vpc/vpc-0ff01f65820f5040e",
            "assign_generated_ipv6_cidr_block": false,
            "cidr_block": "10.65.0.0/16",
            "default_network_acl_id": "acl-092aca80c61964624",
            "default_route_table_id": "rtb-07b122d9b1b567801",
            "default_security_group_id": "sg-07a9806e81f723865",
            "dhcp_options_id": "dopt-01777aea31e8b2a8e",
            "enable_dns_hostnames": true,
            "enable_dns_support": true,
            "enable_network_address_usage_metrics": false,
            "id": "vpc-0ff01f65820f5040e",
            "instance_tenancy": "default",
            "ipv4_ipam_pool_id": null,
            "ipv4_netmask_length": null,
            "ipv6_association_id": "",
            "ipv6_cidr_block": "",
            "ipv6_cidr_block_network_border_group": "",
            "ipv6_ipam_pool_id": "",
            "ipv6_netmask_length": 0,
            "main_route_table_id": "rtb-07b122d9b1b567801",
            "owner_id": "992382747916",
            "region": "us-east-2",
            "tags": {
              "Name": "staging-east-2",
              "environment": "staging",
              "managed_by": "terraform",
              "stack": "staging-multi-state",
              "state": "05-east-2-network"
            },
            "tags_all": {
              "Name": "staging-east-2",
              "environment": "staging",
              "managed_by": "terraform",
              "stack": "staging-multi-state",
              "state": "05-east-2-network"
            }
          },
          "sensitive_attributes": [],
          "identity_schema_version": 0,
          "identity": {
            "account_id": "992382747916",
            "id": "vpc-0ff01f65820f5040e",
            "region": "us-east-2"
          },
          "private": "eyJzY2hlbWFfdmVyc2lvbiI6IjEifQ==",
          "create_before_destroy": true
        }
      ]
    },
    {
      "module": "module.east_2_network.module.vpc",
      "mode": "managed",
      "type": "aws_vpc_block_public_access_exclusion",
      "name": "this",
      "provider": "provider[\"registry.terraform.io/hashicorp/aws\"].east_2",
      "instances": []
    },
    {
      "module": "module.east_2_network.module.vpc",
      "mode": "managed",
      "type": "aws_vpc_block_public_access_options",
      "name": "this",
      "provider": "provider[\"registry.terraform.io/hashicorp/aws\"].east_2",
      "instances": []
    },
    {
      "module": "module.east_2_network.module.vpc",
      "mode": "managed",
      "type": "aws_vpc_dhcp_options",
      "name": "this",
      "provider": "provider[\"registry.terraform.io/hashicorp/aws\"].east_2",
      "instances": []
    },
    {
      "module": "module.east_2_network.module.vpc",
      "mode": "managed",
      "type": "aws_vpc_dhcp_options_association",
      "name": "this",
      "provider": "provider[\"registry.terraform.io/hashicorp/aws\"].east_2",
      "instances": []
    },
    {
      "module": "module.east_2_network.module.vpc",
      "mode": "managed",
      "type": "aws_vpc_ipv4_cidr_block_association",
      "name": "this",
      "provider": "provider[\"registry.terraform.io/hashicorp/aws\"].east_2",
      "instances": []
    },
    {
      "module": "module.east_2_network.module.vpc",
      "mode": "managed",
      "type": "aws_vpn_gateway",
      "name": "this",
      "provider": "provider[\"registry.terraform.io/hashicorp/aws\"].east_2",
      "instances": []
    },
    {
      "module": "module.east_2_network.module.vpc",
      "mode": "managed",
      "type": "aws_vpn_gateway_attachment",
      "name": "this",
      "provider": "provider[\"registry.terraform.io/hashicorp/aws\"].east_2",
      "instances": []
    },
    {
      "module": "module.east_2_network.module.vpc",
      "mode": "managed",
      "type": "aws_vpn_gateway_route_propagation",
      "name": "intra",
      "provider": "provider[\"registry.terraform.io/hashicorp/aws\"].east_2",
      "instances": []
    },
    {
      "module": "module.east_2_network.module.vpc",
      "mode": "managed",
      "type": "aws_vpn_gateway_route_propagation",
      "name": "private",
      "provider": "provider[\"registry.terraform.io/hashicorp/aws\"].east_2",
      "instances": []
    },
    {
      "module": "module.east_2_network.module.vpc",
      "mode": "managed",
      "type": "aws_vpn_gateway_route_propagation",
      "name": "public",
      "provider": "provider[\"registry.terraform.io/hashicorp/aws\"].east_2",
      "instances": []
    },
    {
      "module": "module.east_2_network.module.vpc_flow_logs",
      "mode": "data",
      "type": "aws_iam_policy_document",
      "name": "publish_assume",
      "provider": "provider[\"registry.terraform.io/hashicorp/aws\"].east_2",
      "instances": [
        {
          "schema_version": 0,
          "attributes": {
            "id": "2717921857",
            "json": "{\n  \"Version\": \"2012-10-17\",\n  \"Statement\": [\n    {\n      \"Effect\": \"Allow\",\n      \"Action\": \"sts:AssumeRole\",\n      \"Principal\": {\n        \"Service\": \"vpc-flow-logs.amazonaws.com\"\n      }\n    }\n  ]\n}",
            "minified_json": "{\"Version\":\"2012-10-17\",\"Statement\":[{\"Effect\":\"Allow\",\"Action\":\"sts:AssumeRole\",\"Principal\":{\"Service\":\"vpc-flow-logs.amazonaws.com\"}}]}",
            "override_json": null,
            "override_policy_documents": null,
            "policy_id": null,
            "source_json": null,
            "source_policy_documents": null,
            "statement": [
              {
                "actions": [
                  "sts:AssumeRole"
                ],
                "condition": [],
                "effect": "Allow",
                "not_actions": [],
                "not_principals": [],
                "not_resources": [],
                "principals": [
                  {
                    "identifiers": [
                      "vpc-flow-logs.amazonaws.com"
                    ],
                    "type": "Service"
                  }
                ],
                "resources": [],
                "sid": ""
              }
            ],
            "version": "2012-10-17"
          },
          "sensitive_attributes": [],
          "identity_schema_version": 0
        }
      ]
    },
    {
      "module": "module.lambda_artifacts",
      "mode": "data",
      "type": "aws_caller_identity",
      "name": "current",
      "provider": "provider[\"registry.terraform.io/hashicorp/aws\"].east_2",
      "instances": [
        {
          "schema_version": 0,
          "attributes": {
            "account_id": "992382747916",
            "arn": "arn:aws:sts::992382747916:assumed-role/TerraformDeploy/terraform-staging-east-2-network",
            "id": "992382747916",
            "user_id": "AROA6ODU7AUGLACD2GTWJ:terraform-staging-east-2-network"
          },
          "sensitive_attributes": [],
          "identity_schema_version": 0
        }
      ]
    },
    {
      "module": "module.lambda_artifacts",
      "mode": "data",
      "type": "aws_canonical_user_id",
      "name": "this",
      "provider": "provider[\"registry.terraform.io/hashicorp/aws\"].east_2",
      "instances": []
    },
    {
      "module": "module.lambda_artifacts",
      "mode": "data",
      "type": "aws_iam_policy_document",
      "name": "access_log_delivery",
      "provider": "provider[\"registry.terraform.io/hashicorp/aws\"].east_2",
      "instances": []
    },
    {
      "module": "module.lambda_artifacts",
      "mode": "data",
      "type": "aws_iam_policy_document",
      "name": "cloudtrail_log_delivery",
      "provider": "provider[\"registry.terraform.io/hashicorp/aws\"].east_2",
      "instances": []
    },
    {
      "module": "module.lambda_artifacts",
      "mode": "data",
      "type": "aws_iam_policy_document",
      "name": "combined",
      "provider": "provider[\"registry.terraform.io/hashicorp/aws\"].east_2",
      "instances": [
        {
          "index_key": 0,
          "schema_version": 0,
          "attributes": {
            "id": "566816750",
            "json": "{\n  \"Version\": \"2012-10-17\",\n  \"Statement\": [\n    {\n      \"Sid\": \"denyInsecureTransport\",\n      \"Effect\": \"Deny\",\n      \"Action\": \"s3:*\",\n      \"Resource\": [\n        \"arn:aws:s3:::staging-992382747916-east-2-lambda-artifacts/*\",\n        \"arn:aws:s3:::staging-992382747916-east-2-lambda-artifacts\"\n      ],\n      \"Principal\": \"*\",\n      \"Condition\": {\n        \"Bool\": {\n          \"aws:SecureTransport\": \"false\"\n        }\n      }\n    }\n  ]\n}",
            "minified_json": "{\"Version\":\"2012-10-17\",\"Statement\":[{\"Sid\":\"denyInsecureTransport\",\"Effect\":\"Deny\",\"Action\":\"s3:*\",\"Resource\":[\"arn:aws:s3:::staging-992382747916-east-2-lambda-artifacts/*\",\"arn:aws:s3:::staging-992382747916-east-2-lambda-artifacts\"],\"Principal\":\"*\",\"Condition\":{\"Bool\":{\"aws:SecureTransport\":\"false\"}}}]}",
            "override_json": null,
            "override_policy_documents": null,
            "policy_id": null,
            "source_json": null,
            "source_policy_documents": [
              "{\n  \"Version\": \"2012-10-17\",\n  \"Statement\": [\n    {\n      \"Sid\": \"denyInsecureTransport\",\n      \"Effect\": \"Deny\",\n      \"Action\": \"s3:*\",\n      \"Resource\": [\n        \"arn:aws:s3:::staging-992382747916-east-2-lambda-artifacts/*\",\n        \"arn:aws:s3:::staging-992382747916-east-2-lambda-artifacts\"\n      ],\n      \"Principal\": \"*\",\n      \"Condition\": {\n        \"Bool\": {\n          \"aws:SecureTransport\": \"false\"\n        }\n      }\n    }\n  ]\n}"
            ],
            "statement": null,
            "version": "2012-10-17"
          },
          "sensitive_attributes": [],
          "identity_schema_version": 0
        }
      ]
    },
    {
      "module": "module.lambda_artifacts",
      "mode": "data",
      "type": "aws_iam_policy_document",
      "name": "deny_incorrect_encryption_headers",
      "provider": "provider[\"registry.terraform.io/hashicorp/aws\"].east_2",
      "instances": []
    },
    {
      "module": "module.lambda_artifacts",
      "mode": "data",
      "type": "aws_iam_policy_document",
      "name": "deny_incorrect_kms_key_sse",
      "provider": "provider[\"registry.terraform.io/hashicorp/aws\"].east_2",
      "instances": []
    },
    {
      "module": "module.lambda_artifacts",
      "mode": "data",
      "type": "aws_iam_policy_document",
      "name": "deny_insecure_transport",
      "provider": "provider[\"registry.terraform.io/hashicorp/aws\"].east_2",
      "instances": [
        {
          "index_key": 0,
          "schema_version": 0,
          "attributes": {
            "id": "566816750",
            "json": "{\n  \"Version\": \"2012-10-17\",\n  \"Statement\": [\n    {\n      \"Sid\": \"denyInsecureTransport\",\n      \"Effect\": \"Deny\",\n      \"Action\": \"s3:*\",\n      \"Resource\": [\n        \"arn:aws:s3:::staging-992382747916-east-2-lambda-artifacts/*\",\n        \"arn:aws:s3:::staging-992382747916-east-2-lambda-artifacts\"\n      ],\n      \"Principal\": \"*\",\n      \"Condition\": {\n        \"Bool\": {\n          \"aws:SecureTransport\": \"false\"\n        }\n      }\n    }\n  ]\n}",
            "minified_json": "{\"Version\":\"2012-10-17\",\"Statement\":[{\"Sid\":\"denyInsecureTransport\",\"Effect\":\"Deny\",\"Action\":\"s3:*\",\"Resource\":[\"arn:aws:s3:::staging-992382747916-east-2-lambda-artifacts/*\",\"arn:aws:s3:::staging-992382747916-east-2-lambda-artifacts\"],\"Principal\":\"*\",\"Condition\":{\"Bool\":{\"aws:SecureTransport\":\"false\"}}}]}",
            "override_json": null,
            "override_policy_documents": null,
            "policy_id": null,
            "source_json": null,
            "source_policy_documents": null,
            "statement": [
              {
                "actions": [
                  "s3:*"
                ],
                "condition": [
                  {
                    "test": "Bool",
                    "values": [
                      "false"
                    ],
                    "variable": "aws:SecureTransport"
                  }
                ],
                "effect": "Deny",
                "not_actions": [],
                "not_principals": [],
                "not_resources": [],
                "principals": [
                  {
                    "identifiers": [
                      "*"
                    ],
                    "type": "*"
                  }
                ],
                "resources": [
                  "arn:aws:s3:::staging-992382747916-east-2-lambda-artifacts",
                  "arn:aws:s3:::staging-992382747916-east-2-lambda-artifacts/*"
                ],
                "sid": "denyInsecureTransport"
              }
            ],
            "version": "2012-10-17"
          },
          "sensitive_attributes": [],
          "identity_schema_version": 0
        }
      ]
    },
    {
      "module": "module.lambda_artifacts",
      "mode": "data",
      "type": "aws_iam_policy_document",
      "name": "deny_ssec_encrypted_object_uploads",
      "provider": "provider[\"registry.terraform.io/hashicorp/aws\"].east_2",
      "instances": []
    },
    {
      "module": "module.lambda_artifacts",
      "mode": "data",
      "type": "aws_iam_policy_document",
      "name": "deny_unencrypted_object_uploads",
      "provider": "provider[\"registry.terraform.io/hashicorp/aws\"].east_2",
      "instances": []
    },
    {
      "module": "module.lambda_artifacts",
      "mode": "data",
      "type": "aws_iam_policy_document",
      "name": "elb_log_delivery",
      "provider": "provider[\"registry.terraform.io/hashicorp/aws\"].east_2",
      "instances": []
    },
    {
      "module": "module.lambda_artifacts",
      "mode": "data",
      "type": "aws_iam_policy_document",
      "name": "inventory_and_analytics_destination_policy",
      "provider": "provider[\"registry.terraform.io/hashicorp/aws\"].east_2",
      "instances": []
    },
    {
      "module": "module.lambda_artifacts",
      "mode": "data",
      "type": "aws_iam_policy_document",
      "name": "lb_log_delivery",
      "provider": "provider[\"registry.terraform.io/hashicorp/aws\"].east_2",
      "instances": []
    },
    {
      "module": "module.lambda_artifacts",
      "mode": "data",
      "type": "aws_iam_policy_document",
      "name": "require_latest_tls",
      "provider": "provider[\"registry.terraform.io/hashicorp/aws\"].east_2",
      "instances": []
    },
    {
      "module": "module.lambda_artifacts",
      "mode": "data",
      "type": "aws_iam_policy_document",
      "name": "waf_log_delivery",
      "provider": "provider[\"registry.terraform.io/hashicorp/aws\"].east_2",
      "instances": []
    },
    {
      "module": "module.lambda_artifacts",
      "mode": "data",
      "type": "aws_partition",
      "name": "current",
      "provider": "provider[\"registry.terraform.io/hashicorp/aws\"].east_2",
      "instances": [
        {
          "schema_version": 0,
          "attributes": {
            "dns_suffix": "amazonaws.com",
            "id": "aws",
            "partition": "aws",
            "reverse_dns_prefix": "com.amazonaws"
          },
          "sensitive_attributes": [],
          "identity_schema_version": 0
        }
      ]
    },
    {
      "module": "module.lambda_artifacts",
      "mode": "data",
      "type": "aws_region",
      "name": "current",
      "provider": "provider[\"registry.terraform.io/hashicorp/aws\"].east_2",
      "instances": [
        {
          "schema_version": 0,
          "attributes": {
            "description": "US East (Ohio)",
            "endpoint": "ec2.us-east-2.amazonaws.com",
            "id": "us-east-2",
            "name": "us-east-2",
            "region": "us-east-2"
          },
          "sensitive_attributes": [],
          "identity_schema_version": 0
        }
      ]
    },
    {
      "module": "module.lambda_artifacts",
      "mode": "managed",
      "type": "aws_s3_bucket",
      "name": "this",
      "provider": "provider[\"registry.terraform.io/hashicorp/aws\"].east_2",
      "instances": [
        {
          "index_key": 0,
          "schema_version": 0,
          "attributes": {
            "acceleration_status": "",
            "acl": null,
            "arn": "arn:aws:s3:::staging-992382747916-east-2-lambda-artifacts",
            "bucket": "staging-992382747916-east-2-lambda-artifacts",
            "bucket_domain_name": "staging-992382747916-east-2-lambda-artifacts.s3.amazonaws.com",
            "bucket_namespace": "global",
            "bucket_prefix": "",
            "bucket_region": "us-east-2",
            "bucket_regional_domain_name": "staging-992382747916-east-2-lambda-artifacts.s3.us-east-2.amazonaws.com",
            "cors_rule": [],
            "force_destroy": false,
            "grant": [
              {
                "id": "ac6a8f53167518da914d2d596ad22d566934f7c710c1a34fd5f8b7785f251a1f",
                "permissions": [
                  "FULL_CONTROL"
                ],
                "type": "CanonicalUser",
                "uri": ""
              }
            ],
            "hosted_zone_id": "Z2O1EMRO9K5GLX",
            "id": "staging-992382747916-east-2-lambda-artifacts",
            "lifecycle_rule": [],
            "logging": [],
            "object_lock_configuration": [],
            "object_lock_enabled": false,
            "policy": "{\"Statement\":[{\"Action\":\"s3:*\",\"Condition\":{\"Bool\":{\"aws:SecureTransport\":\"false\"}},\"Effect\":\"Deny\",\"Principal\":\"*\",\"Resource\":[\"arn:aws:s3:::staging-992382747916-east-2-lambda-artifacts/*\",\"arn:aws:s3:::staging-992382747916-east-2-lambda-artifacts\"],\"Sid\":\"denyInsecureTransport\"}],\"Version\":\"2012-10-17\"}",
            "region": "us-east-2",
            "replication_configuration": [],
            "request_payer": "BucketOwner",
            "server_side_encryption_configuration": [
              {
                "rule": [
                  {
                    "apply_server_side_encryption_by_default": [
                      {
                        "kms_master_key_id": "",
                        "sse_algorithm": "AES256"
                      }
                    ],
                    "bucket_key_enabled": true
                  }
                ]
              }
            ],
            "tags": {
              "environment": "staging",
              "managed_by": "terraform",
              "purpose": "lambda-artifacts",
              "stack": "staging-multi-state",
              "state": "05-east-2-network"
            },
            "tags_all": {
              "environment": "staging",
              "managed_by": "terraform",
              "purpose": "lambda-artifacts",
              "stack": "staging-multi-state",
              "state": "05-east-2-network"
            },
            "timeouts": null,
            "versioning": [
              {
                "enabled": true,
                "mfa_delete": false
              }
            ],
            "website": [],
            "website_domain": null,
            "website_endpoint": null
          },
          "sensitive_attributes": [],
          "identity_schema_version": 0,
          "identity": {
            "account_id": "992382747916",
            "bucket": "staging-992382747916-east-2-lambda-artifacts",
            "region": "us-east-2"
          },
          "private": "eyJlMmJmYjczMC1lY2FhLTExZTYtOGY4OC0zNDM2M2JjN2M0YzAiOnsiY3JlYXRlIjoxMjAwMDAwMDAwMDAwLCJkZWxldGUiOjM2MDAwMDAwMDAwMDAsInJlYWQiOjEyMDAwMDAwMDAwMDAsInVwZGF0ZSI6MTIwMDAwMDAwMDAwMH19"
        }
      ]
    },
    {
      "module": "module.lambda_artifacts",
      "mode": "managed",
      "type": "aws_s3_bucket_accelerate_configuration",
      "name": "this",
      "provider": "provider[\"registry.terraform.io/hashicorp/aws\"].east_2",
      "instances": []
    },
    {
      "module": "module.lambda_artifacts",
      "mode": "managed",
      "type": "aws_s3_bucket_acl",
      "name": "this",
      "provider": "provider[\"registry.terraform.io/hashicorp/aws\"].east_2",
      "instances": []
    },
    {
      "module": "module.lambda_artifacts",
      "mode": "managed",
      "type": "aws_s3_bucket_analytics_configuration",
      "name": "this",
      "provider": "provider[\"registry.terraform.io/hashicorp/aws\"].east_2",
      "instances": []
    },
    {
      "module": "module.lambda_artifacts",
      "mode": "managed",
      "type": "aws_s3_bucket_cors_configuration",
      "name": "this",
      "provider": "provider[\"registry.terraform.io/hashicorp/aws\"].east_2",
      "instances": []
    },
    {
      "module": "module.lambda_artifacts",
      "mode": "managed",
      "type": "aws_s3_bucket_intelligent_tiering_configuration",
      "name": "this",
      "provider": "provider[\"registry.terraform.io/hashicorp/aws\"].east_2",
      "instances": []
    },
    {
      "module": "module.lambda_artifacts",
      "mode": "managed",
      "type": "aws_s3_bucket_inventory",
      "name": "this",
      "provider": "provider[\"registry.terraform.io/hashicorp/aws\"].east_2",
      "instances": []
    },
    {
      "module": "module.lambda_artifacts",
      "mode": "managed",
      "type": "aws_s3_bucket_lifecycle_configuration",
      "name": "this",
      "provider": "provider[\"registry.terraform.io/hashicorp/aws\"].east_2",
      "instances": []
    },
    {
      "module": "module.lambda_artifacts",
      "mode": "managed",
      "type": "aws_s3_bucket_logging",
      "name": "this",
      "provider": "provider[\"registry.terraform.io/hashicorp/aws\"].east_2",
      "instances": []
    },
    {
      "module": "module.lambda_artifacts",
      "mode": "managed",
      "type": "aws_s3_bucket_metadata_configuration",
      "name": "this",
      "provider": "provider[\"registry.terraform.io/hashicorp/aws\"].east_2",
      "instances": []
    },
    {
      "module": "module.lambda_artifacts",
      "mode": "managed",
      "type": "aws_s3_bucket_metric",
      "name": "this",
      "provider": "provider[\"registry.terraform.io/hashicorp/aws\"].east_2",
      "instances": []
    },
    {
      "module": "module.lambda_artifacts",
      "mode": "managed",
      "type": "aws_s3_bucket_object_lock_configuration",
      "name": "this",
      "provider": "provider[\"registry.terraform.io/hashicorp/aws\"].east_2",
      "instances": []
    },
    {
      "module": "module.lambda_artifacts",
      "mode": "managed",
      "type": "aws_s3_bucket_ownership_controls",
      "name": "this",
      "provider": "provider[\"registry.terraform.io/hashicorp/aws\"].east_2",
      "instances": []
    },
    {
      "module": "module.lambda_artifacts",
      "mode": "managed",
      "type": "aws_s3_bucket_policy",
      "name": "this",
      "provider": "provider[\"registry.terraform.io/hashicorp/aws\"].east_2",
      "instances": [
        {
          "index_key": 0,
          "schema_version": 0,
          "attributes": {
            "bucket": "staging-992382747916-east-2-lambda-artifacts",
            "id": "staging-992382747916-east-2-lambda-artifacts",
            "policy": "{\"Statement\":[{\"Action\":\"s3:*\",\"Condition\":{\"Bool\":{\"aws:SecureTransport\":\"false\"}},\"Effect\":\"Deny\",\"Principal\":\"*\",\"Resource\":[\"arn:aws:s3:::staging-992382747916-east-2-lambda-artifacts/*\",\"arn:aws:s3:::staging-992382747916-east-2-lambda-artifacts\"],\"Sid\":\"denyInsecureTransport\"}],\"Version\":\"2012-10-17\"}",
            "region": "us-east-2"
          },
          "sensitive_attributes": [],
          "identity_schema_version": 0,
          "identity": {
            "account_id": "992382747916",
            "bucket": "staging-992382747916-east-2-lambda-artifacts",
            "region": "us-east-2"
          },
          "private": "bnVsbA==",
          "dependencies": [
            "module.lambda_artifacts.aws_s3_bucket.this",
            "module.lambda_artifacts.aws_s3_bucket_public_access_block.this",
            "module.lambda_artifacts.aws_s3_directory_bucket.this",
            "module.lambda_artifacts.data.aws_caller_identity.current",
            "module.lambda_artifacts.data.aws_iam_policy_document.access_log_delivery",
            "module.lambda_artifacts.data.aws_iam_policy_document.cloudtrail_log_delivery",
            "module.lambda_artifacts.data.aws_iam_policy_document.combined",
            "module.lambda_artifacts.data.aws_iam_policy_document.deny_incorrect_encryption_headers",
            "module.lambda_artifacts.data.aws_iam_policy_document.deny_incorrect_kms_key_sse",
            "module.lambda_artifacts.data.aws_iam_policy_document.deny_insecure_transport",
            "module.lambda_artifacts.data.aws_iam_policy_document.deny_ssec_encrypted_object_uploads",
            "module.lambda_artifacts.data.aws_iam_policy_document.deny_unencrypted_object_uploads",
            "module.lambda_artifacts.data.aws_iam_policy_document.elb_log_delivery",
            "module.lambda_artifacts.data.aws_iam_policy_document.inventory_and_analytics_destination_policy",
            "module.lambda_artifacts.data.aws_iam_policy_document.lb_log_delivery",
            "module.lambda_artifacts.data.aws_iam_policy_document.require_latest_tls",
            "module.lambda_artifacts.data.aws_iam_policy_document.waf_log_delivery",
            "module.lambda_artifacts.data.aws_partition.current",
            "module.lambda_artifacts.data.aws_region.current"
          ]
        }
      ]
    },
    {
      "module": "module.lambda_artifacts",
      "mode": "managed",
      "type": "aws_s3_bucket_public_access_block",
      "name": "this",
      "provider": "provider[\"registry.terraform.io/hashicorp/aws\"].east_2",
      "instances": [
        {
          "index_key": 0,
          "schema_version": 0,
          "attributes": {
            "block_public_acls": true,
            "block_public_policy": true,
            "bucket": "staging-992382747916-east-2-lambda-artifacts",
            "id": "staging-992382747916-east-2-lambda-artifacts",
            "ignore_public_acls": true,
            "region": "us-east-2",
            "restrict_public_buckets": true,
            "skip_destroy": true
          },
          "sensitive_attributes": [],
          "identity_schema_version": 0,
          "identity": {
            "account_id": "992382747916",
            "bucket": "staging-992382747916-east-2-lambda-artifacts",
            "region": "us-east-2"
          },
          "private": "bnVsbA==",
          "dependencies": [
            "module.lambda_artifacts.aws_s3_bucket.this"
          ]
        }
      ]
    },
    {
      "module": "module.lambda_artifacts",
      "mode": "managed",
      "type": "aws_s3_bucket_replication_configuration",
      "name": "this",
      "provider": "provider[\"registry.terraform.io/hashicorp/aws\"].east_2",
      "instances": []
    },
    {
      "module": "module.lambda_artifacts",
      "mode": "managed",
      "type": "aws_s3_bucket_request_payment_configuration",
      "name": "this",
      "provider": "provider[\"registry.terraform.io/hashicorp/aws\"].east_2",
      "instances": []
    },
    {
      "module": "module.lambda_artifacts",
      "mode": "managed",
      "type": "aws_s3_bucket_server_side_encryption_configuration",
      "name": "this",
      "provider": "provider[\"registry.terraform.io/hashicorp/aws\"].east_2",
      "instances": [
        {
          "index_key": 0,
          "schema_version": 0,
          "attributes": {
            "bucket": "staging-992382747916-east-2-lambda-artifacts",
            "expected_bucket_owner": "",
            "id": "staging-992382747916-east-2-lambda-artifacts",
            "region": "us-east-2",
            "rule": [
              {
                "apply_server_side_encryption_by_default": [
                  {
                    "kms_master_key_id": "",
                    "sse_algorithm": "AES256"
                  }
                ],
                "blocked_encryption_types": [
                  "SSE-C"
                ],
                "bucket_key_enabled": true
              }
            ]
          },
          "sensitive_attributes": [],
          "identity_schema_version": 1,
          "identity": {
            "account_id": "992382747916",
            "bucket": "staging-992382747916-east-2-lambda-artifacts",
            "region": "us-east-2"
          },
          "private": "bnVsbA==",
          "dependencies": [
            "module.lambda_artifacts.aws_s3_bucket.this",
            "module.lambda_artifacts.aws_s3_directory_bucket.this"
          ]
        }
      ]
    },
    {
      "module": "module.lambda_artifacts",
      "mode": "managed",
      "type": "aws_s3_bucket_versioning",
      "name": "this",
      "provider": "provider[\"registry.terraform.io/hashicorp/aws\"].east_2",
      "instances": [
        {
          "index_key": 0,
          "schema_version": 0,
          "attributes": {
            "bucket": "staging-992382747916-east-2-lambda-artifacts",
            "expected_bucket_owner": "",
            "id": "staging-992382747916-east-2-lambda-artifacts",
            "mfa": null,
            "region": "us-east-2",
            "versioning_configuration": [
              {
                "mfa_delete": "",
                "status": "Enabled"
              }
            ]
          },
          "sensitive_attributes": [],
          "identity_schema_version": 1,
          "identity": {
            "account_id": "992382747916",
            "bucket": "staging-992382747916-east-2-lambda-artifacts",
            "region": "us-east-2"
          },
          "private": "bnVsbA==",
          "dependencies": [
            "module.lambda_artifacts.aws_s3_bucket.this"
          ]
        }
      ]
    },
    {
      "module": "module.lambda_artifacts",
      "mode": "managed",
      "type": "aws_s3_bucket_website_configuration",
      "name": "this",
      "provider": "provider[\"registry.terraform.io/hashicorp/aws\"].east_2",
      "instances": []
    },
    {
      "module": "module.lambda_artifacts",
      "mode": "managed",
      "type": "aws_s3_directory_bucket",
      "name": "this",
      "provider": "provider[\"registry.terraform.io/hashicorp/aws\"].east_2",
      "instances": []
    }
  ],
  "check_results": [
    {
      "object_kind": "var",
      "config_addr": "module.east_2_network.module.vpc_flow_logs.var.traffic_type",
      "status": "pass",
      "objects": [
        {
          "object_addr": "module.east_2_network.module.vpc_flow_logs.var.traffic_type",
          "status": "pass"
        }
      ]
    },
    {
      "object_kind": "check",
      "config_addr": "check.assume_role_configured",
      "status": "pass",
      "objects": [
        {
          "object_addr": "check.assume_role_configured",
          "status": "pass"
        }
      ]
    },
    {
      "object_kind": "var",
      "config_addr": "module.east_2_network.var.flow_logs_traffic_type",
      "status": "pass",
      "objects": [
        {
          "object_addr": "module.east_2_network.var.flow_logs_traffic_type",
          "status": "pass"
        }
      ]
    },
    {
      "object_kind": "var",
      "config_addr": "module.east_2_network.var.intra_subnet_cidrs",
      "status": "pass",
      "objects": [
        {
          "object_addr": "module.east_2_network.var.intra_subnet_cidrs",
          "status": "pass"
        }
      ]
    }
  ]
}
