# THIS IS AN AUTOGENERATED FILE. DO NOT EDIT THIS FILE DIRECTLY.
# yarn lockfile v1


"@esbuild/aix-ppc64@0.19.11":
  version "0.19.11"
  resolved "https://registry.yarnpkg.com/@esbuild/aix-ppc64/-/aix-ppc64-0.19.11.tgz#2acd20be6d4f0458bc8c784103495ff24f13b1d3"
  integrity sha512-FnzU0LyE3ySQk7UntJO4+qIiQgI7KoODnZg5xzXIrFJlKd2P2gwHsHY4927xj9y5PJmJSzULiUCWmv7iWnNa7g==

"@esbuild/android-arm64@0.19.11":
  version "0.19.11"
  resolved "https://registry.yarnpkg.com/@esbuild/android-arm64/-/android-arm64-0.19.11.tgz#b45d000017385c9051a4f03e17078abb935be220"
  integrity sha512-aiu7K/5JnLj//KOnOfEZ0D90obUkRzDMyqd/wNAUQ34m4YUPVhRZpnqKV9uqDGxT7cToSDnIHsGooyIczu9T+Q==

"@esbuild/android-arm@0.19.11":
  version "0.19.11"
  resolved "https://registry.yarnpkg.com/@esbuild/android-arm/-/android-arm-0.19.11.tgz#f46f55414e1c3614ac682b29977792131238164c"
  integrity sha512-5OVapq0ClabvKvQ58Bws8+wkLCV+Rxg7tUVbo9xu034Nm536QTII4YzhaFriQ7rMrorfnFKUsArD2lqKbFY4vw==

"@esbuild/android-x64@0.19.11":
  version "0.19.11"
  resolved "https://registry.yarnpkg.com/@esbuild/android-x64/-/android-x64-0.19.11.tgz#bfc01e91740b82011ef503c48f548950824922b2"
  integrity sha512-eccxjlfGw43WYoY9QgB82SgGgDbibcqyDTlk3l3C0jOVHKxrjdc9CTwDUQd0vkvYg5um0OH+GpxYvp39r+IPOg==

"@esbuild/darwin-arm64@0.19.11":
  version "0.19.11"
  resolved "https://registry.yarnpkg.com/@esbuild/darwin-arm64/-/darwin-arm64-0.19.11.tgz#533fb7f5a08c37121d82c66198263dcc1bed29bf"
  integrity sha512-ETp87DRWuSt9KdDVkqSoKoLFHYTrkyz2+65fj9nfXsaV3bMhTCjtQfw3y+um88vGRKRiF7erPrh/ZuIdLUIVxQ==

"@esbuild/darwin-x64@0.19.11":
  version "0.19.11"
  resolved "https://registry.yarnpkg.com/@esbuild/darwin-x64/-/darwin-x64-0.19.11.tgz#62f3819eff7e4ddc656b7c6815a31cf9a1e7d98e"
  integrity sha512-fkFUiS6IUK9WYUO/+22omwetaSNl5/A8giXvQlcinLIjVkxwTLSktbF5f/kJMftM2MJp9+fXqZ5ezS7+SALp4g==

"@esbuild/freebsd-arm64@0.19.11":
  version "0.19.11"
  resolved "https://registry.yarnpkg.com/@esbuild/freebsd-arm64/-/freebsd-arm64-0.19.11.tgz#d478b4195aa3ca44160272dab85ef8baf4175b4a"
  integrity sha512-lhoSp5K6bxKRNdXUtHoNc5HhbXVCS8V0iZmDvyWvYq9S5WSfTIHU2UGjcGt7UeS6iEYp9eeymIl5mJBn0yiuxA==

"@esbuild/freebsd-x64@0.19.11":
  version "0.19.11"
  resolved "https://registry.yarnpkg.com/@esbuild/freebsd-x64/-/freebsd-x64-0.19.11.tgz#7bdcc1917409178257ca6a1a27fe06e797ec18a2"
  integrity sha512-JkUqn44AffGXitVI6/AbQdoYAq0TEullFdqcMY/PCUZ36xJ9ZJRtQabzMA+Vi7r78+25ZIBosLTOKnUXBSi1Kw==

"@esbuild/linux-arm64@0.19.11":
  version "0.19.11"
  resolved "https://registry.yarnpkg.com/@esbuild/linux-arm64/-/linux-arm64-0.19.11.tgz#58ad4ff11685fcc735d7ff4ca759ab18fcfe4545"
  integrity sha512-LneLg3ypEeveBSMuoa0kwMpCGmpu8XQUh+mL8XXwoYZ6Be2qBnVtcDI5azSvh7vioMDhoJFZzp9GWp9IWpYoUg==

"@esbuild/linux-arm@0.19.11":
  version "0.19.11"
  resolved "https://registry.yarnpkg.com/@esbuild/linux-arm/-/linux-arm-0.19.11.tgz#ce82246d873b5534d34de1e5c1b33026f35e60e3"
  integrity sha512-3CRkr9+vCV2XJbjwgzjPtO8T0SZUmRZla+UL1jw+XqHZPkPgZiyWvbDvl9rqAN8Zl7qJF0O/9ycMtjU67HN9/Q==

"@esbuild/linux-ia32@0.19.11":
  version "0.19.11"
  resolved "https://registry.yarnpkg.com/@esbuild/linux-ia32/-/linux-ia32-0.19.11.tgz#cbae1f313209affc74b80f4390c4c35c6ab83fa4"
  integrity sha512-caHy++CsD8Bgq2V5CodbJjFPEiDPq8JJmBdeyZ8GWVQMjRD0sU548nNdwPNvKjVpamYYVL40AORekgfIubwHoA==

"@esbuild/linux-loong64@0.19.11":
  version "0.19.11"
  resolved "https://registry.yarnpkg.com/@esbuild/linux-loong64/-/linux-loong64-0.19.11.tgz#5f32aead1c3ec8f4cccdb7ed08b166224d4e9121"
  integrity sha512-ppZSSLVpPrwHccvC6nQVZaSHlFsvCQyjnvirnVjbKSHuE5N24Yl8F3UwYUUR1UEPaFObGD2tSvVKbvR+uT1Nrg==

"@esbuild/linux-mips64el@0.19.11":
  version "0.19.11"
  resolved "https://registry.yarnpkg.com/@esbuild/linux-mips64el/-/linux-mips64el-0.19.11.tgz#38eecf1cbb8c36a616261de858b3c10d03419af9"
  integrity sha512-B5x9j0OgjG+v1dF2DkH34lr+7Gmv0kzX6/V0afF41FkPMMqaQ77pH7CrhWeR22aEeHKaeZVtZ6yFwlxOKPVFyg==

"@esbuild/linux-ppc64@0.19.11":
  version "0.19.11"
  resolved "https://registry.yarnpkg.com/@esbuild/linux-ppc64/-/linux-ppc64-0.19.11.tgz#9c5725a94e6ec15b93195e5a6afb821628afd912"
  integrity sha512-MHrZYLeCG8vXblMetWyttkdVRjQlQUb/oMgBNurVEnhj4YWOr4G5lmBfZjHYQHHN0g6yDmCAQRR8MUHldvvRDA==

"@esbuild/linux-riscv64@0.19.11":
  version "0.19.11"
  resolved "https://registry.yarnpkg.com/@esbuild/linux-riscv64/-/linux-riscv64-0.19.11.tgz#2dc4486d474a2a62bbe5870522a9a600e2acb916"
  integrity sha512-f3DY++t94uVg141dozDu4CCUkYW+09rWtaWfnb3bqe4w5NqmZd6nPVBm+qbz7WaHZCoqXqHz5p6CM6qv3qnSSQ==

"@esbuild/linux-s390x@0.19.11":
  version "0.19.11"
  resolved "https://registry.yarnpkg.com/@esbuild/linux-s390x/-/linux-s390x-0.19.11.tgz#4ad8567df48f7dd4c71ec5b1753b6f37561a65a8"
  integrity sha512-A5xdUoyWJHMMlcSMcPGVLzYzpcY8QP1RtYzX5/bS4dvjBGVxdhuiYyFwp7z74ocV7WDc0n1harxmpq2ePOjI0Q==

"@esbuild/linux-x64@0.19.11":
  version "0.19.11"
  resolved "https://registry.yarnpkg.com/@esbuild/linux-x64/-/linux-x64-0.19.11.tgz#b7390c4d5184f203ebe7ddaedf073df82a658766"
  integrity sha512-grbyMlVCvJSfxFQUndw5mCtWs5LO1gUlwP4CDi4iJBbVpZcqLVT29FxgGuBJGSzyOxotFG4LoO5X+M1350zmPA==

"@esbuild/netbsd-x64@0.19.11":
  version "0.19.11"
  resolved "https://registry.yarnpkg.com/@esbuild/netbsd-x64/-/netbsd-x64-0.19.11.tgz#d633c09492a1721377f3bccedb2d821b911e813d"
  integrity sha512-13jvrQZJc3P230OhU8xgwUnDeuC/9egsjTkXN49b3GcS5BKvJqZn86aGM8W9pd14Kd+u7HuFBMVtrNGhh6fHEQ==

"@esbuild/openbsd-x64@0.19.11":
  version "0.19.11"
  resolved "https://registry.yarnpkg.com/@esbuild/openbsd-x64/-/openbsd-x64-0.19.11.tgz#17388c76e2f01125bf831a68c03a7ffccb65d1a2"
  integrity sha512-ysyOGZuTp6SNKPE11INDUeFVVQFrhcNDVUgSQVDzqsqX38DjhPEPATpid04LCoUr2WXhQTEZ8ct/EgJCUDpyNw==

"@esbuild/sunos-x64@0.19.11":
  version "0.19.11"
  resolved "https://registry.yarnpkg.com/@esbuild/sunos-x64/-/sunos-x64-0.19.11.tgz#e320636f00bb9f4fdf3a80e548cb743370d41767"
  integrity sha512-Hf+Sad9nVwvtxy4DXCZQqLpgmRTQqyFyhT3bZ4F2XlJCjxGmRFF0Shwn9rzhOYRB61w9VMXUkxlBy56dk9JJiQ==

"@esbuild/win32-arm64@0.19.11":
  version "0.19.11"
  resolved "https://registry.yarnpkg.com/@esbuild/win32-arm64/-/win32-arm64-0.19.11.tgz#c778b45a496e90b6fc373e2a2bb072f1441fe0ee"
  integrity sha512-0P58Sbi0LctOMOQbpEOvOL44Ne0sqbS0XWHMvvrg6NE5jQ1xguCSSw9jQeUk2lfrXYsKDdOe6K+oZiwKPilYPQ==

"@esbuild/win32-ia32@0.19.11":
  version "0.19.11"
  resolved "https://registry.yarnpkg.com/@esbuild/win32-ia32/-/win32-ia32-0.19.11.tgz#481a65fee2e5cce74ec44823e6b09ecedcc5194c"
  integrity sha512-6YOrWS+sDJDmshdBIQU+Uoyh7pQKrdykdefC1avn76ss5c+RN6gut3LZA4E2cH5xUEp5/cA0+YxRaVtRAb0xBg==

"@esbuild/win32-x64@0.19.11":
  version "0.19.11"
  resolved "https://registry.yarnpkg.com/@esbuild/win32-x64/-/win32-x64-0.19.11.tgz#a5d300008960bb39677c46bf16f53ec70d8dee04"
  integrity sha512-vfkhltrjCAb603XaFhqhAF4LGDi2M4OrCRrFusyQ+iTLQ/o60QQXxc9cZC/FFpihBI9N1Grn6SMKVJ4KP7Fuiw==

"@rollup/rollup-android-arm-eabi@4.9.5":
  version "4.9.5"
  resolved "https://registry.yarnpkg.com/@rollup/rollup-android-arm-eabi/-/rollup-android-arm-eabi-4.9.5.tgz#b752b6c88a14ccfcbdf3f48c577ccc3a7f0e66b9"
  integrity sha512-idWaG8xeSRCfRq9KpRysDHJ/rEHBEXcHuJ82XY0yYFIWnLMjZv9vF/7DOq8djQ2n3Lk6+3qfSH8AqlmHlmi1MA==

"@rollup/rollup-android-arm64@4.9.5":
  version "4.9.5"
  resolved "https://registry.yarnpkg.com/@rollup/rollup-android-arm64/-/rollup-android-arm64-4.9.5.tgz#33757c3a448b9ef77b6f6292d8b0ec45c87e9c1a"
  integrity sha512-f14d7uhAMtsCGjAYwZGv6TwuS3IFaM4ZnGMUn3aCBgkcHAYErhV1Ad97WzBvS2o0aaDv4mVz+syiN0ElMyfBPg==

"@rollup/rollup-darwin-arm64@4.9.5":
  version "4.9.5"
  resolved "https://registry.yarnpkg.com/@rollup/rollup-darwin-arm64/-/rollup-darwin-arm64-4.9.5.tgz#5234ba62665a3f443143bc8bcea9df2cc58f55fb"
  integrity sha512-ndoXeLx455FffL68OIUrVr89Xu1WLzAG4n65R8roDlCoYiQcGGg6MALvs2Ap9zs7AHg8mpHtMpwC8jBBjZrT/w==

"@rollup/rollup-darwin-x64@4.9.5":
  version "4.9.5"
  resolved "https://registry.yarnpkg.com/@rollup/rollup-darwin-x64/-/rollup-darwin-x64-4.9.5.tgz#981256c054d3247b83313724938d606798a919d1"
  integrity sha512-UmElV1OY2m/1KEEqTlIjieKfVwRg0Zwg4PLgNf0s3glAHXBN99KLpw5A5lrSYCa1Kp63czTpVll2MAqbZYIHoA==

"@rollup/rollup-linux-arm-gnueabihf@4.9.5":
  version "4.9.5"
  resolved "https://registry.yarnpkg.com/@rollup/rollup-linux-arm-gnueabihf/-/rollup-linux-arm-gnueabihf-4.9.5.tgz#120678a5a2b3a283a548dbb4d337f9187a793560"
  integrity sha512-Q0LcU61v92tQB6ae+udZvOyZ0wfpGojtAKrrpAaIqmJ7+psq4cMIhT/9lfV6UQIpeItnq/2QDROhNLo00lOD1g==

"@rollup/rollup-linux-arm64-gnu@4.9.5":
  version "4.9.5"
  resolved "https://registry.yarnpkg.com/@rollup/rollup-linux-arm64-gnu/-/rollup-linux-arm64-gnu-4.9.5.tgz#c99d857e2372ece544b6f60b85058ad259f64114"
  integrity sha512-dkRscpM+RrR2Ee3eOQmRWFjmV/payHEOrjyq1VZegRUa5OrZJ2MAxBNs05bZuY0YCtpqETDy1Ix4i/hRqX98cA==

"@rollup/rollup-linux-arm64-musl@4.9.5":
  version "4.9.5"
  resolved "https://registry.yarnpkg.com/@rollup/rollup-linux-arm64-musl/-/rollup-linux-arm64-musl-4.9.5.tgz#3064060f568a5718c2a06858cd6e6d24f2ff8632"
  integrity sha512-QaKFVOzzST2xzY4MAmiDmURagWLFh+zZtttuEnuNn19AiZ0T3fhPyjPPGwLNdiDT82ZE91hnfJsUiDwF9DClIQ==

"@rollup/rollup-linux-riscv64-gnu@4.9.5":
  version "4.9.5"
  resolved "https://registry.yarnpkg.com/@rollup/rollup-linux-riscv64-gnu/-/rollup-linux-riscv64-gnu-4.9.5.tgz#987d30b5d2b992fff07d055015991a57ff55fbad"
  integrity sha512-HeGqmRJuyVg6/X6MpE2ur7GbymBPS8Np0S/vQFHDmocfORT+Zt76qu+69NUoxXzGqVP1pzaY6QIi0FJWLC3OPA==

"@rollup/rollup-linux-x64-gnu@4.9.5":
  version "4.9.5"
  resolved "https://registry.yarnpkg.com/@rollup/rollup-linux-x64-gnu/-/rollup-linux-x64-gnu-4.9.5.tgz#85946ee4d068bd12197aeeec2c6f679c94978a49"
  integrity sha512-Dq1bqBdLaZ1Gb/l2e5/+o3B18+8TI9ANlA1SkejZqDgdU/jK/ThYaMPMJpVMMXy2uRHvGKbkz9vheVGdq3cJfA==

"@rollup/rollup-linux-x64-musl@4.9.5":
  version "4.9.5"
  resolved "https://registry.yarnpkg.com/@rollup/rollup-linux-x64-musl/-/rollup-linux-x64-musl-4.9.5.tgz#fe0b20f9749a60eb1df43d20effa96c756ddcbd4"
  integrity sha512-ezyFUOwldYpj7AbkwyW9AJ203peub81CaAIVvckdkyH8EvhEIoKzaMFJj0G4qYJ5sw3BpqhFrsCc30t54HV8vg==

"@rollup/rollup-win32-arm64-msvc@4.9.5":
  version "4.9.5"
  resolved "https://registry.yarnpkg.com/@rollup/rollup-win32-arm64-msvc/-/rollup-win32-arm64-msvc-4.9.5.tgz#422661ef0e16699a234465d15b2c1089ef963b2a"
  integrity sha512-aHSsMnUw+0UETB0Hlv7B/ZHOGY5bQdwMKJSzGfDfvyhnpmVxLMGnQPGNE9wgqkLUs3+gbG1Qx02S2LLfJ5GaRQ==

"@rollup/rollup-win32-ia32-msvc@4.9.5":
  version "4.9.5"
  resolved "https://registry.yarnpkg.com/@rollup/rollup-win32-ia32-msvc/-/rollup-win32-ia32-msvc-4.9.5.tgz#7b73a145891c202fbcc08759248983667a035d85"
  integrity sha512-AiqiLkb9KSf7Lj/o1U3SEP9Zn+5NuVKgFdRIZkvd4N0+bYrTOovVd0+LmYCPQGbocT4kvFyK+LXCDiXPBF3fyA==

"@rollup/rollup-win32-x64-msvc@4.9.5":
  version "4.9.5"
  resolved "https://registry.yarnpkg.com/@rollup/rollup-win32-x64-msvc/-/rollup-win32-x64-msvc-4.9.5.tgz#10491ccf4f63c814d4149e0316541476ea603602"
  integrity sha512-1q+mykKE3Vot1kaFJIDoUFv5TuW+QQVaf2FmTT9krg86pQrGStOSJJ0Zil7CFagyxDuouTepzt5Y5TVzyajOdQ==

"@types/estree@1.0.5":
  version "1.0.5"
  resolved "https://registry.yarnpkg.com/@types/estree/-/estree-1.0.5.tgz#a6ce3e556e00fd9895dd872dd172ad0d4bd687f4"
  integrity sha512-/kYRxGDLWzHOB7q+wtSUQlFrtcdUccpfy+X+9iMBpHK8QLLhx2wIPYuS5DYtR9Wa/YlZAbIovy7qVdB1Aq6Lyw==

esbuild@^0.19.3:
  version "0.19.11"
  resolved "https://registry.yarnpkg.com/esbuild/-/esbuild-0.19.11.tgz#4a02dca031e768b5556606e1b468fe72e3325d96"
  integrity sha512-HJ96Hev2hX/6i5cDVwcqiJBBtuo9+FeIJOtZ9W1kA5M6AMJRHUZlpYZ1/SbEwtO0ioNAW8rUooVpC/WehY2SfA==
  optionalDependencies:
    "@esbuild/aix-ppc64" "0.19.11"
    "@esbuild/android-arm" "0.19.11"
    "@esbuild/android-arm64" "0.19.11"
    "@esbuild/android-x64" "0.19.11"
    "@esbuild/darwin-arm64" "0.19.11"
    "@esbuild/darwin-x64" "0.19.11"
    "@esbuild/freebsd-arm64" "0.19.11"
    "@esbuild/freebsd-x64" "0.19.11"
    "@esbuild/linux-arm" "0.19.11"
    "@esbuild/linux-arm64" "0.19.11"
    "@esbuild/linux-ia32" "0.19.11"
    "@esbuild/linux-loong64" "0.19.11"
    "@esbuild/linux-mips64el" "0.19.11"
    "@esbuild/linux-ppc64" "0.19.11"
    "@esbuild/linux-riscv64" "0.19.11"
    "@esbuild/linux-s390x" "0.19.11"
    "@esbuild/linux-x64" "0.19.11"
    "@esbuild/netbsd-x64" "0.19.11"
    "@esbuild/openbsd-x64" "0.19.11"
    "@esbuild/sunos-x64" "0.19.11"
    "@esbuild/win32-arm64" "0.19.11"
    "@esbuild/win32-ia32" "0.19.11"
    "@esbuild/win32-x64" "0.19.11"

fsevents@~2.3.2, fsevents@~2.3.3:
  version "2.3.3"
  resolved "https://registry.yarnpkg.com/fsevents/-/fsevents-2.3.3.tgz#cac6407785d03675a2a5e1a5305c697b347d90d6"
  integrity sha512-5xoDfX+fL7faATnagmWPpbFtwh/R77WmMMqqHGS65C3vvB0YHrgF+B1YmZ3441tMj5n63k0212XNoJwzlhffQw==

"js-tokens@^3.0.0 || ^4.0.0":
  version "4.0.0"
  resolved "https://registry.yarnpkg.com/js-tokens/-/js-tokens-4.0.0.tgz#19203fb59991df98e3a287050d4647cdeaf32499"
  integrity sha512-RdJUflcE3cUzKiMqQgsCu06FPu9UdIJO0beYbPhHN4k6apgJtifcoCtT9bcxOpYBtpD2kCM6Sbzg4CausW/PKQ==

loose-envify@^1.1.0:
  version "1.4.0"
  resolved "https://registry.yarnpkg.com/loose-envify/-/loose-envify-1.4.0.tgz#71ee51fa7be4caec1a63839f7e682d8132d30caf"
  integrity sha512-lyuxPGr/Wfhrlem2CL/UcnUc1zcqKAImBDzukY7Y5F/yQiNdko6+fRLevlw1HgMySw7f611UIY408EtxRSoK3Q==
  dependencies:
    js-tokens "^3.0.0 || ^4.0.0"

nanoid@^3.3.7:
  version "3.3.7"
  resolved "https://registry.yarnpkg.com/nanoid/-/nanoid-3.3.7.tgz#d0c301a691bc8d54efa0a2226ccf3fe2fd656bd8"
  integrity sha512-eSRppjcPIatRIMC1U6UngP8XFcz8MQWGQdt1MTBQ7NaAmvXDfvNxbvWV3x2y6CdEUciCSsDHDQZbhYaB8QEo2g==

picocolors@^1.0.0:
  version "1.0.0"
  resolved "https://registry.yarnpkg.com/picocolors/-/picocolors-1.0.0.tgz#cb5bdc74ff3f51892236eaf79d68bc44564ab81c"
  integrity sha512-1fygroTLlHu66zi26VoTDv8yRgm0Fccecssto+MhsZ0D/DGW2sm8E8AjW7NU5VVTRt5GxbeZ5qBuJr+HyLYkjQ==

postcss@^8.4.32:
  version "8.4.33"
  resolved "https://registry.yarnpkg.com/postcss/-/postcss-8.4.33.tgz#1378e859c9f69bf6f638b990a0212f43e2aaa742"
  integrity sha512-Kkpbhhdjw2qQs2O2DGX+8m5OVqEcbB9HRBvuYM9pgrjEFUg30A9LmXNlTAUj4S9kgtGyrMbTzVjH7E+s5Re2yg==
  dependencies:
    nanoid "^3.3.7"
    picocolors "^1.0.0"
    source-map-js "^1.0.2"

react-dom@18.2.0:
  version "18.2.0"
  resolved "https://registry.yarnpkg.com/react-dom/-/react-dom-18.2.0.tgz#22aaf38708db2674ed9ada224ca4aa708d821e3d"
  integrity sha512-6IMTriUmvsjHUjNtEDudZfuDQUoWXVxKHhlEGSk81n4YFS+r/Kl99wXiwlVXtPBtJenozv2P+hxDsw9eA7Xo6g==
  dependencies:
    loose-envify "^1.1.0"
    scheduler "^0.23.0"

react@18.2.0:
  version "18.2.0"
  resolved "https://registry.yarnpkg.com/react/-/react-18.2.0.tgz#555bd98592883255fa00de14f1151a917b5d77d5"
  integrity sha512-/3IjMdb2L9QbBdWiW5e3P2/npwMBaU9mHCSCUzNln0ZCYbcfTsGbTJrU/kGemdH2IWmB2ioZ+zkxtmq6g09fGQ==
  dependencies:
    loose-envify "^1.1.0"

rollup@^4.2.0:
  version "4.9.5"
  resolved "https://registry.yarnpkg.com/rollup/-/rollup-4.9.5.tgz#62999462c90f4c8b5d7c38fc7161e63b29101b05"
  integrity sha512-E4vQW0H/mbNMw2yLSqJyjtkHY9dslf/p0zuT1xehNRqUTBOFMqEjguDvqhXr7N7r/4ttb2jr4T41d3dncmIgbQ==
  dependencies:
    "@types/estree" "1.0.5"
  optionalDependencies:
    "@rollup/rollup-android-arm-eabi" "4.9.5"
    "@rollup/rollup-android-arm64" "4.9.5"
    "@rollup/rollup-darwin-arm64" "4.9.5"
    "@rollup/rollup-darwin-x64" "4.9.5"
    "@rollup/rollup-linux-arm-gnueabihf" "4.9.5"
    "@rollup/rollup-linux-arm64-gnu" "4.9.5"
    "@rollup/rollup-linux-arm64-musl" "4.9.5"
    "@rollup/rollup-linux-riscv64-gnu" "4.9.5"
    "@rollup/rollup-linux-x64-gnu" "4.9.5"
    "@rollup/rollup-linux-x64-musl" "4.9.5"
    "@rollup/rollup-win32-arm64-msvc" "4.9.5"
    "@rollup/rollup-win32-ia32-msvc" "4.9.5"
    "@rollup/rollup-win32-x64-msvc" "4.9.5"
    fsevents "~2.3.2"

scheduler@^0.23.0:
  version "0.23.0"
  resolved "https://registry.yarnpkg.com/scheduler/-/scheduler-0.23.0.tgz#ba8041afc3d30eb206a487b6b384002e4e61fdfe"
  integrity sha512-CtuThmgHNg7zIZWAXi3AsyIzA3n4xx7aNyjwC2VJldO2LMVDhFK+63xGqq6CsJH4rTAt6/M+N4GhZiDYPx9eUw==
  dependencies:
    loose-envify "^1.1.0"

source-map-js@^1.0.2:
  version "1.0.2"
  resolved "https://registry.yarnpkg.com/source-map-js/-/source-map-js-1.0.2.tgz#adbc361d9c62df380125e7f161f71c826f1e490c"
  integrity sha512-R0XvVJ9WusLiqTCEiGCmICCMplcCkIwwR11mOSD9CR5u+IXYdiseeEuXCVAjS54zqwkLcPNnmU4OeJ6tUrWhDw==

vite@5.0.6:
  version "5.0.6"
  resolved "https://registry.yarnpkg.com/vite/-/vite-5.0.6.tgz#f9e13503a4c5ccd67312c67803dec921f3bdea7c"
  integrity sha512-MD3joyAEBtV7QZPl2JVVUai6zHms3YOmLR+BpMzLlX2Yzjfcc4gTgNi09d/Rua3F4EtC8zdwPU8eQYyib4vVMQ==
  dependencies:
    esbuild "^0.19.3"
    postcss "^8.4.32"
    rollup "^4.2.0"
  optionalDependencies:
    fsevents "~2.3.3"
