# THIS IS AN AUTOGENERATED FILE. DO NOT EDIT THIS FILE DIRECTLY.
# yarn lockfile v1


"@babel/runtime@^7.14.6":
  version "7.22.15"
  resolved "https://registry.npmjs.org/@babel/runtime/-/runtime-7.22.15.tgz"
  integrity sha512-T0O+aa+4w0u06iNmapipJXMV4HoUir03hpx3/YqXXhu9xim3w+dVphjFWl1OH8NbZHw5Lbm9k45drDkgq2VNNA==
  dependencies:
    regenerator-runtime "^0.14.0"

"@excalidraw/random-username@1.0.0":
  version "1.0.0"
  resolved "https://registry.npmjs.org/@excalidraw/random-username/-/random-username-1.0.0.tgz"
  integrity sha512-pd4VapWahQ7PIyThGq32+C+JUS73mf3RSdC7BmQiXzhQsCTU4RHc8y9jBi+pb1CFV0iJXvjJRXnVdLCbTj3+HA==

"@firebase/analytics-types@0.4.0":
  version "0.4.0"
  resolved "https://registry.npmjs.org/@firebase/analytics-types/-/analytics-types-0.4.0.tgz"
  integrity sha512-Jj2xW+8+8XPfWGkv9HPv/uR+Qrmq37NPYT352wf7MvE9LrstpLVmFg3LqG6MCRr5miLAom5sen2gZ+iOhVDeRA==

"@firebase/analytics@0.6.8":
  version "0.6.8"
  resolved "https://registry.npmjs.org/@firebase/analytics/-/analytics-0.6.8.tgz"
  integrity sha512-cPbQIQo3uqpImtiGIB42F9s9fw8cPseCj1ZMR3VshL6u/6kzC9ptOpgg8PMCLOgZvBwC993LbT1UOTuufTd49Q==
  dependencies:
    "@firebase/analytics-types" "0.4.0"
    "@firebase/component" "0.4.0"
    "@firebase/installations" "0.4.24"
    "@firebase/logger" "0.2.6"
    "@firebase/util" "0.4.1"
    tslib "^2.1.0"

"@firebase/app-types@0.6.2", "@firebase/app-types@0.x":
  version "0.6.2"
  resolved "https://registry.npmjs.org/@firebase/app-types/-/app-types-0.6.2.tgz"
  integrity sha512-2VXvq/K+n8XMdM4L2xy5bYp2ZXMawJXluUIDzUBvMthVR+lhxK4pfFiqr1mmDbv9ydXvEAuFsD+6DpcZuJcSSw==

"@firebase/app@0.6.19", "@firebase/app@0.x":
  version "0.6.19"
  resolved "https://registry.npmjs.org/@firebase/app/-/app-0.6.19.tgz"
  integrity sha512-qDimGNoukCuWvGYcsosGV2tOKbJ98RuRHLoK2j4t73TupY6rH+4QeR3tf5E3q1gZ5mtaFZloXc6aZWWOgtfwoQ==
  dependencies:
    "@firebase/app-types" "0.6.2"
    "@firebase/component" "0.4.0"
    "@firebase/logger" "0.2.6"
    "@firebase/util" "0.4.1"
    dom-storage "2.1.0"
    tslib "^2.1.0"
    xmlhttprequest "1.8.0"

"@firebase/auth-interop-types@0.1.5":
  version "0.1.5"
  resolved "https://registry.npmjs.org/@firebase/auth-interop-types/-/auth-interop-types-0.1.5.tgz"
  integrity sha512-88h74TMQ6wXChPA6h9Q3E1Jg6TkTHep2+k63OWg3s0ozyGVMeY+TTOti7PFPzq5RhszQPQOoCi59es4MaRvgCw==

"@firebase/auth-types@0.10.2":
  version "0.10.2"
  resolved "https://registry.npmjs.org/@firebase/auth-types/-/auth-types-0.10.2.tgz"
  integrity sha512-0GMWVWh5TBCYIQfVerxzDsuvhoFpK0++O9LtP3FWkwYo7EAxp6w0cftAg/8ntU1E5Wg56Ry0b6ti/YGP6g0jlg==

"@firebase/auth@0.16.4":
  version "0.16.4"
  resolved "https://registry.npmjs.org/@firebase/auth/-/auth-0.16.4.tgz"
  integrity sha512-zgHPK6/uL6+nAyG9zqammHTF1MQpAN7z/jVRLYkDZS4l81H08b2SzApLbRfW/fmy665xqb5MK7sVH0V1wsiCNw==
  dependencies:
    "@firebase/auth-types" "0.10.2"

"@firebase/component@0.4.0":
  version "0.4.0"
  resolved "https://registry.npmjs.org/@firebase/component/-/component-0.4.0.tgz"
  integrity sha512-L7kLKpW1v5qxPfIhx/VqHuVi+vr5IcnDS4zCJFb+/eYe23i6czSOWR1urAoJ4r42Dk0XB5kDt6Idojdd9BGMEA==
  dependencies:
    "@firebase/util" "0.4.1"
    tslib "^2.1.0"

"@firebase/database-types@0.7.1":
  version "0.7.1"
  resolved "https://registry.npmjs.org/@firebase/database-types/-/database-types-0.7.1.tgz"
  integrity sha512-465ceJXSMqFFMnL2lxYx+YhYajcyk+VpGiXf9T6KNME0lKne5hYuqYr7XmS8/sTeyV0huhmTb8K1nxlA7hiPOg==
  dependencies:
    "@firebase/app-types" "0.6.2"

"@firebase/database@0.9.8":
  version "0.9.8"
  resolved "https://registry.npmjs.org/@firebase/database/-/database-0.9.8.tgz"
  integrity sha512-bqZUDR6jIQSQcY7oZVGmI/Bg7SfmUUW/toaZBCfaddWAnniBthaa8o0Hyv1ypPxjEZCu1CfPQwtpMhlSTjG0tA==
  dependencies:
    "@firebase/auth-interop-types" "0.1.5"
    "@firebase/component" "0.4.0"
    "@firebase/database-types" "0.7.1"
    "@firebase/logger" "0.2.6"
    "@firebase/util" "0.4.1"
    faye-websocket "0.11.3"
    tslib "^2.1.0"

"@firebase/firestore-types@2.2.0":
  version "2.2.0"
  resolved "https://registry.npmjs.org/@firebase/firestore-types/-/firestore-types-2.2.0.tgz"
  integrity sha512-5kZZtQ32FIRJP1029dw+ZVNRCclKOErHv1+Xn0pw/5Fq3dxroA/ZyFHqDu+uV52AyWHhNLjCqX43ibm4YqOzRw==

"@firebase/firestore@2.2.3":
  version "2.2.3"
  resolved "https://registry.npmjs.org/@firebase/firestore/-/firestore-2.2.3.tgz"
  integrity sha512-efJxJahP9936QlIHeATvatCO4c3UEk6nz7pc812xxkgTVezkg8K66IDUe0fncV70zbDrIyxUIl8yRcxhXytiGw==
  dependencies:
    "@firebase/component" "0.4.0"
    "@firebase/firestore-types" "2.2.0"
    "@firebase/logger" "0.2.6"
    "@firebase/util" "0.4.1"
    "@firebase/webchannel-wrapper" "0.4.1"
    "@grpc/grpc-js" "^1.0.0"
    "@grpc/proto-loader" "^0.5.0"
    node-fetch "2.6.1"
    tslib "^2.1.0"

"@firebase/functions-types@0.4.0":
  version "0.4.0"
  resolved "https://registry.npmjs.org/@firebase/functions-types/-/functions-types-0.4.0.tgz"
  integrity sha512-3KElyO3887HNxtxNF1ytGFrNmqD+hheqjwmT3sI09FaDCuaxGbOnsXAXH2eQ049XRXw9YQpHMgYws/aUNgXVyQ==

"@firebase/functions@0.6.6":
  version "0.6.6"
  resolved "https://registry.npmjs.org/@firebase/functions/-/functions-0.6.6.tgz"
  integrity sha512-cvZiqcL3X7+6ObkwcRUV54iFHaVxVgio2t610p2qwjzMxyYfiHWDA+GwKPioObDWqyXmNtkU8cw2WLoGf46cnA==
  dependencies:
    "@firebase/component" "0.4.0"
    "@firebase/functions-types" "0.4.0"
    "@firebase/messaging-types" "0.5.0"
    node-fetch "2.6.1"
    tslib "^2.1.0"

"@firebase/installations-types@0.3.4":
  version "0.3.4"
  resolved "https://registry.npmjs.org/@firebase/installations-types/-/installations-types-0.3.4.tgz"
  integrity sha512-RfePJFovmdIXb6rYwtngyxuEcWnOrzdZd9m7xAW0gRxDIjBT20n3BOhjpmgRWXo/DAxRmS7bRjWAyTHY9cqN7Q==

"@firebase/installations@0.4.24":
  version "0.4.24"
  resolved "https://registry.npmjs.org/@firebase/installations/-/installations-0.4.24.tgz"
  integrity sha512-cMWI3IfnmdJ4SzPav56yaHwEhpPPl5b03AVtv7AeKnmDZ61eBqPzEnYSL8Iso73/FeKpr8BYcZelAx0EyxcJ3Q==
  dependencies:
    "@firebase/component" "0.4.0"
    "@firebase/installations-types" "0.3.4"
    "@firebase/util" "0.4.1"
    idb "3.0.2"
    tslib "^2.1.0"

"@firebase/logger@0.2.6":
  version "0.2.6"
  resolved "https://registry.npmjs.org/@firebase/logger/-/logger-0.2.6.tgz"
  integrity sha512-KIxcUvW/cRGWlzK9Vd2KB864HlUnCfdTH0taHE0sXW5Xl7+W68suaeau1oKNEqmc3l45azkd4NzXTCWZRZdXrw==

"@firebase/messaging-types@0.5.0":
  version "0.5.0"
  resolved "https://registry.npmjs.org/@firebase/messaging-types/-/messaging-types-0.5.0.tgz"
  integrity sha512-QaaBswrU6umJYb/ZYvjR5JDSslCGOH6D9P136PhabFAHLTR4TWjsaACvbBXuvwrfCXu10DtcjMxqfhdNIB1Xfg==

"@firebase/messaging@0.7.8":
  version "0.7.8"
  resolved "https://registry.npmjs.org/@firebase/messaging/-/messaging-0.7.8.tgz"
  integrity sha512-rXYvVQPZd+rCMV7+/FgpvsHad0HuEhoyH5OQgYxeBgSsgFn6mOyvAtYcoCFjPTvTV5eyGH1I4hQtNOyY8zVzzg==
  dependencies:
    "@firebase/component" "0.4.0"
    "@firebase/installations" "0.4.24"
    "@firebase/messaging-types" "0.5.0"
    "@firebase/util" "0.4.1"
    idb "3.0.2"
    tslib "^2.1.0"

"@firebase/performance-types@0.0.13":
  version "0.0.13"
  resolved "https://registry.npmjs.org/@firebase/performance-types/-/performance-types-0.0.13.tgz"
  integrity sha512-6fZfIGjQpwo9S5OzMpPyqgYAUZcFzZxHFqOyNtorDIgNXq33nlldTL/vtaUZA8iT9TT5cJlCrF/jthKU7X21EA==

"@firebase/performance@0.4.10":
  version "0.4.10"
  resolved "https://registry.npmjs.org/@firebase/performance/-/performance-0.4.10.tgz"
  integrity sha512-gyAOd9Z/GVlLE5V8U5pVQDZpjr4Msdx5yJr7oQE/xkh6dNZGuYp5qJh1pAmJs2ZI8eMTs+j2bXJEMYk6w7ehRg==
  dependencies:
    "@firebase/component" "0.4.0"
    "@firebase/installations" "0.4.24"
    "@firebase/logger" "0.2.6"
    "@firebase/performance-types" "0.0.13"
    "@firebase/util" "0.4.1"
    tslib "^2.1.0"

"@firebase/polyfill@0.3.36":
  version "0.3.36"
  resolved "https://registry.npmjs.org/@firebase/polyfill/-/polyfill-0.3.36.tgz"
  integrity sha512-zMM9oSJgY6cT2jx3Ce9LYqb0eIpDE52meIzd/oe/y70F+v9u1LDqk5kUF5mf16zovGBWMNFmgzlsh6Wj0OsFtg==
  dependencies:
    core-js "3.6.5"
    promise-polyfill "8.1.3"
    whatwg-fetch "2.0.4"

"@firebase/remote-config-types@0.1.9":
  version "0.1.9"
  resolved "https://registry.npmjs.org/@firebase/remote-config-types/-/remote-config-types-0.1.9.tgz"
  integrity sha512-G96qnF3RYGbZsTRut7NBX0sxyczxt1uyCgXQuH/eAfUCngxjEGcZQnBdy6mvSdqdJh5mC31rWPO4v9/s7HwtzA==

"@firebase/remote-config@0.1.35":
  version "0.1.35"
  resolved "https://registry.npmjs.org/@firebase/remote-config/-/remote-config-0.1.35.tgz"
  integrity sha512-szhu48LTyb46S33hUR3sC4kiykEoc+B5M7HWWHhjp7Ne+524G8pH/9+/r9ZA8eVj48c5cihXyQKQ/6yCQotnUA==
  dependencies:
    "@firebase/component" "0.4.0"
    "@firebase/installations" "0.4.24"
    "@firebase/logger" "0.2.6"
    "@firebase/remote-config-types" "0.1.9"
    "@firebase/util" "0.4.1"
    tslib "^2.1.0"

"@firebase/storage-types@0.3.13":
  version "0.3.13"
  resolved "https://registry.npmjs.org/@firebase/storage-types/-/storage-types-0.3.13.tgz"
  integrity sha512-pL7b8d5kMNCCL0w9hF7pr16POyKkb3imOW7w0qYrhBnbyJTdVxMWZhb0HxCFyQWC0w3EiIFFmxoz8NTFZDEFog==

"@firebase/storage@0.4.7":
  version "0.4.7"
  resolved "https://registry.npmjs.org/@firebase/storage/-/storage-0.4.7.tgz"
  integrity sha512-5DFb+VncNBomPzpzYqJzzJjfiZhOWg0FHTBkw90K9OdE2wUfKqzhhbIAjyaXcu+2YLB2hjft8BKbjQfV5BDFnw==
  dependencies:
    "@firebase/component" "0.4.0"
    "@firebase/storage-types" "0.3.13"
    "@firebase/util" "0.4.1"
    tslib "^2.1.0"

"@firebase/util@0.4.1", "@firebase/util@0.x":
  version "0.4.1"
  resolved "https://registry.npmjs.org/@firebase/util/-/util-0.4.1.tgz"
  integrity sha512-XhYCOwq4AH+YeQBEnDQvigz50WiiBU4LnJh2+//VMt4J2Ybsk0eTgUHNngUzXsmp80EJrwal3ItODg55q1ajWg==
  dependencies:
    tslib "^2.1.0"

"@firebase/webchannel-wrapper@0.4.1":
  version "0.4.1"
  resolved "https://registry.npmjs.org/@firebase/webchannel-wrapper/-/webchannel-wrapper-0.4.1.tgz"
  integrity sha512-0yPjzuzGMkW1GkrC8yWsiN7vt1OzkMIi9HgxRmKREZl2wnNPOKo/yScTjXf/O57HM8dltqxPF6jlNLFVtc2qdw==

"@grpc/grpc-js@^1.0.0":
  version "1.9.3"
  resolved "https://registry.npmjs.org/@grpc/grpc-js/-/grpc-js-1.9.3.tgz"
  integrity sha512-b8iWtdrYIeT5fdZdS4Br/6h/kuk0PW5EVBUGk1amSbrpL8DlktJD43CdcCWwRdd6+jgwHhADSbL9CsNnm6EUPA==
  dependencies:
    "@grpc/proto-loader" "^0.7.8"
    "@types/node" ">=12.12.47"

"@grpc/proto-loader@^0.5.0":
  version "0.5.6"
  resolved "https://registry.npmjs.org/@grpc/proto-loader/-/proto-loader-0.5.6.tgz"
  integrity sha512-DT14xgw3PSzPxwS13auTEwxhMMOoz33DPUKNtmYK/QYbBSpLXJy78FGGs5yVoxVobEqPm4iW9MOIoz0A3bLTRQ==
  dependencies:
    lodash.camelcase "^4.3.0"
    protobufjs "^6.8.6"

"@grpc/proto-loader@^0.7.8":
  version "0.7.10"
  resolved "https://registry.npmjs.org/@grpc/proto-loader/-/proto-loader-0.7.10.tgz"
  integrity sha512-CAqDfoaQ8ykFd9zqBDn4k6iWT9loLAlc2ETmDFS9JCD70gDcnA4L3AFEo2iV7KyAtAAHFW9ftq1Fz+Vsgq80RQ==
  dependencies:
    lodash.camelcase "^4.3.0"
    long "^5.0.0"
    protobufjs "^7.2.4"
    yargs "^17.7.2"

"@protobufjs/aspromise@^1.1.1", "@protobufjs/aspromise@^1.1.2":
  version "1.1.2"
  resolved "https://registry.npmjs.org/@protobufjs/aspromise/-/aspromise-1.1.2.tgz"
  integrity sha512-j+gKExEuLmKwvz3OgROXtrJ2UG2x8Ch2YZUxahh+s1F2HZ+wAceUNLkvy6zKCPVRkU++ZWQrdxsUeQXmcg4uoQ==

"@protobufjs/base64@^1.1.2":
  version "1.1.2"
  resolved "https://registry.npmjs.org/@protobufjs/base64/-/base64-1.1.2.tgz"
  integrity sha512-AZkcAA5vnN/v4PDqKyMR5lx7hZttPDgClv83E//FMNhR2TMcLUhfRUBHCmSl0oi9zMgDDqRUJkSxO3wm85+XLg==

"@protobufjs/codegen@^2.0.4":
  version "2.0.4"
  resolved "https://registry.npmjs.org/@protobufjs/codegen/-/codegen-2.0.4.tgz"
  integrity sha512-YyFaikqM5sH0ziFZCN3xDC7zeGaB/d0IUb9CATugHWbd1FRFwWwt4ld4OYMPWu5a3Xe01mGAULCdqhMlPl29Jg==

"@protobufjs/eventemitter@^1.1.0":
  version "1.1.0"
  resolved "https://registry.npmjs.org/@protobufjs/eventemitter/-/eventemitter-1.1.0.tgz"
  integrity sha512-j9ednRT81vYJ9OfVuXG6ERSTdEL1xVsNgqpkxMsbIabzSo3goCjDIveeGv5d03om39ML71RdmrGNjG5SReBP/Q==

"@protobufjs/fetch@^1.1.0":
  version "1.1.0"
  resolved "https://registry.npmjs.org/@protobufjs/fetch/-/fetch-1.1.0.tgz"
  integrity sha512-lljVXpqXebpsijW71PZaCYeIcE5on1w5DlQy5WH6GLbFryLUrBD4932W/E2BSpfRJWseIL4v/KPgBFxDOIdKpQ==
  dependencies:
    "@protobufjs/aspromise" "^1.1.1"
    "@protobufjs/inquire" "^1.1.0"

"@protobufjs/float@^1.0.2":
  version "1.0.2"
  resolved "https://registry.npmjs.org/@protobufjs/float/-/float-1.0.2.tgz"
  integrity sha512-Ddb+kVXlXst9d+R9PfTIxh1EdNkgoRe5tOX6t01f1lYWOvJnSPDBlG241QLzcyPdoNTsblLUdujGSE4RzrTZGQ==

"@protobufjs/inquire@^1.1.0":
  version "1.1.0"
  resolved "https://registry.npmjs.org/@protobufjs/inquire/-/inquire-1.1.0.tgz"
  integrity sha512-kdSefcPdruJiFMVSbn801t4vFK7KB/5gd2fYvrxhuJYg8ILrmn9SKSX2tZdV6V+ksulWqS7aXjBcRXl3wHoD9Q==

"@protobufjs/path@^1.1.2":
  version "1.1.2"
  resolved "https://registry.npmjs.org/@protobufjs/path/-/path-1.1.2.tgz"
  integrity sha512-6JOcJ5Tm08dOHAbdR3GrvP+yUUfkjG5ePsHYczMFLq3ZmMkAD98cDgcT2iA1lJ9NVwFd4tH/iSSoe44YWkltEA==

"@protobufjs/pool@^1.1.0":
  version "1.1.0"
  resolved "https://registry.npmjs.org/@protobufjs/pool/-/pool-1.1.0.tgz"
  integrity sha512-0kELaGSIDBKvcgS4zkjz1PeddatrjYcmMWOlAuAPwAeccUrPHdUqo/J6LiymHHEiJT5NrF1UVwxY14f+fy4WQw==

"@protobufjs/utf8@^1.1.0":
  version "1.1.0"
  resolved "https://registry.npmjs.org/@protobufjs/utf8/-/utf8-1.1.0.tgz"
  integrity sha512-Vvn3zZrhQZkkBE8LSuW3em98c0FwgO4nxzv6OdSxPKJIEKY2bGbHn+mhGIPerzI4twdxaP8/0+06HBpwf345Lw==

"@sentry/browser@6.2.5":
  version "6.2.5"
  resolved "https://registry.npmjs.org/@sentry/browser/-/browser-6.2.5.tgz"
  integrity sha512-nlvaE+D7oaj4MxoY9ikw+krQDOjftnDYJQnOwOraXPk7KYM6YwmkakLuE+x/AkaH3FQVTQF330VAa9d6SWETlA==
  dependencies:
    "@sentry/core" "6.2.5"
    "@sentry/types" "6.2.5"
    "@sentry/utils" "6.2.5"
    tslib "^1.9.3"

"@sentry/core@6.2.5":
  version "6.2.5"
  resolved "https://registry.npmjs.org/@sentry/core/-/core-6.2.5.tgz"
  integrity sha512-I+AkgIFO6sDUoHQticP6I27TT3L+i6TUS03in3IEtpBcSeP2jyhlxI8l/wdA7gsBqUPdQ4GHOOaNgtFIcr8qag==
  dependencies:
    "@sentry/hub" "6.2.5"
    "@sentry/minimal" "6.2.5"
    "@sentry/types" "6.2.5"
    "@sentry/utils" "6.2.5"
    tslib "^1.9.3"

"@sentry/hub@6.2.5":
  version "6.2.5"
  resolved "https://registry.npmjs.org/@sentry/hub/-/hub-6.2.5.tgz"
  integrity sha512-YlEFdEhcfqpl2HC+/dWXBsBJEljyMzFS7LRRjCk8QANcOdp9PhwQjwebUB4/ulOBjHPP2WZk7fBBd/IKDasTUg==
  dependencies:
    "@sentry/types" "6.2.5"
    "@sentry/utils" "6.2.5"
    tslib "^1.9.3"

"@sentry/integrations@6.2.5":
  version "6.2.5"
  resolved "https://registry.npmjs.org/@sentry/integrations/-/integrations-6.2.5.tgz"
  integrity sha512-4LOgO8lSeGaRV4w1Y03YWtTqrZdm56ciD7k0GLhv+PcFLpiu0exsS1XSs/9vET5LB5GtIgBTeJNNbxVFvvmv8g==
  dependencies:
    "@sentry/types" "6.2.5"
    "@sentry/utils" "6.2.5"
    localforage "^1.8.1"
    tslib "^1.9.3"

"@sentry/minimal@6.2.5":
  version "6.2.5"
  resolved "https://registry.npmjs.org/@sentry/minimal/-/minimal-6.2.5.tgz"
  integrity sha512-RKP4Qx3p7Cv0oX1cPKAkNVFYM7p2k1t32cNk1+rrVQS4hwlJ7Eg6m6fsqsO+85jd6Ne/FnyYsfo9cDD3ImTlWQ==
  dependencies:
    "@sentry/hub" "6.2.5"
    "@sentry/types" "6.2.5"
    tslib "^1.9.3"

"@sentry/types@6.2.5":
  version "6.2.5"
  resolved "https://registry.npmjs.org/@sentry/types/-/types-6.2.5.tgz"
  integrity sha512-1Sux6CLYrV9bETMsGP/HuLFLouwKoX93CWzG8BjMueW+Di0OGxZphYjXrGuDs8xO8bAKEVGCHgVQdcB2jevS0w==

"@sentry/utils@6.2.5":
  version "6.2.5"
  resolved "https://registry.npmjs.org/@sentry/utils/-/utils-6.2.5.tgz"
  integrity sha512-fJoLUZHrd5MPylV1dT4qL74yNFDl1Ur/dab+pKNSyvnHPnbZ/LRM7aJ8VaRY/A7ZdpRowU+E14e/Yeem2c6gtQ==
  dependencies:
    "@sentry/types" "6.2.5"
    tslib "^1.9.3"

"@types/long@^4.0.1":
  version "4.0.2"
  resolved "https://registry.npmjs.org/@types/long/-/long-4.0.2.tgz"
  integrity sha512-MqTGEo5bj5t157U6fA/BiDynNkn0YknVdh48CMPkTSpFTVmvao5UQmm7uEF6xBEo7qIMAlY/JSleYaE6VOdpaA==

"@types/node@>=12.12.47", "@types/node@>=13.7.0":
  version "20.6.3"
  resolved "https://registry.npmjs.org/@types/node/-/node-20.6.3.tgz"
  integrity sha512-HksnYH4Ljr4VQgEy2lTStbCKv/P590tmPe5HqOnv9Gprffgv5WXAY+Y5Gqniu0GGqeTCUdBnzC3QSrzPkBkAMA==

"@types/socket.io-client@1.4.36":
  version "1.4.36"
  resolved "https://registry.npmjs.org/@types/socket.io-client/-/socket.io-client-1.4.36.tgz"
  integrity sha512-ZJWjtFBeBy1kRSYpVbeGYTElf6BqPQUkXDlHHD4k/42byCN5Rh027f4yARHCink9sKAkbtGZXEAmR0ZCnc2/Ag==

after@0.8.2:
  version "0.8.2"
  resolved "https://registry.npmjs.org/after/-/after-0.8.2.tgz"
  integrity sha512-QbJ0NTQ/I9DI3uSJA4cbexiwQeRAfjPScqIbSjUDd9TOrcg6pTkdgziesOqxBMBzit8vFCTwrP27t13vFOORRA==

ansi-regex@^5.0.1:
  version "5.0.1"
  resolved "https://registry.npmjs.org/ansi-regex/-/ansi-regex-5.0.1.tgz"
  integrity sha512-quJQXlTSUGL2LH9SUXo8VwsY4soanhgo6LNSm84E1LBcE8s3O0wpdiRzyR9z/ZZJMlMWv37qOOb9pdJlMUEKFQ==

ansi-styles@^4.0.0:
  version "4.3.0"
  resolved "https://registry.npmjs.org/ansi-styles/-/ansi-styles-4.3.0.tgz"
  integrity sha512-zbB9rCJAT1rbjiVDb2hqKFHNYLxgtk8NURxZ3IZwD3F6NtxbXZQCnnSi1Lkx+IDohdPlFp222wVALIheZJQSEg==
  dependencies:
    color-convert "^2.0.1"

arraybuffer.slice@~0.0.7:
  version "0.0.7"
  resolved "https://registry.npmjs.org/arraybuffer.slice/-/arraybuffer.slice-0.0.7.tgz"
  integrity sha512-wGUIVQXuehL5TCqQun8OW81jGzAWycqzFF8lFp+GOM5BXLYj3bKNsYC4daB7n6XjCqxQA/qgTJ+8ANR3acjrog==

async-limiter@~1.0.0:
  version "1.0.1"
  resolved "https://registry.npmjs.org/async-limiter/-/async-limiter-1.0.1.tgz"
  integrity sha512-csOlWGAcRFJaI6m+F2WKdnMKr4HhdhFVBk0H/QbJFMCr+uO2kwohwXQPxw/9OCxp05r5ghVBFSyioixx3gfkNQ==

backo2@1.0.2:
  version "1.0.2"
  resolved "https://registry.npmjs.org/backo2/-/backo2-1.0.2.tgz"
  integrity sha512-zj6Z6M7Eq+PBZ7PQxl5NT665MvJdAkzp0f60nAJ+sLaSCBPMwVak5ZegFbgVCzFcCJTKFoMizvM5Ld7+JrRJHA==

base64-arraybuffer@0.1.4:
  version "0.1.4"
  resolved "https://registry.npmjs.org/base64-arraybuffer/-/base64-arraybuffer-0.1.4.tgz"
  integrity sha512-a1eIFi4R9ySrbiMuyTGx5e92uRH5tQY6kArNcFaKBUleIoLjdjBg7Zxm3Mqm3Kmkf27HLR/1fnxX9q8GQ7Iavg==

blob@0.0.5:
  version "0.0.5"
  resolved "https://registry.npmjs.org/blob/-/blob-0.0.5.tgz"
  integrity sha512-gaqbzQPqOoamawKg0LGVd7SzLgXS+JH61oWprSLH+P+abTczqJbhTR8CmJ2u9/bUYNmHTGJx/UEmn6doAvvuig==

cliui@^8.0.1:
  version "8.0.1"
  resolved "https://registry.npmjs.org/cliui/-/cliui-8.0.1.tgz"
  integrity sha512-BSeNnyus75C4//NQ9gQt1/csTXyo/8Sb+afLAkzAptFuMsod9HFokGNudZpi/oQV73hnVK+sR+5PVRMd+Dr7YQ==
  dependencies:
    string-width "^4.2.0"
    strip-ansi "^6.0.1"
    wrap-ansi "^7.0.0"

color-convert@^2.0.1:
  version "2.0.1"
  resolved "https://registry.npmjs.org/color-convert/-/color-convert-2.0.1.tgz"
  integrity sha512-RRECPsj7iu/xb5oKYcsFHSppFNnsj/52OVTRKb4zP5onXwVF3zVmmToNcOfGC+CRDpfK/U584fMg38ZHCaElKQ==
  dependencies:
    color-name "~1.1.4"

color-name@~1.1.4:
  version "1.1.4"
  resolved "https://registry.npmjs.org/color-name/-/color-name-1.1.4.tgz"
  integrity sha512-dOy+3AuW3a2wNbZHIuMZpTcgjGuLU/uBL/ubcZF9OXbDo8ff4O8yVp5Bf0efS8uEoYo5q4Fx7dY9OgQGXgAsQA==

component-bind@1.0.0:
  version "1.0.0"
  resolved "https://registry.npmjs.org/component-bind/-/component-bind-1.0.0.tgz"
  integrity sha512-WZveuKPeKAG9qY+FkYDeADzdHyTYdIboXS59ixDeRJL5ZhxpqUnxSOwop4FQjMsiYm3/Or8cegVbpAHNA7pHxw==

component-emitter@~1.3.0:
  version "1.3.0"
  resolved "https://registry.npmjs.org/component-emitter/-/component-emitter-1.3.0.tgz"
  integrity sha512-Rd3se6QB+sO1TwqZjscQrurpEPIfO0/yYnSin6Q/rD3mOutHvUrCAhJub3r90uNb+SESBuE0QYoB90YdfatsRg==

component-inherit@0.0.3:
  version "0.0.3"
  resolved "https://registry.npmjs.org/component-inherit/-/component-inherit-0.0.3.tgz"
  integrity sha512-w+LhYREhatpVqTESyGFg3NlP6Iu0kEKUHETY9GoZP/pQyW4mHFZuFWRUCIqVPZ36ueVLtoOEZaAqbCF2RDndaA==

core-js@3.6.5:
  version "3.6.5"
  resolved "https://registry.npmjs.org/core-js/-/core-js-3.6.5.tgz"
  integrity sha512-vZVEEwZoIsI+vPEuoF9Iqf5H7/M3eeQqWlQnYa8FSKKePuYTf5MWnxb5SDAzCa60b3JBRS5g9b+Dq7b1y/RCrA==

debug@~3.1.0:
  version "3.1.0"
  resolved "https://registry.npmjs.org/debug/-/debug-3.1.0.tgz"
  integrity sha512-OX8XqP7/1a9cqkxYw2yXss15f26NKWBpDXQd0/uK/KPqdQhxbPa994hnzjcE2VqQpDslf55723cKPUOGSmMY3g==
  dependencies:
    ms "2.0.0"

dom-storage@2.1.0:
  version "2.1.0"
  resolved "https://registry.npmjs.org/dom-storage/-/dom-storage-2.1.0.tgz"
  integrity sha512-g6RpyWXzl0RR6OTElHKBl7nwnK87GUyZMYC7JWsB/IA73vpqK2K6LT39x4VepLxlSsWBFrPVLnsSR5Jyty0+2Q==

emoji-regex@^8.0.0:
  version "8.0.0"
  resolved "https://registry.npmjs.org/emoji-regex/-/emoji-regex-8.0.0.tgz"
  integrity sha512-MSjYzcWNOA0ewAHpz0MxpYFvwg6yjy1NG3xteoqz644VCo/RPgnr1/GGt+ic3iJTzQ8Eu3TdM14SawnVUmGE6A==

engine.io-client@~3.4.0:
  version "3.4.4"
  resolved "https://registry.npmjs.org/engine.io-client/-/engine.io-client-3.4.4.tgz"
  integrity sha512-iU4CRr38Fecj8HoZEnFtm2EiKGbYZcPn3cHxqNGl/tmdWRf60KhK+9vE0JeSjgnlS/0oynEfLgKbT9ALpim0sQ==
  dependencies:
    component-emitter "~1.3.0"
    component-inherit "0.0.3"
    debug "~3.1.0"
    engine.io-parser "~2.2.0"
    has-cors "1.1.0"
    indexof "0.0.1"
    parseqs "0.0.6"
    parseuri "0.0.6"
    ws "~6.1.0"
    xmlhttprequest-ssl "~1.5.4"
    yeast "0.1.2"

engine.io-parser@~2.2.0:
  version "2.2.1"
  resolved "https://registry.npmjs.org/engine.io-parser/-/engine.io-parser-2.2.1.tgz"
  integrity sha512-x+dN/fBH8Ro8TFwJ+rkB2AmuVw9Yu2mockR/p3W8f8YtExwFgDvBDi0GWyb4ZLkpahtDGZgtr3zLovanJghPqg==
  dependencies:
    after "0.8.2"
    arraybuffer.slice "~0.0.7"
    base64-arraybuffer "0.1.4"
    blob "0.0.5"
    has-binary2 "~1.0.2"

escalade@^3.1.1:
  version "3.1.1"
  resolved "https://registry.npmjs.org/escalade/-/escalade-3.1.1.tgz"
  integrity sha512-k0er2gUkLf8O0zKJiAhmkTnJlTvINGv7ygDNPbeIsX/TJjGJZHuh9B2UxbsaEkmlEo9MfhrSzmhIlhRlI2GXnw==

faye-websocket@0.11.3:
  version "0.11.3"
  resolved "https://registry.npmjs.org/faye-websocket/-/faye-websocket-0.11.3.tgz"
  integrity sha512-D2y4bovYpzziGgbHYtGCMjlJM36vAl/y+xUyn1C+FVx8szd1E+86KwVw6XvYSzOP8iMpm1X0I4xJD+QtUb36OA==
  dependencies:
    websocket-driver ">=0.5.1"

firebase@8.3.3:
  version "8.3.3"
  resolved "https://registry.npmjs.org/firebase/-/firebase-8.3.3.tgz"
  integrity sha512-eRkW7bD25aevlGwtCEsP53xBo5/Fi4wkxvfvmDW6R2/oSHjy+hVLkQILP4kQFFXgFL0LBjxIPOchXoQ5MUbTCA==
  dependencies:
    "@firebase/analytics" "0.6.8"
    "@firebase/app" "0.6.19"
    "@firebase/app-types" "0.6.2"
    "@firebase/auth" "0.16.4"
    "@firebase/database" "0.9.8"
    "@firebase/firestore" "2.2.3"
    "@firebase/functions" "0.6.6"
    "@firebase/installations" "0.4.24"
    "@firebase/messaging" "0.7.8"
    "@firebase/performance" "0.4.10"
    "@firebase/polyfill" "0.3.36"
    "@firebase/remote-config" "0.1.35"
    "@firebase/storage" "0.4.7"
    "@firebase/util" "0.4.1"

get-caller-file@^2.0.5:
  version "2.0.5"
  resolved "https://registry.npmjs.org/get-caller-file/-/get-caller-file-2.0.5.tgz"
  integrity sha512-DyFP3BM/3YHTQOCUL/w0OZHR0lpKeGrxotcHWcqNEdnltqFwXVfhEBQ94eIo34AfQpo0rGki4cyIiftY06h2Fg==

has-binary2@~1.0.2:
  version "1.0.3"
  resolved "https://registry.npmjs.org/has-binary2/-/has-binary2-1.0.3.tgz"
  integrity sha512-G1LWKhDSvhGeAQ8mPVQlqNcOB2sJdwATtZKl2pDKKHfpf/rYj24lkinxf69blJbnsvtqqNU+L3SL50vzZhXOnw==
  dependencies:
    isarray "2.0.1"

has-cors@1.1.0:
  version "1.1.0"
  resolved "https://registry.npmjs.org/has-cors/-/has-cors-1.1.0.tgz"
  integrity sha512-g5VNKdkFuUuVCP9gYfDJHjK2nqdQJ7aDLTnycnc2+RvsOQbuLdF5pm7vuE5J76SEBIQjs4kQY/BWq74JUmjbXA==

http-parser-js@>=0.5.1:
  version "0.5.8"
  resolved "https://registry.npmjs.org/http-parser-js/-/http-parser-js-0.5.8.tgz"
  integrity sha512-SGeBX54F94Wgu5RH3X5jsDtf4eHyRogWX1XGT3b4HuW3tQPM4AaBzoUji/4AAJNXCEOWZ5O0DgZmJw1947gD5Q==

i18next-browser-languagedetector@6.1.4:
  version "6.1.4"
  resolved "https://registry.npmjs.org/i18next-browser-languagedetector/-/i18next-browser-languagedetector-6.1.4.tgz"
  integrity sha512-wukWnFeU7rKIWT66VU5i8I+3Zc4wReGcuDK2+kuFhtoxBRGWGdvYI9UQmqNL/yQH1KogWwh+xGEaIPH8V/i2Zg==
  dependencies:
    "@babel/runtime" "^7.14.6"

idb-keyval@6.0.3:
  version "6.0.3"
  resolved "https://registry.npmjs.org/idb-keyval/-/idb-keyval-6.0.3.tgz"
  integrity sha512-yh8V7CnE6EQMu9YDwQXhRxwZh4nv+8xm/HV4ZqK4IiYFJBWYGjJuykADJbSP+F/GDXUBwCSSNn/14IpGL81TuA==
  dependencies:
    safari-14-idb-fix "^3.0.0"

idb@3.0.2:
  version "3.0.2"
  resolved "https://registry.npmjs.org/idb/-/idb-3.0.2.tgz"
  integrity sha512-+FLa/0sTXqyux0o6C+i2lOR0VoS60LU/jzUo5xjfY6+7sEEgy4Gz1O7yFBXvjd7N0NyIGWIRg8DcQSLEG+VSPw==

immediate@~3.0.5:
  version "3.0.6"
  resolved "https://registry.npmjs.org/immediate/-/immediate-3.0.6.tgz"
  integrity sha512-XXOFtyqDjNDAQxVfYxuF7g9Il/IbWmmlQg2MYKOH8ExIT1qg6xc4zyS3HaEEATgs1btfzxq15ciUiY7gjSXRGQ==

indexof@0.0.1:
  version "0.0.1"
  resolved "https://registry.npmjs.org/indexof/-/indexof-0.0.1.tgz"
  integrity sha512-i0G7hLJ1z0DE8dsqJa2rycj9dBmNKgXBvotXtZYXakU9oivfB9Uj2ZBC27qqef2U58/ZLwalxa1X/RDCdkHtVg==

is-fullwidth-code-point@^3.0.0:
  version "3.0.0"
  resolved "https://registry.npmjs.org/is-fullwidth-code-point/-/is-fullwidth-code-point-3.0.0.tgz"
  integrity sha512-zymm5+u+sCsSWyD9qNaejV3DFvhCKclKdizYaJUuHA83RLjb7nSuGnddCHGv0hk+KY7BMAlsWeK4Ueg6EV6XQg==

isarray@2.0.1:
  version "2.0.1"
  resolved "https://registry.npmjs.org/isarray/-/isarray-2.0.1.tgz"
  integrity sha512-c2cu3UxbI+b6kR3fy0nRnAhodsvR9dx7U5+znCOzdj6IfP3upFURTr0Xl5BlQZNKZjEtxrmVyfSdeE3O57smoQ==

lie@3.1.1:
  version "3.1.1"
  resolved "https://registry.npmjs.org/lie/-/lie-3.1.1.tgz"
  integrity sha512-RiNhHysUjhrDQntfYSfY4MU24coXXdEOgw9WGcKHNeEwffDYbF//u87M1EWaMGzuFoSbqW0C9C6lEEhDOAswfw==
  dependencies:
    immediate "~3.0.5"

localforage@^1.8.1:
  version "1.10.0"
  resolved "https://registry.npmjs.org/localforage/-/localforage-1.10.0.tgz"
  integrity sha512-14/H1aX7hzBBmmh7sGPd+AOMkkIrHM3Z1PAyGgZigA1H1p5O5ANnMyWzvpAETtG68/dC4pC0ncy3+PPGzXZHPg==
  dependencies:
    lie "3.1.1"

lodash.camelcase@^4.3.0:
  version "4.3.0"
  resolved "https://registry.npmjs.org/lodash.camelcase/-/lodash.camelcase-4.3.0.tgz"
  integrity sha512-TwuEnCnxbc3rAvhf/LbG7tJUDzhqXyFnv3dtzLOPgCG/hODL7WFnsbwktkD7yUV0RrreP/l1PALq/YSg6VvjlA==

long@^4.0.0:
  version "4.0.0"
  resolved "https://registry.npmjs.org/long/-/long-4.0.0.tgz"
  integrity sha512-XsP+KhQif4bjX1kbuSiySJFNAehNxgLb6hPRGJ9QsUr8ajHkuXGdrHmFUTUUXhDwVX2R5bY4JNZEwbUiMhV+MA==

long@^5.0.0:
  version "5.2.3"
  resolved "https://registry.npmjs.org/long/-/long-5.2.3.tgz"
  integrity sha512-lcHwpNoggQTObv5apGNCTdJrO69eHOZMi4BNC+rTLER8iHAqGrUVeLh/irVIM7zTw2bOXA8T6uNPeujwOLg/2Q==

ms@2.0.0:
  version "2.0.0"
  resolved "https://registry.npmjs.org/ms/-/ms-2.0.0.tgz"
  integrity sha512-Tpp60P6IUJDTuOq/5Z8cdskzJujfwqfOTkrwIwj7IRISpnkJnT6SyJ4PCPnGMoFjC9ddhal5KVIYtAt97ix05A==

node-fetch@2.6.1:
  version "2.6.1"
  resolved "https://registry.npmjs.org/node-fetch/-/node-fetch-2.6.1.tgz"
  integrity sha512-V4aYg89jEoVRxRb2fJdAg8FHvI7cEyYdVAh94HH0UIK8oJxUfkjlDQN9RbMx+bEjP7+ggMiFRprSti032Oipxw==

parseqs@0.0.6:
  version "0.0.6"
  resolved "https://registry.npmjs.org/parseqs/-/parseqs-0.0.6.tgz"
  integrity sha512-jeAGzMDbfSHHA091hr0r31eYfTig+29g3GKKE/PPbEQ65X0lmMwlEoqmhzu0iztID5uJpZsFlUPDP8ThPL7M8w==

parseuri@0.0.6:
  version "0.0.6"
  resolved "https://registry.npmjs.org/parseuri/-/parseuri-0.0.6.tgz"
  integrity sha512-AUjen8sAkGgao7UyCX6Ahv0gIK2fABKmYjvP4xmy5JaKvcbTRueIqIPHLAfq30xJddqSE033IOMUSOMCcK3Sow==

promise-polyfill@8.1.3:
  version "8.1.3"
  resolved "https://registry.npmjs.org/promise-polyfill/-/promise-polyfill-8.1.3.tgz"
  integrity sha512-MG5r82wBzh7pSKDRa9y+vllNHz3e3d4CNj1PQE4BQYxLme0gKYYBm9YENq+UkEikyZ0XbiGWxYlVw3Rl9O/U8g==

protobufjs@^6.8.6:
  version "6.11.4"
  resolved "https://registry.npmjs.org/protobufjs/-/protobufjs-6.11.4.tgz"
  integrity sha512-5kQWPaJHi1WoCpjTGszzQ32PG2F4+wRY6BmAT4Vfw56Q2FZ4YZzK20xUYQH4YkfehY1e6QSICrJquM6xXZNcrw==
  dependencies:
    "@protobufjs/aspromise" "^1.1.2"
    "@protobufjs/base64" "^1.1.2"
    "@protobufjs/codegen" "^2.0.4"
    "@protobufjs/eventemitter" "^1.1.0"
    "@protobufjs/fetch" "^1.1.0"
    "@protobufjs/float" "^1.0.2"
    "@protobufjs/inquire" "^1.1.0"
    "@protobufjs/path" "^1.1.2"
    "@protobufjs/pool" "^1.1.0"
    "@protobufjs/utf8" "^1.1.0"
    "@types/long" "^4.0.1"
    "@types/node" ">=13.7.0"
    long "^4.0.0"

protobufjs@^7.2.4:
  version "7.2.5"
  resolved "https://registry.npmjs.org/protobufjs/-/protobufjs-7.2.5.tgz"
  integrity sha512-gGXRSXvxQ7UiPgfw8gevrfRWcTlSbOFg+p/N+JVJEK5VhueL2miT6qTymqAmjr1Q5WbOCyJbyrk6JfWKwlFn6A==
  dependencies:
    "@protobufjs/aspromise" "^1.1.2"
    "@protobufjs/base64" "^1.1.2"
    "@protobufjs/codegen" "^2.0.4"
    "@protobufjs/eventemitter" "^1.1.0"
    "@protobufjs/fetch" "^1.1.0"
    "@protobufjs/float" "^1.0.2"
    "@protobufjs/inquire" "^1.1.0"
    "@protobufjs/path" "^1.1.2"
    "@protobufjs/pool" "^1.1.0"
    "@protobufjs/utf8" "^1.1.0"
    "@types/node" ">=13.7.0"
    long "^5.0.0"

regenerator-runtime@^0.14.0:
  version "0.14.0"
  resolved "https://registry.npmjs.org/regenerator-runtime/-/regenerator-runtime-0.14.0.tgz"
  integrity sha512-srw17NI0TUWHuGa5CFGGmhfNIeja30WMBfbslPNhf6JrqQlLN5gcrvig1oqPxiVaXb0oW0XRKtH6Nngs5lKCIA==

require-directory@^2.1.1:
  version "2.1.1"
  resolved "https://registry.npmjs.org/require-directory/-/require-directory-2.1.1.tgz"
  integrity sha512-fGxEI7+wsG9xrvdjsrlmL22OMTTiHRwAMroiEeMgq8gzoLC/PQr7RsRDSTLUg/bZAZtF+TVIkHc6/4RIKrui+Q==

safari-14-idb-fix@^3.0.0:
  version "3.0.0"
  resolved "https://registry.npmjs.org/safari-14-idb-fix/-/safari-14-idb-fix-3.0.0.tgz"
  integrity sha512-eBNFLob4PMq8JA1dGyFn6G97q3/WzNtFK4RnzT1fnLq+9RyrGknzYiM/9B12MnKAxuj1IXr7UKYtTNtjyKMBog==

safe-buffer@>=5.1.0:
  version "5.2.1"
  resolved "https://registry.npmjs.org/safe-buffer/-/safe-buffer-5.2.1.tgz"
  integrity sha512-rp3So07KcdmmKbGvgaNxQSJr7bGVSVk5S9Eq1F+ppbRo70+YeaDxkw5Dd8NPN+GD6bjnYm2VuPuCXmpuYvmCXQ==

socket.io-client@2.3.1:
  version "2.3.1"
  resolved "https://registry.npmjs.org/socket.io-client/-/socket.io-client-2.3.1.tgz"
  integrity sha512-YXmXn3pA8abPOY//JtYxou95Ihvzmg8U6kQyolArkIyLd0pgVhrfor/iMsox8cn07WCOOvvuJ6XKegzIucPutQ==
  dependencies:
    backo2 "1.0.2"
    component-bind "1.0.0"
    component-emitter "~1.3.0"
    debug "~3.1.0"
    engine.io-client "~3.4.0"
    has-binary2 "~1.0.2"
    indexof "0.0.1"
    parseqs "0.0.6"
    parseuri "0.0.6"
    socket.io-parser "~3.3.0"
    to-array "0.1.4"

socket.io-parser@~3.3.0:
  version "3.3.3"
  resolved "https://registry.npmjs.org/socket.io-parser/-/socket.io-parser-3.3.3.tgz"
  integrity sha512-qOg87q1PMWWTeO01768Yh9ogn7chB9zkKtQnya41Y355S0UmpXgpcrFwAgjYJxu9BdKug5r5e9YtVSeWhKBUZg==
  dependencies:
    component-emitter "~1.3.0"
    debug "~3.1.0"
    isarray "2.0.1"

string-width@^4.1.0, string-width@^4.2.0, string-width@^4.2.3:
  version "4.2.3"
  resolved "https://registry.npmjs.org/string-width/-/string-width-4.2.3.tgz"
  integrity sha512-wKyQRQpjJ0sIp62ErSZdGsjMJWsap5oRNihHhu6G7JVO/9jIB6UyevL+tXuOqrng8j/cxKTWyWUwvSTriiZz/g==
  dependencies:
    emoji-regex "^8.0.0"
    is-fullwidth-code-point "^3.0.0"
    strip-ansi "^6.0.1"

strip-ansi@^6.0.0, strip-ansi@^6.0.1:
  version "6.0.1"
  resolved "https://registry.npmjs.org/strip-ansi/-/strip-ansi-6.0.1.tgz"
  integrity sha512-Y38VPSHcqkFrCpFnQ9vuSXmquuv5oXOKpGeT6aGrr3o3Gc9AlVa6JBfUSOCnbxGGZF+/0ooI7KrPuUSztUdU5A==
  dependencies:
    ansi-regex "^5.0.1"

to-array@0.1.4:
  version "0.1.4"
  resolved "https://registry.npmjs.org/to-array/-/to-array-0.1.4.tgz"
  integrity sha512-LhVdShQD/4Mk4zXNroIQZJC+Ap3zgLcDuwEdcmLv9CCO73NWockQDwyUnW/m8VX/EElfL6FcYx7EeutN4HJA6A==

tslib@^1.9.3:
  version "1.14.1"
  resolved "https://registry.npmjs.org/tslib/-/tslib-1.14.1.tgz"
  integrity sha512-Xni35NKzjgMrwevysHTCArtLDpPvye8zV/0E4EyYn43P7/7qvQwPh9BGkHewbMulVntbigmcT7rdX3BNo9wRJg==

tslib@^2.1.0:
  version "2.6.2"
  resolved "https://registry.npmjs.org/tslib/-/tslib-2.6.2.tgz"
  integrity sha512-AEYxH93jGFPn/a2iVAwW87VuUIkR1FVUKB77NwMF7nBTDkDrrT/Hpt/IrCJ0QXhW27jTBDcf5ZY7w6RiqTMw2Q==

websocket-driver@>=0.5.1:
  version "0.7.4"
  resolved "https://registry.npmjs.org/websocket-driver/-/websocket-driver-0.7.4.tgz"
  integrity sha512-b17KeDIQVjvb0ssuSDF2cYXSg2iztliJ4B9WdsuB6J952qCPKmnVq4DyW5motImXHDC1cBT/1UezrJVsKw5zjg==
  dependencies:
    http-parser-js ">=0.5.1"
    safe-buffer ">=5.1.0"
    websocket-extensions ">=0.1.1"

websocket-extensions@>=0.1.1:
  version "0.1.4"
  resolved "https://registry.npmjs.org/websocket-extensions/-/websocket-extensions-0.1.4.tgz"
  integrity sha512-OqedPIGOfsDlo31UNwYbCFMSaO9m9G/0faIHj5/dZFDMFqPTcx6UwqyOy3COEaEOg/9VsGIpdqn62W5KhoKSpg==

whatwg-fetch@2.0.4:
  version "2.0.4"
  resolved "https://registry.npmjs.org/whatwg-fetch/-/whatwg-fetch-2.0.4.tgz"
  integrity sha512-dcQ1GWpOD/eEQ97k66aiEVpNnapVj90/+R+SXTPYGHpYBBypfKJEQjLrvMZ7YXbKm21gXd4NcuxUTjiv1YtLng==

wrap-ansi@^7.0.0:
  version "7.0.0"
  resolved "https://registry.npmjs.org/wrap-ansi/-/wrap-ansi-7.0.0.tgz"
  integrity sha512-YVGIj2kamLSTxw6NsZjoBxfSwsn0ycdesmc4p+Q21c5zPuZ1pl+NfxVdxPtdHvmNVOQ6XSYG4AUtyt/Fi7D16Q==
  dependencies:
    ansi-styles "^4.0.0"
    string-width "^4.1.0"
    strip-ansi "^6.0.0"

ws@~6.1.0:
  version "6.1.4"
  resolved "https://registry.npmjs.org/ws/-/ws-6.1.4.tgz"
  integrity sha512-eqZfL+NE/YQc1/ZynhojeV8q+H050oR8AZ2uIev7RU10svA9ZnJUddHcOUZTJLinZ9yEfdA2kSATS2qZK5fhJA==
  dependencies:
    async-limiter "~1.0.0"

xmlhttprequest-ssl@~1.5.4:
  version "1.5.5"
  resolved "https://registry.npmjs.org/xmlhttprequest-ssl/-/xmlhttprequest-ssl-1.5.5.tgz"
  integrity sha512-/bFPLUgJrfGUL10AIv4Y7/CUt6so9CLtB/oFxQSHseSDNNCdC6vwwKEqwLN6wNPBg9YWXAiMu8jkf6RPRS/75Q==

xmlhttprequest@1.8.0:
  version "1.8.0"
  resolved "https://registry.npmjs.org/xmlhttprequest/-/xmlhttprequest-1.8.0.tgz"
  integrity sha512-58Im/U0mlVBLM38NdZjHyhuMtCqa61469k2YP/AaPbvCoV9aQGUpbJBj1QRm2ytRiVQBD/fsw7L2bJGDVQswBA==

y18n@^5.0.5:
  version "5.0.8"
  resolved "https://registry.npmjs.org/y18n/-/y18n-5.0.8.tgz"
  integrity sha512-0pfFzegeDWJHJIAmTLRP2DwHjdF5s7jo9tuztdQxAhINCdvS+3nGINqPd00AphqJR/0LhANUS6/+7SCb98YOfA==

yargs-parser@^21.1.1:
  version "21.1.1"
  resolved "https://registry.npmjs.org/yargs-parser/-/yargs-parser-21.1.1.tgz"
  integrity sha512-tVpsJW7DdjecAiFpbIB1e3qxIQsE6NoPc5/eTdrbbIC4h0LVsWhnoa3g+m2HclBIujHzsxZ4VJVA+GUuc2/LBw==

yargs@^17.7.2:
  version "17.7.2"
  resolved "https://registry.npmjs.org/yargs/-/yargs-17.7.2.tgz"
  integrity sha512-7dSzzRQ++CKnNI/krKnYRV7JKKPUXMEh61soaHKg9mrWEhzFWhFnxPxGl+69cD1Ou63C13NUPCnmIcrvqCuM6w==
  dependencies:
    cliui "^8.0.1"
    escalade "^3.1.1"
    get-caller-file "^2.0.5"
    require-directory "^2.1.1"
    string-width "^4.2.3"
    y18n "^5.0.5"
    yargs-parser "^21.1.1"

yeast@0.1.2:
  version "0.1.2"
  resolved "https://registry.npmjs.org/yeast/-/yeast-0.1.2.tgz"
  integrity sha512-8HFIh676uyGYP6wP13R/j6OJ/1HwJ46snpvzE7aHAN3Ryqh2yX6Xox2B4CUmTwwOIzlG3Bs7ocsP5dZH/R1Qbg==
